
Microsoft Visual Studio Solution File, Format Version 12.00
# Visual Studio Version 17
VisualStudioVersion = 17.5.33627.172
MinimumVisualStudioVersion = 10.0.40219.1
Project("{2150E333-8FDC-42A3-9474-1A3956D46DE8}") = "BACK", "BACK", "{9A88ACE1-E08A-4650-93AD-A84642F274BB}"
EndProject
Project("{2150E333-8FDC-42A3-9474-1A3956D46DE8}") = "SPR", "SPR", "{FEBCC389-15E9-45D8-894D-D105A725441A}"
EndProject
Project("{2150E333-8FDC-42A3-9474-1A3956D46DE8}") = "GSM00100", "GSM00100", "{806DD40D-0D09-44F7-A304-C547B7FF5878}"
EndProject
Project("{2150E333-8FDC-42A3-9474-1A3956D46DE8}") = "COMMON", "COMMON", "{FA3B4DBA-EFD5-431A-B5F8-074975E4D91B}"
EndProject
Project("{2150E333-8FDC-42A3-9474-1A3956D46DE8}") = "SERVICE", "SERVICE", "{3F304EDC-E2D8-4A01-B168-01114FDF0335}"
EndProject
Project("{2150E333-8FDC-42A3-9474-1A3956D46DE8}") = "API", "API", "{C3EAE219-7C8B-4C0B-B9AA-C36E59A59874}"
EndProject
Project("{9A19103F-16F7-4668-BE54-9A1E7A4F7556}") = "BIMASAKTI_GS_API", "API\GS\BIMASAKTI_GS_API\BIMASAKTI_GS_API.csproj", "{B39B82B8-79EA-4E46-A0E6-773A908ED7E1}"
EndProject
Project("{778DAE3C-4631-46EA-AA77-85C1314464D9}") = "R_SecurityTokenBack", "BACK\GS\R_SecurityTokenBack\R_SecurityTokenBack.vbproj", "{8292E015-42AC-4180-BA4D-127210A5ED67}"
EndProject
Project("{778DAE3C-4631-46EA-AA77-85C1314464D9}") = "R_SecurityTokenCommon", "COMMON\GS\R_SecurityTokenCommon\R_SecurityTokenCommon.vbproj", "{A89F6408-4284-47DE-AF66-EFA5EEDC282A}"
EndProject
Project("{FAE04EC0-301F-11D3-BF4B-00C04F79EFBC}") = "R_SecurityTokenService", "SERVICE\GS\R_SecurityTokenService\R_SecurityTokenService.csproj", "{0897E7AD-C406-407C-9292-F4FD4EF33FBC}"
EndProject
Project("{778DAE3C-4631-46EA-AA77-85C1314464D9}") = "R_SecurityPolicyBack", "BACK\GS\R_SecurityPolicyBack\R_SecurityPolicyBack.vbproj", "{3599AACB-2501-46F8-8537-5C02B2429F03}"
EndProject
Project("{778DAE3C-4631-46EA-AA77-85C1314464D9}") = "R_SecurityPolicyCommon", "COMMON\GS\R_SecurityPolicyCommon\R_SecurityPolicyCommon.vbproj", "{4C79EBF6-8281-4F29-97F0-7C633690548F}"
EndProject
Project("{FAE04EC0-301F-11D3-BF4B-00C04F79EFBC}") = "R_SecurityPolicyService", "SERVICE\GS\R_SecurityPolicyService\R_SecurityPolicyService.csproj", "{8D885199-C202-488D-A12B-692CEB1049ED}"
EndProject
Project("{778DAE3C-4631-46EA-AA77-85C1314464D9}") = "BlazorMenuCommon", "COMMON\GS\BlazorMenuCommon\BlazorMenuCommon.vbproj", "{E1A1C36B-6C10-49D7-95F9-7261B2351064}"
EndProject
Project("{778DAE3C-4631-46EA-AA77-85C1314464D9}") = "BlazorMenuBack", "BACK\GS\BlazorMenuBack\BlazorMenuBack.vbproj", "{2C7A0F14-A204-4408-833C-332123EDF634}"
EndProject
Project("{FAE04EC0-301F-11D3-BF4B-00C04F79EFBC}") = "BlazorMenuService", "SERVICE\GS\BlazorMenuService\BlazorMenuService.csproj", "{8A5CA6A5-94DF-40B0-9661-081AEC0AA723}"
EndProject
Project("{778DAE3C-4631-46EA-AA77-85C1314464D9}") = "GSM00100Back", "BACK\GS\GSM00100Back\GSM00100Back.vbproj", "{6CE6BF64-0EFA-4F80-9733-76DA715AC016}"
EndProject
Project("{778DAE3C-4631-46EA-AA77-85C1314464D9}") = "GSM00100Common", "COMMON\GS\GSM00100Common\GSM00100Common.vbproj", "{98AFD3EF-6404-4E53-A6D1-609D75BA607A}"
EndProject
Project("{FAE04EC0-301F-11D3-BF4B-00C04F79EFBC}") = "GSM00100Service", "SERVICE\GS\GSM00100Service\GSM00100Service.csproj", "{319C9ECB-4FDC-4005-ADBB-F6EFA1F6F840}"
EndProject
Global
	GlobalSection(SolutionConfigurationPlatforms) = preSolution
		Debug|Any CPU = Debug|Any CPU
		Release|Any CPU = Release|Any CPU
	EndGlobalSection
	GlobalSection(ProjectConfigurationPlatforms) = postSolution
		{B39B82B8-79EA-4E46-A0E6-773A908ED7E1}.Debug|Any CPU.ActiveCfg = Debug|Any CPU
		{B39B82B8-79EA-4E46-A0E6-773A908ED7E1}.Debug|Any CPU.Build.0 = Debug|Any CPU
		{B39B82B8-79EA-4E46-A0E6-773A908ED7E1}.Release|Any CPU.ActiveCfg = Release|Any CPU
		{B39B82B8-79EA-4E46-A0E6-773A908ED7E1}.Release|Any CPU.Build.0 = Release|Any CPU
		{8292E015-42AC-4180-BA4D-127210A5ED67}.Debug|Any CPU.ActiveCfg = Debug|Any CPU
		{8292E015-42AC-4180-BA4D-127210A5ED67}.Debug|Any CPU.Build.0 = Debug|Any CPU
		{8292E015-42AC-4180-BA4D-127210A5ED67}.Release|Any CPU.ActiveCfg = Release|Any CPU
		{8292E015-42AC-4180-BA4D-127210A5ED67}.Release|Any CPU.Build.0 = Release|Any CPU
		{A89F6408-4284-47DE-AF66-EFA5EEDC282A}.Debug|Any CPU.ActiveCfg = Debug|Any CPU
		{A89F6408-4284-47DE-AF66-EFA5EEDC282A}.Debug|Any CPU.Build.0 = Debug|Any CPU
		{A89F6408-4284-47DE-AF66-EFA5EEDC282A}.Release|Any CPU.ActiveCfg = Release|Any CPU
		{A89F6408-4284-47DE-AF66-EFA5EEDC282A}.Release|Any CPU.Build.0 = Release|Any CPU
		{0897E7AD-C406-407C-9292-F4FD4EF33FBC}.Debug|Any CPU.ActiveCfg = Debug|Any CPU
		{0897E7AD-C406-407C-9292-F4FD4EF33FBC}.Debug|Any CPU.Build.0 = Debug|Any CPU
		{0897E7AD-C406-407C-9292-F4FD4EF33FBC}.Release|Any CPU.ActiveCfg = Release|Any CPU
		{0897E7AD-C406-407C-9292-F4FD4EF33FBC}.Release|Any CPU.Build.0 = Release|Any CPU
		{3599AACB-2501-46F8-8537-5C02B2429F03}.Debug|Any CPU.ActiveCfg = Debug|Any CPU
		{3599AACB-2501-46F8-8537-5C02B2429F03}.Debug|Any CPU.Build.0 = Debug|Any CPU
		{3599AACB-2501-46F8-8537-5C02B2429F03}.Release|Any CPU.ActiveCfg = Release|Any CPU
		{3599AACB-2501-46F8-8537-5C02B2429F03}.Release|Any CPU.Build.0 = Release|Any CPU
		{4C79EBF6-8281-4F29-97F0-7C633690548F}.Debug|Any CPU.ActiveCfg = Debug|Any CPU
		{4C79EBF6-8281-4F29-97F0-7C633690548F}.Debug|Any CPU.Build.0 = Debug|Any CPU
		{4C79EBF6-8281-4F29-97F0-7C633690548F}.Release|Any CPU.ActiveCfg = Release|Any CPU
		{4C79EBF6-8281-4F29-97F0-7C633690548F}.Release|Any CPU.Build.0 = Release|Any CPU
		{8D885199-C202-488D-A12B-692CEB1049ED}.Debug|Any CPU.ActiveCfg = Debug|Any CPU
		{8D885199-C202-488D-A12B-692CEB1049ED}.Debug|Any CPU.Build.0 = Debug|Any CPU
		{8D885199-C202-488D-A12B-692CEB1049ED}.Release|Any CPU.ActiveCfg = Release|Any CPU
		{8D885199-C202-488D-A12B-692CEB1049ED}.Release|Any CPU.Build.0 = Release|Any CPU
		{E1A1C36B-6C10-49D7-95F9-7261B2351064}.Debug|Any CPU.ActiveCfg = Debug|Any CPU
		{E1A1C36B-6C10-49D7-95F9-7261B2351064}.Debug|Any CPU.Build.0 = Debug|Any CPU
		{E1A1C36B-6C10-49D7-95F9-7261B2351064}.Release|Any CPU.ActiveCfg = Release|Any CPU
		{E1A1C36B-6C10-49D7-95F9-7261B2351064}.Release|Any CPU.Build.0 = Release|Any CPU
		{2C7A0F14-A204-4408-833C-332123EDF634}.Debug|Any CPU.ActiveCfg = Debug|Any CPU
		{2C7A0F14-A204-4408-833C-332123EDF634}.Debug|Any CPU.Build.0 = Debug|Any CPU
		{2C7A0F14-A204-4408-833C-332123EDF634}.Release|Any CPU.ActiveCfg = Release|Any CPU
		{2C7A0F14-A204-4408-833C-332123EDF634}.Release|Any CPU.Build.0 = Release|Any CPU
		{8A5CA6A5-94DF-40B0-9661-081AEC0AA723}.Debug|Any CPU.ActiveCfg = Debug|Any CPU
		{8A5CA6A5-94DF-40B0-9661-081AEC0AA723}.Debug|Any CPU.Build.0 = Debug|Any CPU
		{8A5CA6A5-94DF-40B0-9661-081AEC0AA723}.Release|Any CPU.ActiveCfg = Release|Any CPU
		{8A5CA6A5-94DF-40B0-9661-081AEC0AA723}.Release|Any CPU.Build.0 = Release|Any CPU
		{6CE6BF64-0EFA-4F80-9733-76DA715AC016}.Debug|Any CPU.ActiveCfg = Debug|Any CPU
		{6CE6BF64-0EFA-4F80-9733-76DA715AC016}.Debug|Any CPU.Build.0 = Debug|Any CPU
		{6CE6BF64-0EFA-4F80-9733-76DA715AC016}.Release|Any CPU.ActiveCfg = Release|Any CPU
		{6CE6BF64-0EFA-4F80-9733-76DA715AC016}.Release|Any CPU.Build.0 = Release|Any CPU
		{98AFD3EF-6404-4E53-A6D1-609D75BA607A}.Debug|Any CPU.ActiveCfg = Debug|Any CPU
		{98AFD3EF-6404-4E53-A6D1-609D75BA607A}.Debug|Any CPU.Build.0 = Debug|Any CPU
		{98AFD3EF-6404-4E53-A6D1-609D75BA607A}.Release|Any CPU.ActiveCfg = Release|Any CPU
		{98AFD3EF-6404-4E53-A6D1-609D75BA607A}.Release|Any CPU.Build.0 = Release|Any CPU
		{319C9ECB-4FDC-4005-ADBB-F6EFA1F6F840}.Debug|Any CPU.ActiveCfg = Debug|Any CPU
		{319C9ECB-4FDC-4005-ADBB-F6EFA1F6F840}.Debug|Any CPU.Build.0 = Debug|Any CPU
		{319C9ECB-4FDC-4005-ADBB-F6EFA1F6F840}.Release|Any CPU.ActiveCfg = Release|Any CPU
		{319C9ECB-4FDC-4005-ADBB-F6EFA1F6F840}.Release|Any CPU.Build.0 = Release|Any CPU
	EndGlobalSection
	GlobalSection(SolutionProperties) = preSolution
		HideSolutionNode = FALSE
	EndGlobalSection
	GlobalSection(NestedProjects) = preSolution
		{806DD40D-0D09-44F7-A304-C547B7FF5878} = {9A88ACE1-E08A-4650-93AD-A84642F274BB}
		{B39B82B8-79EA-4E46-A0E6-773A908ED7E1} = {C3EAE219-7C8B-4C0B-B9AA-C36E59A59874}
		{8292E015-42AC-4180-BA4D-127210A5ED67} = {9A88ACE1-E08A-4650-93AD-A84642F274BB}
		{A89F6408-4284-47DE-AF66-EFA5EEDC282A} = {FA3B4DBA-EFD5-431A-B5F8-074975E4D91B}
		{0897E7AD-C406-407C-9292-F4FD4EF33FBC} = {3F304EDC-E2D8-4A01-B168-01114FDF0335}
		{3599AACB-2501-46F8-8537-5C02B2429F03} = {9A88ACE1-E08A-4650-93AD-A84642F274BB}
		{4C79EBF6-8281-4F29-97F0-7C633690548F} = {FA3B4DBA-EFD5-431A-B5F8-074975E4D91B}
		{8D885199-C202-488D-A12B-692CEB1049ED} = {3F304EDC-E2D8-4A01-B168-01114FDF0335}
		{E1A1C36B-6C10-49D7-95F9-7261B2351064} = {FA3B4DBA-EFD5-431A-B5F8-074975E4D91B}
		{2C7A0F14-A204-4408-833C-332123EDF634} = {9A88ACE1-E08A-4650-93AD-A84642F274BB}
		{8A5CA6A5-94DF-40B0-9661-081AEC0AA723} = {3F304EDC-E2D8-4A01-B168-01114FDF0335}
		{6CE6BF64-0EFA-4F80-9733-76DA715AC016} = {806DD40D-0D09-44F7-A304-C547B7FF5878}
		{98AFD3EF-6404-4E53-A6D1-609D75BA607A} = {FA3B4DBA-EFD5-431A-B5F8-074975E4D91B}
		{319C9ECB-4FDC-4005-ADBB-F6EFA1F6F840} = {3F304EDC-E2D8-4A01-B168-01114FDF0335}
	EndGlobalSection
	GlobalSection(ExtensibilityGlobals) = postSolution
		SolutionGuid = {6A751E6C-1C1A-4FEE-8275-65D8FEC8B542}
	EndGlobalSection
EndGlobal
