
Microsoft Visual Studio Solution File, Format Version 12.00
# Visual Studio Version 17
VisualStudioVersion = 17.5.33627.172
MinimumVisualStudioVersion = 10.0.40219.1
Project("{2150E333-8FDC-42A3-9474-1A3956D46DE8}") = "BACK", "BACK", "{9A88ACE1-E08A-4650-93AD-A84642F274BB}"
EndProject
Project("{9A19103F-16F7-4668-BE54-9A1E7A4F7556}") = "GSM00100Back", "BACK\GS\GSM00100Back\GSM00100Back.csproj", "{B5A5DD48-C9EC-4D20-AA57-E3AEE6A49B00}"
EndProject
Project("{9A19103F-16F7-4668-BE54-9A1E7A4F7556}") = "GSM00100BackResources", "BACK\GS\GSM00100BackResources\GSM00100BackResources.csproj", "{EC5FC5B1-5728-4BF1-BE46-1CFA9B03FFCF}"
EndProject
Project("{2150E333-8FDC-42A3-9474-1A3956D46DE8}") = "SPR", "SPR", "{FEBCC389-15E9-45D8-894D-D105A725441A}"
EndProject
Project("{9A19103F-16F7-4668-BE54-9A1E7A4F7556}") = "RSP_CHECKIN_CLIENT_REGResources", "BACK\SPR\RSP_CHECKIN_CLIENT_REGResources\RSP_CHECKIN_CLIENT_REGResources.csproj", "{7B8DD946-DA49-4E6A-9322-18DCFC823861}"
EndProject
Project("{2150E333-8FDC-42A3-9474-1A3956D46DE8}") = "GSM00100", "GSM00100", "{806DD40D-0D09-44F7-A304-C547B7FF5878}"
EndProject
Project("{2150E333-8FDC-42A3-9474-1A3956D46DE8}") = "GSM00110", "GSM00110", "{A8CEA048-4604-448A-BB81-06A130B09C91}"
EndProject
Project("{9A19103F-16F7-4668-BE54-9A1E7A4F7556}") = "GSM00110Back", "BACK\GS\GSM00110Back\GSM00110Back.csproj", "{AA1C3E54-7980-49E8-BD81-6D5CC8340A79}"
EndProject
Project("{2150E333-8FDC-42A3-9474-1A3956D46DE8}") = "COMMON", "COMMON", "{FA3B4DBA-EFD5-431A-B5F8-074975E4D91B}"
EndProject
Project("{9A19103F-16F7-4668-BE54-9A1E7A4F7556}") = "GSM00100Common", "COMMON\GS\GSM00100Common\GSM00100Common.csproj", "{47E07C2C-C67B-4003-8947-1AD3E22C2303}"
EndProject
Project("{9A19103F-16F7-4668-BE54-9A1E7A4F7556}") = "GSM00110Common", "COMMON\GS\GSM00110Common\GSM00110Common.csproj", "{87917698-D858-4BA9-91AC-7D14EE33A7DD}"
EndProject
Project("{2150E333-8FDC-42A3-9474-1A3956D46DE8}") = "SERVICE", "SERVICE", "{3F304EDC-E2D8-4A01-B168-01114FDF0335}"
EndProject
Project("{9A19103F-16F7-4668-BE54-9A1E7A4F7556}") = "GSM00100Service", "SERVICE\GS\GSM00100Service\GSM00100Service.csproj", "{7670688A-8AD0-41A5-A7AA-210D1FB8BDB1}"
EndProject
Project("{9A19103F-16F7-4668-BE54-9A1E7A4F7556}") = "GSM00110Service", "SERVICE\GS\GSM00110Service\GSM00110Service.csproj", "{8244CB19-2C9C-453F-8863-925CC4507F32}"
EndProject
Project("{2150E333-8FDC-42A3-9474-1A3956D46DE8}") = "API", "API", "{C3EAE219-7C8B-4C0B-B9AA-C36E59A59874}"
EndProject
Project("{9A19103F-16F7-4668-BE54-9A1E7A4F7556}") = "BIMASAKTI_GS_API", "API\GS\BIMASAKTI_GS_API\BIMASAKTI_GS_API.csproj", "{B39B82B8-79EA-4E46-A0E6-773A908ED7E1}"
EndProject
Project("{9A19103F-16F7-4668-BE54-9A1E7A4F7556}") = "BIMASAKTI_GL_API", "API\GL\BIMASAKTI_GL_API\BIMASAKTI_GL_API.csproj", "{68192572-1933-4869-A86B-691BAAD0158F}"
EndProject
Project("{FAE04EC0-301F-11D3-BF4B-00C04F79EFBC}") = "GSM02000Common", "COMMON\GS\GSM02000Common\GSM02000Common.csproj", "{DB85A2AF-B8B7-4CDA-A913-BBF211DB7E7D}"
EndProject
Project("{2150E333-8FDC-42A3-9474-1A3956D46DE8}") = "GSM02000", "GSM02000", "{BBC3CA94-B387-42F4-83BC-8F30B493A819}"
EndProject
Project("{FAE04EC0-301F-11D3-BF4B-00C04F79EFBC}") = "GSM02000Back", "BACK\GS\GSM02000Back\GSM02000Back.csproj", "{E8B79C90-3E18-42B3-8927-999DED2A8E09}"
EndProject
Global
	GlobalSection(SolutionConfigurationPlatforms) = preSolution
		Debug|Any CPU = Debug|Any CPU
		Release|Any CPU = Release|Any CPU
	EndGlobalSection
	GlobalSection(ProjectConfigurationPlatforms) = postSolution
		{B5A5DD48-C9EC-4D20-AA57-E3AEE6A49B00}.Debug|Any CPU.ActiveCfg = Debug|Any CPU
		{B5A5DD48-C9EC-4D20-AA57-E3AEE6A49B00}.Debug|Any CPU.Build.0 = Debug|Any CPU
		{B5A5DD48-C9EC-4D20-AA57-E3AEE6A49B00}.Release|Any CPU.ActiveCfg = Release|Any CPU
		{B5A5DD48-C9EC-4D20-AA57-E3AEE6A49B00}.Release|Any CPU.Build.0 = Release|Any CPU
		{EC5FC5B1-5728-4BF1-BE46-1CFA9B03FFCF}.Debug|Any CPU.ActiveCfg = Debug|Any CPU
		{EC5FC5B1-5728-4BF1-BE46-1CFA9B03FFCF}.Debug|Any CPU.Build.0 = Debug|Any CPU
		{EC5FC5B1-5728-4BF1-BE46-1CFA9B03FFCF}.Release|Any CPU.ActiveCfg = Release|Any CPU
		{EC5FC5B1-5728-4BF1-BE46-1CFA9B03FFCF}.Release|Any CPU.Build.0 = Release|Any CPU
		{7B8DD946-DA49-4E6A-9322-18DCFC823861}.Debug|Any CPU.ActiveCfg = Debug|Any CPU
		{7B8DD946-DA49-4E6A-9322-18DCFC823861}.Debug|Any CPU.Build.0 = Debug|Any CPU
		{7B8DD946-DA49-4E6A-9322-18DCFC823861}.Release|Any CPU.ActiveCfg = Release|Any CPU
		{7B8DD946-DA49-4E6A-9322-18DCFC823861}.Release|Any CPU.Build.0 = Release|Any CPU
		{AA1C3E54-7980-49E8-BD81-6D5CC8340A79}.Debug|Any CPU.ActiveCfg = Debug|Any CPU
		{AA1C3E54-7980-49E8-BD81-6D5CC8340A79}.Debug|Any CPU.Build.0 = Debug|Any CPU
		{AA1C3E54-7980-49E8-BD81-6D5CC8340A79}.Release|Any CPU.ActiveCfg = Release|Any CPU
		{AA1C3E54-7980-49E8-BD81-6D5CC8340A79}.Release|Any CPU.Build.0 = Release|Any CPU
		{47E07C2C-C67B-4003-8947-1AD3E22C2303}.Debug|Any CPU.ActiveCfg = Debug|Any CPU
		{47E07C2C-C67B-4003-8947-1AD3E22C2303}.Debug|Any CPU.Build.0 = Debug|Any CPU
		{47E07C2C-C67B-4003-8947-1AD3E22C2303}.Release|Any CPU.ActiveCfg = Release|Any CPU
		{47E07C2C-C67B-4003-8947-1AD3E22C2303}.Release|Any CPU.Build.0 = Release|Any CPU
		{87917698-D858-4BA9-91AC-7D14EE33A7DD}.Debug|Any CPU.ActiveCfg = Debug|Any CPU
		{87917698-D858-4BA9-91AC-7D14EE33A7DD}.Debug|Any CPU.Build.0 = Debug|Any CPU
		{87917698-D858-4BA9-91AC-7D14EE33A7DD}.Release|Any CPU.ActiveCfg = Release|Any CPU
		{87917698-D858-4BA9-91AC-7D14EE33A7DD}.Release|Any CPU.Build.0 = Release|Any CPU
		{7670688A-8AD0-41A5-A7AA-210D1FB8BDB1}.Debug|Any CPU.ActiveCfg = Debug|Any CPU
		{7670688A-8AD0-41A5-A7AA-210D1FB8BDB1}.Debug|Any CPU.Build.0 = Debug|Any CPU
		{7670688A-8AD0-41A5-A7AA-210D1FB8BDB1}.Release|Any CPU.ActiveCfg = Release|Any CPU
		{7670688A-8AD0-41A5-A7AA-210D1FB8BDB1}.Release|Any CPU.Build.0 = Release|Any CPU
		{8244CB19-2C9C-453F-8863-925CC4507F32}.Debug|Any CPU.ActiveCfg = Debug|Any CPU
		{8244CB19-2C9C-453F-8863-925CC4507F32}.Debug|Any CPU.Build.0 = Debug|Any CPU
		{8244CB19-2C9C-453F-8863-925CC4507F32}.Release|Any CPU.ActiveCfg = Release|Any CPU
		{8244CB19-2C9C-453F-8863-925CC4507F32}.Release|Any CPU.Build.0 = Release|Any CPU
		{B39B82B8-79EA-4E46-A0E6-773A908ED7E1}.Debug|Any CPU.ActiveCfg = Debug|Any CPU
		{B39B82B8-79EA-4E46-A0E6-773A908ED7E1}.Debug|Any CPU.Build.0 = Debug|Any CPU
		{B39B82B8-79EA-4E46-A0E6-773A908ED7E1}.Release|Any CPU.ActiveCfg = Release|Any CPU
		{B39B82B8-79EA-4E46-A0E6-773A908ED7E1}.Release|Any CPU.Build.0 = Release|Any CPU
		{68192572-1933-4869-A86B-691BAAD0158F}.Debug|Any CPU.ActiveCfg = Debug|Any CPU
		{68192572-1933-4869-A86B-691BAAD0158F}.Debug|Any CPU.Build.0 = Debug|Any CPU
		{68192572-1933-4869-A86B-691BAAD0158F}.Release|Any CPU.ActiveCfg = Release|Any CPU
		{68192572-1933-4869-A86B-691BAAD0158F}.Release|Any CPU.Build.0 = Release|Any CPU
		{DB85A2AF-B8B7-4CDA-A913-BBF211DB7E7D}.Debug|Any CPU.ActiveCfg = Debug|Any CPU
		{DB85A2AF-B8B7-4CDA-A913-BBF211DB7E7D}.Debug|Any CPU.Build.0 = Debug|Any CPU
		{DB85A2AF-B8B7-4CDA-A913-BBF211DB7E7D}.Release|Any CPU.ActiveCfg = Release|Any CPU
		{DB85A2AF-B8B7-4CDA-A913-BBF211DB7E7D}.Release|Any CPU.Build.0 = Release|Any CPU
		{E8B79C90-3E18-42B3-8927-999DED2A8E09}.Debug|Any CPU.ActiveCfg = Debug|Any CPU
		{E8B79C90-3E18-42B3-8927-999DED2A8E09}.Debug|Any CPU.Build.0 = Debug|Any CPU
		{E8B79C90-3E18-42B3-8927-999DED2A8E09}.Release|Any CPU.ActiveCfg = Release|Any CPU
		{E8B79C90-3E18-42B3-8927-999DED2A8E09}.Release|Any CPU.Build.0 = Release|Any CPU
	EndGlobalSection
	GlobalSection(SolutionProperties) = preSolution
		HideSolutionNode = FALSE
	EndGlobalSection
	GlobalSection(NestedProjects) = preSolution
		{B5A5DD48-C9EC-4D20-AA57-E3AEE6A49B00} = {806DD40D-0D09-44F7-A304-C547B7FF5878}
		{EC5FC5B1-5728-4BF1-BE46-1CFA9B03FFCF} = {806DD40D-0D09-44F7-A304-C547B7FF5878}
		{7B8DD946-DA49-4E6A-9322-18DCFC823861} = {FEBCC389-15E9-45D8-894D-D105A725441A}
		{806DD40D-0D09-44F7-A304-C547B7FF5878} = {9A88ACE1-E08A-4650-93AD-A84642F274BB}
		{A8CEA048-4604-448A-BB81-06A130B09C91} = {9A88ACE1-E08A-4650-93AD-A84642F274BB}
		{AA1C3E54-7980-49E8-BD81-6D5CC8340A79} = {A8CEA048-4604-448A-BB81-06A130B09C91}
		{47E07C2C-C67B-4003-8947-1AD3E22C2303} = {FA3B4DBA-EFD5-431A-B5F8-074975E4D91B}
		{87917698-D858-4BA9-91AC-7D14EE33A7DD} = {FA3B4DBA-EFD5-431A-B5F8-074975E4D91B}
		{7670688A-8AD0-41A5-A7AA-210D1FB8BDB1} = {3F304EDC-E2D8-4A01-B168-01114FDF0335}
		{8244CB19-2C9C-453F-8863-925CC4507F32} = {3F304EDC-E2D8-4A01-B168-01114FDF0335}
		{B39B82B8-79EA-4E46-A0E6-773A908ED7E1} = {C3EAE219-7C8B-4C0B-B9AA-C36E59A59874}
		{68192572-1933-4869-A86B-691BAAD0158F} = {C3EAE219-7C8B-4C0B-B9AA-C36E59A59874}
		{DB85A2AF-B8B7-4CDA-A913-BBF211DB7E7D} = {FA3B4DBA-EFD5-431A-B5F8-074975E4D91B}
		{BBC3CA94-B387-42F4-83BC-8F30B493A819} = {9A88ACE1-E08A-4650-93AD-A84642F274BB}
		{E8B79C90-3E18-42B3-8927-999DED2A8E09} = {BBC3CA94-B387-42F4-83BC-8F30B493A819}
	EndGlobalSection
	GlobalSection(ExtensibilityGlobals) = postSolution
		SolutionGuid = {6A751E6C-1C1A-4FEE-8275-65D8FEC8B542}
	EndGlobalSection
EndGlobal
