
Microsoft Visual Studio Solution File, Format Version 12.00
# Visual Studio Version 17
VisualStudioVersion = 17.5.33627.172
MinimumVisualStudioVersion = 10.0.40219.1
Project("{2150E333-8FDC-42A3-9474-1A3956D46DE8}") = "FRONT", "FRONT", "{9BD97A2C-C82E-4BBB-8BF5-E82C5821EDD7}"
EndProject
Project("{9A19103F-16F7-4668-BE54-9A1E7A4F7556}") = "GSM00100Front", "FRONT\GS\GSM00100Front\GSM00100Front.csproj", "{A58F7056-B3A1-4432-A746-F63B7AD97592}"
EndProject
Project("{9A19103F-16F7-4668-BE54-9A1E7A4F7556}") = "GSM00110Front", "FRONT\GS\GSM00110Front\GSM00110Front.csproj", "{22754E10-ACD0-46BD-80E7-04F5FD4E7AF3}"
EndProject
Project("{9A19103F-16F7-4668-BE54-9A1E7A4F7556}") = "GSM00100FrontResources", "FRONT\GS\GSM00100FrontResources\GSM00100FrontResources.csproj", "{22D960E4-A12E-45BC-8068-B62EB7FA8A06}"
EndProject
Project("{2150E333-8FDC-42A3-9474-1A3956D46DE8}") = "GSM00100", "GSM00100", "{994AF07D-B0DC-410E-A0CB-B67BB7D496F5}"
EndProject
Project("{9A19103F-16F7-4668-BE54-9A1E7A4F7556}") = "GSM00100Model", "FRONT\GS\GSM00100Model\GSM00100Model.csproj", "{49FDB30F-6034-474C-AA04-2D35F386A8EE}"
EndProject
Project("{2150E333-8FDC-42A3-9474-1A3956D46DE8}") = "MENU", "MENU", "{1BB944C9-68E3-4F02-BDC0-5A4C7571308D}"
EndProject
Project("{9A19103F-16F7-4668-BE54-9A1E7A4F7556}") = "BlazorClientHelper", "Menu\BlazorClientHelper\BlazorClientHelper.csproj", "{2FD89E72-7B96-44D2-934F-8F0BF5B2E96E}"
EndProject
Project("{9A19103F-16F7-4668-BE54-9A1E7A4F7556}") = "BlazorMenu", "Menu\BlazorMenu\BlazorMenu.csproj", "{4B2085F9-C333-4E98-A1E6-0888172C9267}"
EndProject
Project("{778DAE3C-4631-46EA-AA77-85C1314464D9}") = "BlazorMenuCommon", "Menu\BlazorMenuCommon\BlazorMenuCommon.vbproj", "{E734D409-DAF4-4EFA-90E2-AFF28E814C26}"
EndProject
Project("{FAE04EC0-301F-11D3-BF4B-00C04F79EFBC}") = "GSM03000Front", "FRONT\GS\GSM03000Front\GSM03000Front.csproj", "{6BE4E982-08F2-452B-BA7F-2DA18D4673A7}"
EndProject
Global
	GlobalSection(SolutionConfigurationPlatforms) = preSolution
		Debug|Any CPU = Debug|Any CPU
		Release|Any CPU = Release|Any CPU
	EndGlobalSection
	GlobalSection(ProjectConfigurationPlatforms) = postSolution
		{A58F7056-B3A1-4432-A746-F63B7AD97592}.Debug|Any CPU.ActiveCfg = Debug|Any CPU
		{A58F7056-B3A1-4432-A746-F63B7AD97592}.Debug|Any CPU.Build.0 = Debug|Any CPU
		{A58F7056-B3A1-4432-A746-F63B7AD97592}.Release|Any CPU.ActiveCfg = Release|Any CPU
		{A58F7056-B3A1-4432-A746-F63B7AD97592}.Release|Any CPU.Build.0 = Release|Any CPU
		{22754E10-ACD0-46BD-80E7-04F5FD4E7AF3}.Debug|Any CPU.ActiveCfg = Debug|Any CPU
		{22754E10-ACD0-46BD-80E7-04F5FD4E7AF3}.Debug|Any CPU.Build.0 = Debug|Any CPU
		{22754E10-ACD0-46BD-80E7-04F5FD4E7AF3}.Release|Any CPU.ActiveCfg = Release|Any CPU
		{22754E10-ACD0-46BD-80E7-04F5FD4E7AF3}.Release|Any CPU.Build.0 = Release|Any CPU
		{22D960E4-A12E-45BC-8068-B62EB7FA8A06}.Debug|Any CPU.ActiveCfg = Debug|Any CPU
		{22D960E4-A12E-45BC-8068-B62EB7FA8A06}.Debug|Any CPU.Build.0 = Debug|Any CPU
		{22D960E4-A12E-45BC-8068-B62EB7FA8A06}.Release|Any CPU.ActiveCfg = Release|Any CPU
		{22D960E4-A12E-45BC-8068-B62EB7FA8A06}.Release|Any CPU.Build.0 = Release|Any CPU
		{49FDB30F-6034-474C-AA04-2D35F386A8EE}.Debug|Any CPU.ActiveCfg = Debug|Any CPU
		{49FDB30F-6034-474C-AA04-2D35F386A8EE}.Debug|Any CPU.Build.0 = Debug|Any CPU
		{49FDB30F-6034-474C-AA04-2D35F386A8EE}.Release|Any CPU.ActiveCfg = Release|Any CPU
		{49FDB30F-6034-474C-AA04-2D35F386A8EE}.Release|Any CPU.Build.0 = Release|Any CPU
		{2FD89E72-7B96-44D2-934F-8F0BF5B2E96E}.Debug|Any CPU.ActiveCfg = Debug|Any CPU
		{2FD89E72-7B96-44D2-934F-8F0BF5B2E96E}.Debug|Any CPU.Build.0 = Debug|Any CPU
		{2FD89E72-7B96-44D2-934F-8F0BF5B2E96E}.Release|Any CPU.ActiveCfg = Release|Any CPU
		{2FD89E72-7B96-44D2-934F-8F0BF5B2E96E}.Release|Any CPU.Build.0 = Release|Any CPU
		{4B2085F9-C333-4E98-A1E6-0888172C9267}.Debug|Any CPU.ActiveCfg = Debug|Any CPU
		{4B2085F9-C333-4E98-A1E6-0888172C9267}.Debug|Any CPU.Build.0 = Debug|Any CPU
		{4B2085F9-C333-4E98-A1E6-0888172C9267}.Release|Any CPU.ActiveCfg = Release|Any CPU
		{4B2085F9-C333-4E98-A1E6-0888172C9267}.Release|Any CPU.Build.0 = Release|Any CPU
		{E734D409-DAF4-4EFA-90E2-AFF28E814C26}.Debug|Any CPU.ActiveCfg = Debug|Any CPU
		{E734D409-DAF4-4EFA-90E2-AFF28E814C26}.Debug|Any CPU.Build.0 = Debug|Any CPU
		{E734D409-DAF4-4EFA-90E2-AFF28E814C26}.Release|Any CPU.ActiveCfg = Release|Any CPU
		{E734D409-DAF4-4EFA-90E2-AFF28E814C26}.Release|Any CPU.Build.0 = Release|Any CPU
		{6BE4E982-08F2-452B-BA7F-2DA18D4673A7}.Debug|Any CPU.ActiveCfg = Debug|Any CPU
		{6BE4E982-08F2-452B-BA7F-2DA18D4673A7}.Debug|Any CPU.Build.0 = Debug|Any CPU
		{6BE4E982-08F2-452B-BA7F-2DA18D4673A7}.Release|Any CPU.ActiveCfg = Release|Any CPU
		{6BE4E982-08F2-452B-BA7F-2DA18D4673A7}.Release|Any CPU.Build.0 = Release|Any CPU
	EndGlobalSection
	GlobalSection(SolutionProperties) = preSolution
		HideSolutionNode = FALSE
	EndGlobalSection
	GlobalSection(NestedProjects) = preSolution
		{A58F7056-B3A1-4432-A746-F63B7AD97592} = {994AF07D-B0DC-410E-A0CB-B67BB7D496F5}
		{22754E10-ACD0-46BD-80E7-04F5FD4E7AF3} = {9BD97A2C-C82E-4BBB-8BF5-E82C5821EDD7}
		{22D960E4-A12E-45BC-8068-B62EB7FA8A06} = {994AF07D-B0DC-410E-A0CB-B67BB7D496F5}
		{994AF07D-B0DC-410E-A0CB-B67BB7D496F5} = {9BD97A2C-C82E-4BBB-8BF5-E82C5821EDD7}
		{49FDB30F-6034-474C-AA04-2D35F386A8EE} = {994AF07D-B0DC-410E-A0CB-B67BB7D496F5}
		{2FD89E72-7B96-44D2-934F-8F0BF5B2E96E} = {1BB944C9-68E3-4F02-BDC0-5A4C7571308D}
		{4B2085F9-C333-4E98-A1E6-0888172C9267} = {1BB944C9-68E3-4F02-BDC0-5A4C7571308D}
		{E734D409-DAF4-4EFA-90E2-AFF28E814C26} = {1BB944C9-68E3-4F02-BDC0-5A4C7571308D}
		{6BE4E982-08F2-452B-BA7F-2DA18D4673A7} = {9BD97A2C-C82E-4BBB-8BF5-E82C5821EDD7}
	EndGlobalSection
	GlobalSection(ExtensibilityGlobals) = postSolution
		SolutionGuid = {E7B78B5E-8DE2-4C73-8F18-FA540EDE69D7}
	EndGlobalSection
EndGlobal
