
Microsoft Visual Studio Solution File, Format Version 12.00
# Visual Studio Version 17
VisualStudioVersion = 17.5.33627.172
MinimumVisualStudioVersion = 10.0.40219.1
Project("{2150E333-8FDC-42A3-9474-1A3956D46DE8}") = "FRONT", "FRONT", "{9BD97A2C-C82E-4BBB-8BF5-E82C5821EDD7}"
EndProject
Project("{2150E333-8FDC-42A3-9474-1A3956D46DE8}") = "API", "API", "{3AAACED3-6089-48BE-A6C1-BD469564C1C1}"
EndProject
Project("{2150E333-8FDC-42A3-9474-1A3956D46DE8}") = "BACK", "BACK", "{F0D48D8E-3A3A-4BFE-BC34-494BFA7FA2F4}"
EndProject
Project("{2150E333-8FDC-42A3-9474-1A3956D46DE8}") = "COMMON", "COMMON", "{389242E5-A435-4EC4-A0F6-A06960EFC8FE}"
EndProject
Project("{2150E333-8FDC-42A3-9474-1A3956D46DE8}") = "SPR", "SPR", "{B8DB1CBE-E8A2-4E92-AA21-7318C29C477B}"
EndProject
Project("{2150E333-8FDC-42A3-9474-1A3956D46DE8}") = "SERVICE", "SERVICE", "{98841562-AF5E-41BB-B3D7-7A18DFC8C593}"
EndProject
Project("{2150E333-8FDC-42A3-9474-1A3956D46DE8}") = "QUERY", "QUERY", "{6A222C0D-6365-4C6D-97E3-72ECC138F4C2}"
	ProjectSection(SolutionItems) = preProject
		..\..\..\..\..\..\repos\BS Program\SOURCE\LMM04500.sql = ..\..\..\..\..\..\repos\BS Program\SOURCE\LMM04500.sql
		..\..\..\..\..\..\repos\BS Program\SOURCE\LMT05000.sql = ..\..\..\..\..\..\repos\BS Program\SOURCE\LMT05000.sql
	EndProjectSection
EndProject
Project("{2150E333-8FDC-42A3-9474-1A3956D46DE8}") = "GFF_FRONT", "GFF_FRONT", "{798F6C7A-DFC1-4862-B2D4-A0ECE088E700}"
EndProject
Project("{2150E333-8FDC-42A3-9474-1A3956D46DE8}") = "GS_Lookup", "GS_Lookup", "{53B1A7FC-E666-4A13-9256-04D19C4B3041}"
EndProject
Project("{2150E333-8FDC-42A3-9474-1A3956D46DE8}") = "GS_Lookup", "GS_Lookup", "{4004B275-DDC3-4E81-9E39-C050FA454C0F}"
EndProject
Project("{2150E333-8FDC-42A3-9474-1A3956D46DE8}") = "GS_Lookup", "GS_Lookup", "{B69EF8C3-63A6-42F6-AE1A-6844E599C6FC}"
EndProject
Project("{2150E333-8FDC-42A3-9474-1A3956D46DE8}") = "GFF_Approval", "GFF_Approval", "{B5FF952D-EFC5-4AAC-9D49-CCB3CB190495}"
EndProject
Project("{9A19103F-16F7-4668-BE54-9A1E7A4F7556}") = "BIMASAKTI_GS_API", "..\BS Program\SOURCE\API\GS\BIMASAKTI_GS_API\BIMASAKTI_GS_API.csproj", "{2A093F3B-155F-480C-AC45-F2EA18C9D420}"
EndProject
Project("{9A19103F-16F7-4668-BE54-9A1E7A4F7556}") = "GFF00900COMMON", "..\BS Shared Form\SOURCE\BACK\GFF00900COMMON\GFF00900COMMON.csproj", "{8E237260-BD8C-4A17-A6C1-E753C557A756}"
EndProject
Project("{9A19103F-16F7-4668-BE54-9A1E7A4F7556}") = "Lookup_GSCOMMON", "..\BS Shared Form\SOURCE\BACK\Lookup_GSCOMMON\Lookup_GSCOMMON.csproj", "{2843A5CA-605B-403E-A23B-7D36A303B77F}"
EndProject
Project("{2150E333-8FDC-42A3-9474-1A3956D46DE8}") = "GFF -Approval", "GFF -Approval", "{64E7A1AA-DF1B-437B-BB15-55636888B772}"
EndProject
Project("{9A19103F-16F7-4668-BE54-9A1E7A4F7556}") = "GFF00900BACK", "..\BS Shared Form\SOURCE\BACK\GFF00900BACK\GFF00900BACK.csproj", "{F07213B0-6041-402B-88A3-DAEC1F607DB6}"
EndProject
Project("{9A19103F-16F7-4668-BE54-9A1E7A4F7556}") = "Lookup_GSBACK", "..\BS Shared Form\SOURCE\BACK\Lookup_GSBACK\Lookup_GSBACK.csproj", "{EBC1BBE6-F25D-4C40-AAE1-099FF1DC4D9A}"
EndProject
Project("{9A19103F-16F7-4668-BE54-9A1E7A4F7556}") = "GFF00900BackResources", "..\BS Shared Form\SOURCE\BACK\GFF00900BackResources\GFF00900BackResources.csproj", "{DDCFAEC6-8572-4D30-9FA5-CB7CEA563C93}"
EndProject
Project("{9A19103F-16F7-4668-BE54-9A1E7A4F7556}") = "Lookup_GSBackResources", "..\BS Shared Form\SOURCE\BACK\Lookup_GSBackResources\Lookup_GSBackResources.csproj", "{4AB7253C-0E24-4082-9335-703822E83A2C}"
EndProject
Project("{9A19103F-16F7-4668-BE54-9A1E7A4F7556}") = "GFF00900SERVICES", "..\BS Shared Form\SOURCE\SERVICES\GFF00900SERVICES\GFF00900SERVICES.csproj", "{62885A24-88ED-4FD1-9BA7-B40BCFE721CC}"
EndProject
Project("{9A19103F-16F7-4668-BE54-9A1E7A4F7556}") = "Lookup_GSSERVICES", "..\BS Shared Form\SOURCE\SERVICES\Lookup_GSSERVICES\Lookup_GSSERVICES.csproj", "{7BA5CCFC-66DF-4EEC-A8F3-C7BD6F7E3060}"
EndProject
Project("{9A19103F-16F7-4668-BE54-9A1E7A4F7556}") = "GFF00900FRONT", "..\BS Shared Form\SOURCE\FRONT\GFF00900FRONT\GFF00900FRONT.csproj", "{0D0742DD-5EC3-4127-9C65-D63FC96AF31D}"
EndProject
Project("{9A19103F-16F7-4668-BE54-9A1E7A4F7556}") = "GFF00900FrontResources", "..\BS Shared Form\SOURCE\FRONT\GFF00900FrontResources\GFF00900FrontResources.csproj", "{32F74F6F-6DC0-45E0-B228-7F4E2BF84145}"
EndProject
Project("{9A19103F-16F7-4668-BE54-9A1E7A4F7556}") = "GFF00900Model", "..\BS Shared Form\SOURCE\FRONT\GFF00900Model\GFF00900Model.csproj", "{12160B9D-5895-4E41-8D01-CDE0E2D6EA95}"
EndProject
Project("{9A19103F-16F7-4668-BE54-9A1E7A4F7556}") = "Lookup_GSFRONT", "..\BS Shared Form\SOURCE\FRONT\Lookup_GSFRONT\Lookup_GSFRONT.csproj", "{AC3AA49E-D254-48E2-A562-5DEE7DCB6977}"
EndProject
Project("{9A19103F-16F7-4668-BE54-9A1E7A4F7556}") = "Lookup_GSFrontResources", "..\BS Shared Form\SOURCE\FRONT\Lookup_GSFrontResources\Lookup_GSFrontResources.csproj", "{4C86BAC2-2C27-441B-8372-34421190E223}"
EndProject
Project("{9A19103F-16F7-4668-BE54-9A1E7A4F7556}") = "Lookup_GSModel", "..\BS Shared Form\SOURCE\FRONT\Lookup_GSModel\Lookup_GSModel.csproj", "{7D54B6AA-D512-428D-B519-BB76635DFCA9}"
EndProject
Project("{9A19103F-16F7-4668-BE54-9A1E7A4F7556}") = "BlazorMenu", "..\SYSTEM\SOURCE\Menu\BlazorMenu\BlazorMenu.csproj", "{97BD28EB-E918-401E-B3A5-60250B012CC8}"
EndProject
Project("{2150E333-8FDC-42A3-9474-1A3956D46DE8}") = "DESIGN", "DESIGN", "{6A508D70-C636-4BCE-9AD0-808156C6ACCF}"
EndProject
Project("{9A19103F-16F7-4668-BE54-9A1E7A4F7556}") = "DesignFormPM", "..\BS Program\SOURCE\DESIGN\DesignFormPM\DesignFormPM.csproj", "{DAC61FD2-8919-4E17-A2B3-24884206A226}"
EndProject
Project("{2150E333-8FDC-42A3-9474-1A3956D46DE8}") = "GLT00100 - Journal Entries", "GLT00100 - Journal Entries", "{070B5A4C-1C5D-427C-9D53-A871CB099B4A}"
EndProject
Project("{2150E333-8FDC-42A3-9474-1A3956D46DE8}") = "GLM00200 - Recurring Journal", "GLM00200 - Recurring Journal", "{D7229928-CEFC-45AC-AF31-5502ACB26FAB}"
EndProject
Project("{9A19103F-16F7-4668-BE54-9A1E7A4F7556}") = "GLM00200Common", "..\BS Program\SOURCE\COMMON\GL\GLM00200COMMON\GLM00200Common.csproj", "{165A9E00-9C41-42B7-BDE9-FC6295296AA1}"
EndProject
Project("{2150E333-8FDC-42A3-9474-1A3956D46DE8}") = "GLTR00100 - Print Journal", "GLTR00100 - Print Journal", "{23240D00-C50B-42F4-9203-5B8373C4D3C2}"
EndProject
Project("{9A19103F-16F7-4668-BE54-9A1E7A4F7556}") = "GLT00100COMMON", "..\BS Program\SOURCE\COMMON\GL\GLT00100COMMON\GLT00100COMMON.csproj", "{86C4030A-38A1-4013-A151-B6CFD336DBD4}"
EndProject
Project("{9A19103F-16F7-4668-BE54-9A1E7A4F7556}") = "GLTR00100COMMON", "..\BS Program\SOURCE\COMMON\GL\GLTR00100COMMON\GLTR00100COMMON.csproj", "{3D32FFAC-F438-4A28-87E9-D05DDD3E8E81}"
EndProject
Project("{9A19103F-16F7-4668-BE54-9A1E7A4F7556}") = "BIMASAKTI_CB_API", "..\BS Program\SOURCE\API\CB\BIMASAKTI_CB_API\BIMASAKTI_CB_API.csproj", "{F5F78B87-DFFB-4C13-AD9C-61D76E950215}"
EndProject
Project("{2150E333-8FDC-42A3-9474-1A3956D46DE8}") = "CBT01100 - Wire receipt transaction journal", "CBT01100 - Wire receipt transaction journal", "{B7323DF7-93A2-477B-AE5B-DA7A327BD928}"
EndProject
Project("{9A19103F-16F7-4668-BE54-9A1E7A4F7556}") = "CBT01100COMMON", "..\BS Program\SOURCE\COMMON\CB\CBT01100COMMON\CBT01100COMMON.csproj", "{3398D190-B2FA-4271-BEAE-56BDE05114C6}"
EndProject
Project("{2150E333-8FDC-42A3-9474-1A3956D46DE8}") = "CBT01100 - Wire receipt transaction journal", "CBT01100 - Wire receipt transaction journal", "{E2519872-DE16-4B58-A70D-AF2183C9E04D}"
EndProject
Project("{9A19103F-16F7-4668-BE54-9A1E7A4F7556}") = "CBT01100BACK", "..\BS Program\SOURCE\BACK\CB\CBT01100BACK\CBT01100BACK.csproj", "{B820C264-9906-4D27-88F4-52DF3279B1A7}"
EndProject
Project("{9A19103F-16F7-4668-BE54-9A1E7A4F7556}") = "CBT01100BackResources", "..\BS Program\SOURCE\BACK\CB\CBT01100BackResources\CBT01100BackResources.csproj", "{DC3CED67-212B-4157-BFA6-5DBEC1B22ED4}"
EndProject
Project("{9A19103F-16F7-4668-BE54-9A1E7A4F7556}") = "RSP_CB_UPDATE_TRANS_HD_STATUSResources", "..\BS Program\SOURCE\BACK\CB\CB_SPR\RSP_CB_UPDATE_TRANS_HD_STATUSResources\RSP_CB_UPDATE_TRANS_HD_STATUSResources.csproj", "{DEA7F505-8620-4084-A10D-6E9DA614BFAC}"
EndProject
Project("{9A19103F-16F7-4668-BE54-9A1E7A4F7556}") = "RSP_CB_DELETE_TRANS_JRNResources", "..\BS Program\SOURCE\BACK\CB\CB_SPR\RSP_CB_DELETE_TRANS_JRNResources\RSP_CB_DELETE_TRANS_JRNResources.csproj", "{2C91FE19-74A6-4A47-8681-59C852DD0235}"
EndProject
Project("{9A19103F-16F7-4668-BE54-9A1E7A4F7556}") = "RSP_CB_SAVE_CA_WT_JOURNALResources", "..\BS Program\SOURCE\BACK\CB\CB_SPR\RSP_CB_SAVE_CA_WT_JOURNALResources\RSP_CB_SAVE_CA_WT_JOURNALResources.csproj", "{B08CA5B6-2F06-48F7-8E05-090240067BF2}"
EndProject
Project("{9A19103F-16F7-4668-BE54-9A1E7A4F7556}") = "RSP_CB_SAVE_TRANS_JRNResources", "..\BS Program\SOURCE\BACK\CB\CB_SPR\RSP_CB_SAVE_TRANS_JRNResources\RSP_CB_SAVE_TRANS_JRNResources.csproj", "{044078A1-C899-4006-9732-43DF5ED72E3A}"
EndProject
Project("{9A19103F-16F7-4668-BE54-9A1E7A4F7556}") = "CBT01100SERVICE", "..\BS Program\SOURCE\SERVICE\CB\CBT01100SERVICE\CBT01100SERVICE.csproj", "{1A271C57-C236-4231-8BC9-6E0A73314E59}"
EndProject
Project("{2150E333-8FDC-42A3-9474-1A3956D46DE8}") = "CBT01100 - Wire receipt transaction journal", "CBT01100 - Wire receipt transaction journal", "{A1DB9675-B5ED-4377-9811-1417877B2AE6}"
EndProject
Project("{9A19103F-16F7-4668-BE54-9A1E7A4F7556}") = "CBT01100MODEL", "..\BS Program\SOURCE\FRONT\CBT01100MODEL\CBT01100MODEL.csproj", "{7ECD378C-4938-4086-AA22-ECF5E88CC916}"
EndProject
Project("{9A19103F-16F7-4668-BE54-9A1E7A4F7556}") = "CBT01100FrontResources", "..\BS Program\SOURCE\FRONT\CBT01100FrontResources\CBT01100FrontResources.csproj", "{BB56A814-6C0E-4BD0-B7E7-BA9999AFF294}"
EndProject
Project("{9A19103F-16F7-4668-BE54-9A1E7A4F7556}") = "CBT01100FRONT", "..\BS Program\SOURCE\FRONT\CBT01100FRONT\CBT01100FRONT.csproj", "{8D9B9058-3F85-44D9-BEA6-9B77E9B91F4C}"
EndProject
Project("{2150E333-8FDC-42A3-9474-1A3956D46DE8}") = "CBR00600", "CBR00600", "{B06CF2EC-88CC-4FBE-AAC8-340941AB4874}"
EndProject
Project("{FAE04EC0-301F-11D3-BF4B-00C04F79EFBC}") = "CBR00600FRONT", "..\BS Program\SOURCE\FRONT\CBR00600FRONT\CBR00600FRONT.csproj", "{85E9D25D-2CD6-447B-8879-92C7732EAD7C}"
EndProject
Global
	GlobalSection(SolutionConfigurationPlatforms) = preSolution
		Debug|Any CPU = Debug|Any CPU
		Release|Any CPU = Release|Any CPU
		Report|Any CPU = Report|Any CPU
		X|Any CPU = X|Any CPU
	EndGlobalSection
	GlobalSection(ProjectConfigurationPlatforms) = postSolution
		{2A093F3B-155F-480C-AC45-F2EA18C9D420}.Debug|Any CPU.ActiveCfg = Debug|Any CPU
		{2A093F3B-155F-480C-AC45-F2EA18C9D420}.Debug|Any CPU.Build.0 = Debug|Any CPU
		{2A093F3B-155F-480C-AC45-F2EA18C9D420}.Release|Any CPU.ActiveCfg = Release|Any CPU
		{2A093F3B-155F-480C-AC45-F2EA18C9D420}.Release|Any CPU.Build.0 = Release|Any CPU
		{2A093F3B-155F-480C-AC45-F2EA18C9D420}.Report|Any CPU.ActiveCfg = Release|Any CPU
		{2A093F3B-155F-480C-AC45-F2EA18C9D420}.Report|Any CPU.Build.0 = Release|Any CPU
		{2A093F3B-155F-480C-AC45-F2EA18C9D420}.X|Any CPU.ActiveCfg = Debug|Any CPU
		{2A093F3B-155F-480C-AC45-F2EA18C9D420}.X|Any CPU.Build.0 = Debug|Any CPU
		{8E237260-BD8C-4A17-A6C1-E753C557A756}.Debug|Any CPU.ActiveCfg = Debug|Any CPU
		{8E237260-BD8C-4A17-A6C1-E753C557A756}.Debug|Any CPU.Build.0 = Debug|Any CPU
		{8E237260-BD8C-4A17-A6C1-E753C557A756}.Release|Any CPU.ActiveCfg = Release|Any CPU
		{8E237260-BD8C-4A17-A6C1-E753C557A756}.Release|Any CPU.Build.0 = Release|Any CPU
		{8E237260-BD8C-4A17-A6C1-E753C557A756}.Report|Any CPU.ActiveCfg = Release|Any CPU
		{8E237260-BD8C-4A17-A6C1-E753C557A756}.Report|Any CPU.Build.0 = Release|Any CPU
		{8E237260-BD8C-4A17-A6C1-E753C557A756}.X|Any CPU.ActiveCfg = Debug|Any CPU
		{8E237260-BD8C-4A17-A6C1-E753C557A756}.X|Any CPU.Build.0 = Debug|Any CPU
		{2843A5CA-605B-403E-A23B-7D36A303B77F}.Debug|Any CPU.ActiveCfg = Debug|Any CPU
		{2843A5CA-605B-403E-A23B-7D36A303B77F}.Debug|Any CPU.Build.0 = Debug|Any CPU
		{2843A5CA-605B-403E-A23B-7D36A303B77F}.Release|Any CPU.ActiveCfg = Release|Any CPU
		{2843A5CA-605B-403E-A23B-7D36A303B77F}.Release|Any CPU.Build.0 = Release|Any CPU
		{2843A5CA-605B-403E-A23B-7D36A303B77F}.Report|Any CPU.ActiveCfg = Release|Any CPU
		{2843A5CA-605B-403E-A23B-7D36A303B77F}.Report|Any CPU.Build.0 = Release|Any CPU
		{2843A5CA-605B-403E-A23B-7D36A303B77F}.X|Any CPU.ActiveCfg = Debug|Any CPU
		{2843A5CA-605B-403E-A23B-7D36A303B77F}.X|Any CPU.Build.0 = Debug|Any CPU
		{F07213B0-6041-402B-88A3-DAEC1F607DB6}.Debug|Any CPU.ActiveCfg = Debug|Any CPU
		{F07213B0-6041-402B-88A3-DAEC1F607DB6}.Debug|Any CPU.Build.0 = Debug|Any CPU
		{F07213B0-6041-402B-88A3-DAEC1F607DB6}.Release|Any CPU.ActiveCfg = Release|Any CPU
		{F07213B0-6041-402B-88A3-DAEC1F607DB6}.Release|Any CPU.Build.0 = Release|Any CPU
		{F07213B0-6041-402B-88A3-DAEC1F607DB6}.Report|Any CPU.ActiveCfg = Release|Any CPU
		{F07213B0-6041-402B-88A3-DAEC1F607DB6}.Report|Any CPU.Build.0 = Release|Any CPU
		{F07213B0-6041-402B-88A3-DAEC1F607DB6}.X|Any CPU.ActiveCfg = Debug|Any CPU
		{F07213B0-6041-402B-88A3-DAEC1F607DB6}.X|Any CPU.Build.0 = Debug|Any CPU
		{EBC1BBE6-F25D-4C40-AAE1-099FF1DC4D9A}.Debug|Any CPU.ActiveCfg = Debug|Any CPU
		{EBC1BBE6-F25D-4C40-AAE1-099FF1DC4D9A}.Debug|Any CPU.Build.0 = Debug|Any CPU
		{EBC1BBE6-F25D-4C40-AAE1-099FF1DC4D9A}.Release|Any CPU.ActiveCfg = Release|Any CPU
		{EBC1BBE6-F25D-4C40-AAE1-099FF1DC4D9A}.Release|Any CPU.Build.0 = Release|Any CPU
		{EBC1BBE6-F25D-4C40-AAE1-099FF1DC4D9A}.Report|Any CPU.ActiveCfg = Release|Any CPU
		{EBC1BBE6-F25D-4C40-AAE1-099FF1DC4D9A}.Report|Any CPU.Build.0 = Release|Any CPU
		{EBC1BBE6-F25D-4C40-AAE1-099FF1DC4D9A}.X|Any CPU.ActiveCfg = Debug|Any CPU
		{EBC1BBE6-F25D-4C40-AAE1-099FF1DC4D9A}.X|Any CPU.Build.0 = Debug|Any CPU
		{DDCFAEC6-8572-4D30-9FA5-CB7CEA563C93}.Debug|Any CPU.ActiveCfg = Debug|Any CPU
		{DDCFAEC6-8572-4D30-9FA5-CB7CEA563C93}.Debug|Any CPU.Build.0 = Debug|Any CPU
		{DDCFAEC6-8572-4D30-9FA5-CB7CEA563C93}.Release|Any CPU.ActiveCfg = Release|Any CPU
		{DDCFAEC6-8572-4D30-9FA5-CB7CEA563C93}.Release|Any CPU.Build.0 = Release|Any CPU
		{DDCFAEC6-8572-4D30-9FA5-CB7CEA563C93}.Report|Any CPU.ActiveCfg = Release|Any CPU
		{DDCFAEC6-8572-4D30-9FA5-CB7CEA563C93}.Report|Any CPU.Build.0 = Release|Any CPU
		{DDCFAEC6-8572-4D30-9FA5-CB7CEA563C93}.X|Any CPU.ActiveCfg = Debug|Any CPU
		{DDCFAEC6-8572-4D30-9FA5-CB7CEA563C93}.X|Any CPU.Build.0 = Debug|Any CPU
		{4AB7253C-0E24-4082-9335-703822E83A2C}.Debug|Any CPU.ActiveCfg = Debug|Any CPU
		{4AB7253C-0E24-4082-9335-703822E83A2C}.Debug|Any CPU.Build.0 = Debug|Any CPU
		{4AB7253C-0E24-4082-9335-703822E83A2C}.Release|Any CPU.ActiveCfg = Release|Any CPU
		{4AB7253C-0E24-4082-9335-703822E83A2C}.Release|Any CPU.Build.0 = Release|Any CPU
		{4AB7253C-0E24-4082-9335-703822E83A2C}.Report|Any CPU.ActiveCfg = Release|Any CPU
		{4AB7253C-0E24-4082-9335-703822E83A2C}.Report|Any CPU.Build.0 = Release|Any CPU
		{4AB7253C-0E24-4082-9335-703822E83A2C}.X|Any CPU.ActiveCfg = Debug|Any CPU
		{4AB7253C-0E24-4082-9335-703822E83A2C}.X|Any CPU.Build.0 = Debug|Any CPU
		{62885A24-88ED-4FD1-9BA7-B40BCFE721CC}.Debug|Any CPU.ActiveCfg = Debug|Any CPU
		{62885A24-88ED-4FD1-9BA7-B40BCFE721CC}.Debug|Any CPU.Build.0 = Debug|Any CPU
		{62885A24-88ED-4FD1-9BA7-B40BCFE721CC}.Release|Any CPU.ActiveCfg = Release|Any CPU
		{62885A24-88ED-4FD1-9BA7-B40BCFE721CC}.Release|Any CPU.Build.0 = Release|Any CPU
		{62885A24-88ED-4FD1-9BA7-B40BCFE721CC}.Report|Any CPU.ActiveCfg = Release|Any CPU
		{62885A24-88ED-4FD1-9BA7-B40BCFE721CC}.Report|Any CPU.Build.0 = Release|Any CPU
		{62885A24-88ED-4FD1-9BA7-B40BCFE721CC}.X|Any CPU.ActiveCfg = Debug|Any CPU
		{62885A24-88ED-4FD1-9BA7-B40BCFE721CC}.X|Any CPU.Build.0 = Debug|Any CPU
		{7BA5CCFC-66DF-4EEC-A8F3-C7BD6F7E3060}.Debug|Any CPU.ActiveCfg = Debug|Any CPU
		{7BA5CCFC-66DF-4EEC-A8F3-C7BD6F7E3060}.Debug|Any CPU.Build.0 = Debug|Any CPU
		{7BA5CCFC-66DF-4EEC-A8F3-C7BD6F7E3060}.Release|Any CPU.ActiveCfg = Release|Any CPU
		{7BA5CCFC-66DF-4EEC-A8F3-C7BD6F7E3060}.Release|Any CPU.Build.0 = Release|Any CPU
		{7BA5CCFC-66DF-4EEC-A8F3-C7BD6F7E3060}.Report|Any CPU.ActiveCfg = Release|Any CPU
		{7BA5CCFC-66DF-4EEC-A8F3-C7BD6F7E3060}.Report|Any CPU.Build.0 = Release|Any CPU
		{7BA5CCFC-66DF-4EEC-A8F3-C7BD6F7E3060}.X|Any CPU.ActiveCfg = Debug|Any CPU
		{7BA5CCFC-66DF-4EEC-A8F3-C7BD6F7E3060}.X|Any CPU.Build.0 = Debug|Any CPU
		{0D0742DD-5EC3-4127-9C65-D63FC96AF31D}.Debug|Any CPU.ActiveCfg = Debug|Any CPU
		{0D0742DD-5EC3-4127-9C65-D63FC96AF31D}.Debug|Any CPU.Build.0 = Debug|Any CPU
		{0D0742DD-5EC3-4127-9C65-D63FC96AF31D}.Release|Any CPU.ActiveCfg = Release|Any CPU
		{0D0742DD-5EC3-4127-9C65-D63FC96AF31D}.Release|Any CPU.Build.0 = Release|Any CPU
		{0D0742DD-5EC3-4127-9C65-D63FC96AF31D}.Report|Any CPU.ActiveCfg = Release|Any CPU
		{0D0742DD-5EC3-4127-9C65-D63FC96AF31D}.Report|Any CPU.Build.0 = Release|Any CPU
		{0D0742DD-5EC3-4127-9C65-D63FC96AF31D}.X|Any CPU.ActiveCfg = Debug|Any CPU
		{0D0742DD-5EC3-4127-9C65-D63FC96AF31D}.X|Any CPU.Build.0 = Debug|Any CPU
		{32F74F6F-6DC0-45E0-B228-7F4E2BF84145}.Debug|Any CPU.ActiveCfg = Debug|Any CPU
		{32F74F6F-6DC0-45E0-B228-7F4E2BF84145}.Debug|Any CPU.Build.0 = Debug|Any CPU
		{32F74F6F-6DC0-45E0-B228-7F4E2BF84145}.Release|Any CPU.ActiveCfg = Release|Any CPU
		{32F74F6F-6DC0-45E0-B228-7F4E2BF84145}.Release|Any CPU.Build.0 = Release|Any CPU
		{32F74F6F-6DC0-45E0-B228-7F4E2BF84145}.Report|Any CPU.ActiveCfg = Release|Any CPU
		{32F74F6F-6DC0-45E0-B228-7F4E2BF84145}.Report|Any CPU.Build.0 = Release|Any CPU
		{32F74F6F-6DC0-45E0-B228-7F4E2BF84145}.X|Any CPU.ActiveCfg = Debug|Any CPU
		{32F74F6F-6DC0-45E0-B228-7F4E2BF84145}.X|Any CPU.Build.0 = Debug|Any CPU
		{12160B9D-5895-4E41-8D01-CDE0E2D6EA95}.Debug|Any CPU.ActiveCfg = Debug|Any CPU
		{12160B9D-5895-4E41-8D01-CDE0E2D6EA95}.Debug|Any CPU.Build.0 = Debug|Any CPU
		{12160B9D-5895-4E41-8D01-CDE0E2D6EA95}.Release|Any CPU.ActiveCfg = Release|Any CPU
		{12160B9D-5895-4E41-8D01-CDE0E2D6EA95}.Release|Any CPU.Build.0 = Release|Any CPU
		{12160B9D-5895-4E41-8D01-CDE0E2D6EA95}.Report|Any CPU.ActiveCfg = Release|Any CPU
		{12160B9D-5895-4E41-8D01-CDE0E2D6EA95}.Report|Any CPU.Build.0 = Release|Any CPU
		{12160B9D-5895-4E41-8D01-CDE0E2D6EA95}.X|Any CPU.ActiveCfg = Debug|Any CPU
		{12160B9D-5895-4E41-8D01-CDE0E2D6EA95}.X|Any CPU.Build.0 = Debug|Any CPU
		{AC3AA49E-D254-48E2-A562-5DEE7DCB6977}.Debug|Any CPU.ActiveCfg = Debug|Any CPU
		{AC3AA49E-D254-48E2-A562-5DEE7DCB6977}.Debug|Any CPU.Build.0 = Debug|Any CPU
		{AC3AA49E-D254-48E2-A562-5DEE7DCB6977}.Release|Any CPU.ActiveCfg = Release|Any CPU
		{AC3AA49E-D254-48E2-A562-5DEE7DCB6977}.Release|Any CPU.Build.0 = Release|Any CPU
		{AC3AA49E-D254-48E2-A562-5DEE7DCB6977}.Report|Any CPU.ActiveCfg = Release|Any CPU
		{AC3AA49E-D254-48E2-A562-5DEE7DCB6977}.Report|Any CPU.Build.0 = Release|Any CPU
		{AC3AA49E-D254-48E2-A562-5DEE7DCB6977}.X|Any CPU.ActiveCfg = Debug|Any CPU
		{AC3AA49E-D254-48E2-A562-5DEE7DCB6977}.X|Any CPU.Build.0 = Debug|Any CPU
		{4C86BAC2-2C27-441B-8372-34421190E223}.Debug|Any CPU.ActiveCfg = Debug|Any CPU
		{4C86BAC2-2C27-441B-8372-34421190E223}.Debug|Any CPU.Build.0 = Debug|Any CPU
		{4C86BAC2-2C27-441B-8372-34421190E223}.Release|Any CPU.ActiveCfg = Release|Any CPU
		{4C86BAC2-2C27-441B-8372-34421190E223}.Release|Any CPU.Build.0 = Release|Any CPU
		{4C86BAC2-2C27-441B-8372-34421190E223}.Report|Any CPU.ActiveCfg = Release|Any CPU
		{4C86BAC2-2C27-441B-8372-34421190E223}.Report|Any CPU.Build.0 = Release|Any CPU
		{4C86BAC2-2C27-441B-8372-34421190E223}.X|Any CPU.ActiveCfg = Debug|Any CPU
		{4C86BAC2-2C27-441B-8372-34421190E223}.X|Any CPU.Build.0 = Debug|Any CPU
		{7D54B6AA-D512-428D-B519-BB76635DFCA9}.Debug|Any CPU.ActiveCfg = Debug|Any CPU
		{7D54B6AA-D512-428D-B519-BB76635DFCA9}.Debug|Any CPU.Build.0 = Debug|Any CPU
		{7D54B6AA-D512-428D-B519-BB76635DFCA9}.Release|Any CPU.ActiveCfg = Release|Any CPU
		{7D54B6AA-D512-428D-B519-BB76635DFCA9}.Release|Any CPU.Build.0 = Release|Any CPU
		{7D54B6AA-D512-428D-B519-BB76635DFCA9}.Report|Any CPU.ActiveCfg = Release|Any CPU
		{7D54B6AA-D512-428D-B519-BB76635DFCA9}.Report|Any CPU.Build.0 = Release|Any CPU
		{7D54B6AA-D512-428D-B519-BB76635DFCA9}.X|Any CPU.ActiveCfg = Debug|Any CPU
		{7D54B6AA-D512-428D-B519-BB76635DFCA9}.X|Any CPU.Build.0 = Debug|Any CPU
		{97BD28EB-E918-401E-B3A5-60250B012CC8}.Debug|Any CPU.ActiveCfg = Debug|Any CPU
		{97BD28EB-E918-401E-B3A5-60250B012CC8}.Debug|Any CPU.Build.0 = Debug|Any CPU
		{97BD28EB-E918-401E-B3A5-60250B012CC8}.Release|Any CPU.ActiveCfg = Release|Any CPU
		{97BD28EB-E918-401E-B3A5-60250B012CC8}.Release|Any CPU.Build.0 = Release|Any CPU
		{97BD28EB-E918-401E-B3A5-60250B012CC8}.Report|Any CPU.ActiveCfg = Release|Any CPU
		{97BD28EB-E918-401E-B3A5-60250B012CC8}.Report|Any CPU.Build.0 = Release|Any CPU
		{97BD28EB-E918-401E-B3A5-60250B012CC8}.X|Any CPU.ActiveCfg = Debug|Any CPU
		{97BD28EB-E918-401E-B3A5-60250B012CC8}.X|Any CPU.Build.0 = Debug|Any CPU
		{DAC61FD2-8919-4E17-A2B3-24884206A226}.Debug|Any CPU.ActiveCfg = Debug|Any CPU
		{DAC61FD2-8919-4E17-A2B3-24884206A226}.Debug|Any CPU.Build.0 = Debug|Any CPU
		{DAC61FD2-8919-4E17-A2B3-24884206A226}.Release|Any CPU.ActiveCfg = Release|Any CPU
		{DAC61FD2-8919-4E17-A2B3-24884206A226}.Release|Any CPU.Build.0 = Release|Any CPU
		{DAC61FD2-8919-4E17-A2B3-24884206A226}.Report|Any CPU.ActiveCfg = Release|Any CPU
		{DAC61FD2-8919-4E17-A2B3-24884206A226}.Report|Any CPU.Build.0 = Release|Any CPU
		{DAC61FD2-8919-4E17-A2B3-24884206A226}.X|Any CPU.ActiveCfg = Debug|Any CPU
		{DAC61FD2-8919-4E17-A2B3-24884206A226}.X|Any CPU.Build.0 = Debug|Any CPU
		{165A9E00-9C41-42B7-BDE9-FC6295296AA1}.Debug|Any CPU.ActiveCfg = Debug|Any CPU
		{165A9E00-9C41-42B7-BDE9-FC6295296AA1}.Debug|Any CPU.Build.0 = Debug|Any CPU
		{165A9E00-9C41-42B7-BDE9-FC6295296AA1}.Release|Any CPU.ActiveCfg = Release|Any CPU
		{165A9E00-9C41-42B7-BDE9-FC6295296AA1}.Release|Any CPU.Build.0 = Release|Any CPU
		{165A9E00-9C41-42B7-BDE9-FC6295296AA1}.Report|Any CPU.ActiveCfg = Release|Any CPU
		{165A9E00-9C41-42B7-BDE9-FC6295296AA1}.Report|Any CPU.Build.0 = Release|Any CPU
		{165A9E00-9C41-42B7-BDE9-FC6295296AA1}.X|Any CPU.ActiveCfg = Debug|Any CPU
		{165A9E00-9C41-42B7-BDE9-FC6295296AA1}.X|Any CPU.Build.0 = Debug|Any CPU
		{86C4030A-38A1-4013-A151-B6CFD336DBD4}.Debug|Any CPU.ActiveCfg = Debug|Any CPU
		{86C4030A-38A1-4013-A151-B6CFD336DBD4}.Debug|Any CPU.Build.0 = Debug|Any CPU
		{86C4030A-38A1-4013-A151-B6CFD336DBD4}.Release|Any CPU.ActiveCfg = Release|Any CPU
		{86C4030A-38A1-4013-A151-B6CFD336DBD4}.Release|Any CPU.Build.0 = Release|Any CPU
		{86C4030A-38A1-4013-A151-B6CFD336DBD4}.Report|Any CPU.ActiveCfg = Release|Any CPU
		{86C4030A-38A1-4013-A151-B6CFD336DBD4}.Report|Any CPU.Build.0 = Release|Any CPU
		{86C4030A-38A1-4013-A151-B6CFD336DBD4}.X|Any CPU.ActiveCfg = Debug|Any CPU
		{86C4030A-38A1-4013-A151-B6CFD336DBD4}.X|Any CPU.Build.0 = Debug|Any CPU
		{3D32FFAC-F438-4A28-87E9-D05DDD3E8E81}.Debug|Any CPU.ActiveCfg = Debug|Any CPU
		{3D32FFAC-F438-4A28-87E9-D05DDD3E8E81}.Debug|Any CPU.Build.0 = Debug|Any CPU
		{3D32FFAC-F438-4A28-87E9-D05DDD3E8E81}.Release|Any CPU.ActiveCfg = Release|Any CPU
		{3D32FFAC-F438-4A28-87E9-D05DDD3E8E81}.Release|Any CPU.Build.0 = Release|Any CPU
		{3D32FFAC-F438-4A28-87E9-D05DDD3E8E81}.Report|Any CPU.ActiveCfg = Release|Any CPU
		{3D32FFAC-F438-4A28-87E9-D05DDD3E8E81}.Report|Any CPU.Build.0 = Release|Any CPU
		{3D32FFAC-F438-4A28-87E9-D05DDD3E8E81}.X|Any CPU.ActiveCfg = Debug|Any CPU
		{3D32FFAC-F438-4A28-87E9-D05DDD3E8E81}.X|Any CPU.Build.0 = Debug|Any CPU
		{F5F78B87-DFFB-4C13-AD9C-61D76E950215}.Debug|Any CPU.ActiveCfg = Debug|Any CPU
		{F5F78B87-DFFB-4C13-AD9C-61D76E950215}.Debug|Any CPU.Build.0 = Debug|Any CPU
		{F5F78B87-DFFB-4C13-AD9C-61D76E950215}.Release|Any CPU.ActiveCfg = Release|Any CPU
		{F5F78B87-DFFB-4C13-AD9C-61D76E950215}.Release|Any CPU.Build.0 = Release|Any CPU
		{F5F78B87-DFFB-4C13-AD9C-61D76E950215}.Report|Any CPU.ActiveCfg = Release|Any CPU
		{F5F78B87-DFFB-4C13-AD9C-61D76E950215}.Report|Any CPU.Build.0 = Release|Any CPU
		{F5F78B87-DFFB-4C13-AD9C-61D76E950215}.X|Any CPU.ActiveCfg = Debug|Any CPU
		{F5F78B87-DFFB-4C13-AD9C-61D76E950215}.X|Any CPU.Build.0 = Debug|Any CPU
		{3398D190-B2FA-4271-BEAE-56BDE05114C6}.Debug|Any CPU.ActiveCfg = Debug|Any CPU
		{3398D190-B2FA-4271-BEAE-56BDE05114C6}.Debug|Any CPU.Build.0 = Debug|Any CPU
		{3398D190-B2FA-4271-BEAE-56BDE05114C6}.Release|Any CPU.ActiveCfg = Release|Any CPU
		{3398D190-B2FA-4271-BEAE-56BDE05114C6}.Release|Any CPU.Build.0 = Release|Any CPU
		{3398D190-B2FA-4271-BEAE-56BDE05114C6}.Report|Any CPU.ActiveCfg = Release|Any CPU
		{3398D190-B2FA-4271-BEAE-56BDE05114C6}.Report|Any CPU.Build.0 = Release|Any CPU
		{3398D190-B2FA-4271-BEAE-56BDE05114C6}.X|Any CPU.ActiveCfg = Debug|Any CPU
		{3398D190-B2FA-4271-BEAE-56BDE05114C6}.X|Any CPU.Build.0 = Debug|Any CPU
		{B820C264-9906-4D27-88F4-52DF3279B1A7}.Debug|Any CPU.ActiveCfg = Debug|Any CPU
		{B820C264-9906-4D27-88F4-52DF3279B1A7}.Debug|Any CPU.Build.0 = Debug|Any CPU
		{B820C264-9906-4D27-88F4-52DF3279B1A7}.Release|Any CPU.ActiveCfg = Release|Any CPU
		{B820C264-9906-4D27-88F4-52DF3279B1A7}.Release|Any CPU.Build.0 = Release|Any CPU
		{B820C264-9906-4D27-88F4-52DF3279B1A7}.Report|Any CPU.ActiveCfg = Release|Any CPU
		{B820C264-9906-4D27-88F4-52DF3279B1A7}.Report|Any CPU.Build.0 = Release|Any CPU
		{B820C264-9906-4D27-88F4-52DF3279B1A7}.X|Any CPU.ActiveCfg = Debug|Any CPU
		{B820C264-9906-4D27-88F4-52DF3279B1A7}.X|Any CPU.Build.0 = Debug|Any CPU
		{DC3CED67-212B-4157-BFA6-5DBEC1B22ED4}.Debug|Any CPU.ActiveCfg = Debug|Any CPU
		{DC3CED67-212B-4157-BFA6-5DBEC1B22ED4}.Debug|Any CPU.Build.0 = Debug|Any CPU
		{DC3CED67-212B-4157-BFA6-5DBEC1B22ED4}.Release|Any CPU.ActiveCfg = Release|Any CPU
		{DC3CED67-212B-4157-BFA6-5DBEC1B22ED4}.Release|Any CPU.Build.0 = Release|Any CPU
		{DC3CED67-212B-4157-BFA6-5DBEC1B22ED4}.Report|Any CPU.ActiveCfg = Release|Any CPU
		{DC3CED67-212B-4157-BFA6-5DBEC1B22ED4}.Report|Any CPU.Build.0 = Release|Any CPU
		{DC3CED67-212B-4157-BFA6-5DBEC1B22ED4}.X|Any CPU.ActiveCfg = Debug|Any CPU
		{DC3CED67-212B-4157-BFA6-5DBEC1B22ED4}.X|Any CPU.Build.0 = Debug|Any CPU
		{DEA7F505-8620-4084-A10D-6E9DA614BFAC}.Debug|Any CPU.ActiveCfg = Debug|Any CPU
		{DEA7F505-8620-4084-A10D-6E9DA614BFAC}.Debug|Any CPU.Build.0 = Debug|Any CPU
		{DEA7F505-8620-4084-A10D-6E9DA614BFAC}.Release|Any CPU.ActiveCfg = Release|Any CPU
		{DEA7F505-8620-4084-A10D-6E9DA614BFAC}.Release|Any CPU.Build.0 = Release|Any CPU
		{DEA7F505-8620-4084-A10D-6E9DA614BFAC}.Report|Any CPU.ActiveCfg = Release|Any CPU
		{DEA7F505-8620-4084-A10D-6E9DA614BFAC}.Report|Any CPU.Build.0 = Release|Any CPU
		{DEA7F505-8620-4084-A10D-6E9DA614BFAC}.X|Any CPU.ActiveCfg = Debug|Any CPU
		{DEA7F505-8620-4084-A10D-6E9DA614BFAC}.X|Any CPU.Build.0 = Debug|Any CPU
		{2C91FE19-74A6-4A47-8681-59C852DD0235}.Debug|Any CPU.ActiveCfg = Debug|Any CPU
		{2C91FE19-74A6-4A47-8681-59C852DD0235}.Debug|Any CPU.Build.0 = Debug|Any CPU
		{2C91FE19-74A6-4A47-8681-59C852DD0235}.Release|Any CPU.ActiveCfg = Release|Any CPU
		{2C91FE19-74A6-4A47-8681-59C852DD0235}.Release|Any CPU.Build.0 = Release|Any CPU
		{2C91FE19-74A6-4A47-8681-59C852DD0235}.Report|Any CPU.ActiveCfg = Release|Any CPU
		{2C91FE19-74A6-4A47-8681-59C852DD0235}.Report|Any CPU.Build.0 = Release|Any CPU
		{2C91FE19-74A6-4A47-8681-59C852DD0235}.X|Any CPU.ActiveCfg = Debug|Any CPU
		{2C91FE19-74A6-4A47-8681-59C852DD0235}.X|Any CPU.Build.0 = Debug|Any CPU
		{B08CA5B6-2F06-48F7-8E05-090240067BF2}.Debug|Any CPU.ActiveCfg = Debug|Any CPU
		{B08CA5B6-2F06-48F7-8E05-090240067BF2}.Debug|Any CPU.Build.0 = Debug|Any CPU
		{B08CA5B6-2F06-48F7-8E05-090240067BF2}.Release|Any CPU.ActiveCfg = Release|Any CPU
		{B08CA5B6-2F06-48F7-8E05-090240067BF2}.Release|Any CPU.Build.0 = Release|Any CPU
		{B08CA5B6-2F06-48F7-8E05-090240067BF2}.Report|Any CPU.ActiveCfg = Release|Any CPU
		{B08CA5B6-2F06-48F7-8E05-090240067BF2}.Report|Any CPU.Build.0 = Release|Any CPU
		{B08CA5B6-2F06-48F7-8E05-090240067BF2}.X|Any CPU.ActiveCfg = Debug|Any CPU
		{B08CA5B6-2F06-48F7-8E05-090240067BF2}.X|Any CPU.Build.0 = Debug|Any CPU
		{044078A1-C899-4006-9732-43DF5ED72E3A}.Debug|Any CPU.ActiveCfg = Debug|Any CPU
		{044078A1-C899-4006-9732-43DF5ED72E3A}.Debug|Any CPU.Build.0 = Debug|Any CPU
		{044078A1-C899-4006-9732-43DF5ED72E3A}.Release|Any CPU.ActiveCfg = Release|Any CPU
		{044078A1-C899-4006-9732-43DF5ED72E3A}.Release|Any CPU.Build.0 = Release|Any CPU
		{044078A1-C899-4006-9732-43DF5ED72E3A}.Report|Any CPU.ActiveCfg = Release|Any CPU
		{044078A1-C899-4006-9732-43DF5ED72E3A}.Report|Any CPU.Build.0 = Release|Any CPU
		{044078A1-C899-4006-9732-43DF5ED72E3A}.X|Any CPU.ActiveCfg = Debug|Any CPU
		{044078A1-C899-4006-9732-43DF5ED72E3A}.X|Any CPU.Build.0 = Debug|Any CPU
		{1A271C57-C236-4231-8BC9-6E0A73314E59}.Debug|Any CPU.ActiveCfg = Debug|Any CPU
		{1A271C57-C236-4231-8BC9-6E0A73314E59}.Debug|Any CPU.Build.0 = Debug|Any CPU
		{1A271C57-C236-4231-8BC9-6E0A73314E59}.Release|Any CPU.ActiveCfg = Release|Any CPU
		{1A271C57-C236-4231-8BC9-6E0A73314E59}.Release|Any CPU.Build.0 = Release|Any CPU
		{1A271C57-C236-4231-8BC9-6E0A73314E59}.Report|Any CPU.ActiveCfg = Release|Any CPU
		{1A271C57-C236-4231-8BC9-6E0A73314E59}.Report|Any CPU.Build.0 = Release|Any CPU
		{1A271C57-C236-4231-8BC9-6E0A73314E59}.X|Any CPU.ActiveCfg = Debug|Any CPU
		{1A271C57-C236-4231-8BC9-6E0A73314E59}.X|Any CPU.Build.0 = Debug|Any CPU
		{7ECD378C-4938-4086-AA22-ECF5E88CC916}.Debug|Any CPU.ActiveCfg = Debug|Any CPU
		{7ECD378C-4938-4086-AA22-ECF5E88CC916}.Debug|Any CPU.Build.0 = Debug|Any CPU
		{7ECD378C-4938-4086-AA22-ECF5E88CC916}.Release|Any CPU.ActiveCfg = Release|Any CPU
		{7ECD378C-4938-4086-AA22-ECF5E88CC916}.Release|Any CPU.Build.0 = Release|Any CPU
		{7ECD378C-4938-4086-AA22-ECF5E88CC916}.Report|Any CPU.ActiveCfg = Release|Any CPU
		{7ECD378C-4938-4086-AA22-ECF5E88CC916}.Report|Any CPU.Build.0 = Release|Any CPU
		{7ECD378C-4938-4086-AA22-ECF5E88CC916}.X|Any CPU.ActiveCfg = Debug|Any CPU
		{7ECD378C-4938-4086-AA22-ECF5E88CC916}.X|Any CPU.Build.0 = Debug|Any CPU
		{BB56A814-6C0E-4BD0-B7E7-BA9999AFF294}.Debug|Any CPU.ActiveCfg = Debug|Any CPU
		{BB56A814-6C0E-4BD0-B7E7-BA9999AFF294}.Debug|Any CPU.Build.0 = Debug|Any CPU
		{BB56A814-6C0E-4BD0-B7E7-BA9999AFF294}.Release|Any CPU.ActiveCfg = Release|Any CPU
		{BB56A814-6C0E-4BD0-B7E7-BA9999AFF294}.Release|Any CPU.Build.0 = Release|Any CPU
		{BB56A814-6C0E-4BD0-B7E7-BA9999AFF294}.Report|Any CPU.ActiveCfg = Release|Any CPU
		{BB56A814-6C0E-4BD0-B7E7-BA9999AFF294}.Report|Any CPU.Build.0 = Release|Any CPU
		{BB56A814-6C0E-4BD0-B7E7-BA9999AFF294}.X|Any CPU.ActiveCfg = Debug|Any CPU
		{BB56A814-6C0E-4BD0-B7E7-BA9999AFF294}.X|Any CPU.Build.0 = Debug|Any CPU
		{8D9B9058-3F85-44D9-BEA6-9B77E9B91F4C}.Debug|Any CPU.ActiveCfg = Debug|Any CPU
		{8D9B9058-3F85-44D9-BEA6-9B77E9B91F4C}.Debug|Any CPU.Build.0 = Debug|Any CPU
		{8D9B9058-3F85-44D9-BEA6-9B77E9B91F4C}.Release|Any CPU.ActiveCfg = Release|Any CPU
		{8D9B9058-3F85-44D9-BEA6-9B77E9B91F4C}.Release|Any CPU.Build.0 = Release|Any CPU
		{8D9B9058-3F85-44D9-BEA6-9B77E9B91F4C}.Report|Any CPU.ActiveCfg = Release|Any CPU
		{8D9B9058-3F85-44D9-BEA6-9B77E9B91F4C}.Report|Any CPU.Build.0 = Release|Any CPU
		{8D9B9058-3F85-44D9-BEA6-9B77E9B91F4C}.X|Any CPU.ActiveCfg = Debug|Any CPU
		{8D9B9058-3F85-44D9-BEA6-9B77E9B91F4C}.X|Any CPU.Build.0 = Debug|Any CPU
		{85E9D25D-2CD6-447B-8879-92C7732EAD7C}.Debug|Any CPU.ActiveCfg = Debug|Any CPU
		{85E9D25D-2CD6-447B-8879-92C7732EAD7C}.Debug|Any CPU.Build.0 = Debug|Any CPU
		{85E9D25D-2CD6-447B-8879-92C7732EAD7C}.Release|Any CPU.ActiveCfg = Release|Any CPU
		{85E9D25D-2CD6-447B-8879-92C7732EAD7C}.Release|Any CPU.Build.0 = Release|Any CPU
		{85E9D25D-2CD6-447B-8879-92C7732EAD7C}.Report|Any CPU.ActiveCfg = Debug|Any CPU
		{85E9D25D-2CD6-447B-8879-92C7732EAD7C}.Report|Any CPU.Build.0 = Debug|Any CPU
		{85E9D25D-2CD6-447B-8879-92C7732EAD7C}.X|Any CPU.ActiveCfg = Debug|Any CPU
		{85E9D25D-2CD6-447B-8879-92C7732EAD7C}.X|Any CPU.Build.0 = Debug|Any CPU
	EndGlobalSection
	GlobalSection(SolutionProperties) = preSolution
		HideSolutionNode = FALSE
	EndGlobalSection
	GlobalSection(NestedProjects) = preSolution
		{798F6C7A-DFC1-4862-B2D4-A0ECE088E700} = {9BD97A2C-C82E-4BBB-8BF5-E82C5821EDD7}
		{53B1A7FC-E666-4A13-9256-04D19C4B3041} = {389242E5-A435-4EC4-A0F6-A06960EFC8FE}
		{4004B275-DDC3-4E81-9E39-C050FA454C0F} = {F0D48D8E-3A3A-4BFE-BC34-494BFA7FA2F4}
		{B69EF8C3-63A6-42F6-AE1A-6844E599C6FC} = {9BD97A2C-C82E-4BBB-8BF5-E82C5821EDD7}
		{B5FF952D-EFC5-4AAC-9D49-CCB3CB190495} = {389242E5-A435-4EC4-A0F6-A06960EFC8FE}
		{2A093F3B-155F-480C-AC45-F2EA18C9D420} = {3AAACED3-6089-48BE-A6C1-BD469564C1C1}
		{8E237260-BD8C-4A17-A6C1-E753C557A756} = {B5FF952D-EFC5-4AAC-9D49-CCB3CB190495}
		{2843A5CA-605B-403E-A23B-7D36A303B77F} = {53B1A7FC-E666-4A13-9256-04D19C4B3041}
		{64E7A1AA-DF1B-437B-BB15-55636888B772} = {F0D48D8E-3A3A-4BFE-BC34-494BFA7FA2F4}
		{F07213B0-6041-402B-88A3-DAEC1F607DB6} = {64E7A1AA-DF1B-437B-BB15-55636888B772}
		{EBC1BBE6-F25D-4C40-AAE1-099FF1DC4D9A} = {4004B275-DDC3-4E81-9E39-C050FA454C0F}
		{DDCFAEC6-8572-4D30-9FA5-CB7CEA563C93} = {64E7A1AA-DF1B-437B-BB15-55636888B772}
		{4AB7253C-0E24-4082-9335-703822E83A2C} = {4004B275-DDC3-4E81-9E39-C050FA454C0F}
		{62885A24-88ED-4FD1-9BA7-B40BCFE721CC} = {98841562-AF5E-41BB-B3D7-7A18DFC8C593}
		{7BA5CCFC-66DF-4EEC-A8F3-C7BD6F7E3060} = {98841562-AF5E-41BB-B3D7-7A18DFC8C593}
		{0D0742DD-5EC3-4127-9C65-D63FC96AF31D} = {798F6C7A-DFC1-4862-B2D4-A0ECE088E700}
		{32F74F6F-6DC0-45E0-B228-7F4E2BF84145} = {798F6C7A-DFC1-4862-B2D4-A0ECE088E700}
		{12160B9D-5895-4E41-8D01-CDE0E2D6EA95} = {798F6C7A-DFC1-4862-B2D4-A0ECE088E700}
		{AC3AA49E-D254-48E2-A562-5DEE7DCB6977} = {B69EF8C3-63A6-42F6-AE1A-6844E599C6FC}
		{4C86BAC2-2C27-441B-8372-34421190E223} = {B69EF8C3-63A6-42F6-AE1A-6844E599C6FC}
		{7D54B6AA-D512-428D-B519-BB76635DFCA9} = {B69EF8C3-63A6-42F6-AE1A-6844E599C6FC}
		{DAC61FD2-8919-4E17-A2B3-24884206A226} = {6A508D70-C636-4BCE-9AD0-808156C6ACCF}
		{070B5A4C-1C5D-427C-9D53-A871CB099B4A} = {389242E5-A435-4EC4-A0F6-A06960EFC8FE}
		{D7229928-CEFC-45AC-AF31-5502ACB26FAB} = {389242E5-A435-4EC4-A0F6-A06960EFC8FE}
		{165A9E00-9C41-42B7-BDE9-FC6295296AA1} = {D7229928-CEFC-45AC-AF31-5502ACB26FAB}
		{23240D00-C50B-42F4-9203-5B8373C4D3C2} = {389242E5-A435-4EC4-A0F6-A06960EFC8FE}
		{86C4030A-38A1-4013-A151-B6CFD336DBD4} = {070B5A4C-1C5D-427C-9D53-A871CB099B4A}
		{3D32FFAC-F438-4A28-87E9-D05DDD3E8E81} = {23240D00-C50B-42F4-9203-5B8373C4D3C2}
		{F5F78B87-DFFB-4C13-AD9C-61D76E950215} = {3AAACED3-6089-48BE-A6C1-BD469564C1C1}
		{B7323DF7-93A2-477B-AE5B-DA7A327BD928} = {389242E5-A435-4EC4-A0F6-A06960EFC8FE}
		{3398D190-B2FA-4271-BEAE-56BDE05114C6} = {B7323DF7-93A2-477B-AE5B-DA7A327BD928}
		{E2519872-DE16-4B58-A70D-AF2183C9E04D} = {F0D48D8E-3A3A-4BFE-BC34-494BFA7FA2F4}
		{B820C264-9906-4D27-88F4-52DF3279B1A7} = {E2519872-DE16-4B58-A70D-AF2183C9E04D}
		{DC3CED67-212B-4157-BFA6-5DBEC1B22ED4} = {E2519872-DE16-4B58-A70D-AF2183C9E04D}
		{DEA7F505-8620-4084-A10D-6E9DA614BFAC} = {B8DB1CBE-E8A2-4E92-AA21-7318C29C477B}
		{2C91FE19-74A6-4A47-8681-59C852DD0235} = {B8DB1CBE-E8A2-4E92-AA21-7318C29C477B}
		{B08CA5B6-2F06-48F7-8E05-090240067BF2} = {B8DB1CBE-E8A2-4E92-AA21-7318C29C477B}
		{044078A1-C899-4006-9732-43DF5ED72E3A} = {B8DB1CBE-E8A2-4E92-AA21-7318C29C477B}
		{1A271C57-C236-4231-8BC9-6E0A73314E59} = {98841562-AF5E-41BB-B3D7-7A18DFC8C593}
		{A1DB9675-B5ED-4377-9811-1417877B2AE6} = {9BD97A2C-C82E-4BBB-8BF5-E82C5821EDD7}
		{7ECD378C-4938-4086-AA22-ECF5E88CC916} = {A1DB9675-B5ED-4377-9811-1417877B2AE6}
		{BB56A814-6C0E-4BD0-B7E7-BA9999AFF294} = {A1DB9675-B5ED-4377-9811-1417877B2AE6}
		{8D9B9058-3F85-44D9-BEA6-9B77E9B91F4C} = {A1DB9675-B5ED-4377-9811-1417877B2AE6}
		{B06CF2EC-88CC-4FBE-AAC8-340941AB4874} = {9BD97A2C-C82E-4BBB-8BF5-E82C5821EDD7}
		{85E9D25D-2CD6-447B-8879-92C7732EAD7C} = {B06CF2EC-88CC-4FBE-AAC8-340941AB4874}
	EndGlobalSection
	GlobalSection(ExtensibilityGlobals) = postSolution
		SolutionGuid = {E7B78B5E-8DE2-4C73-8F18-FA540EDE69D7}
	EndGlobalSection
EndGlobal
