
Microsoft Visual Studio Solution File, Format Version 12.00
# Visual Studio Version 17
VisualStudioVersion = 17.5.33627.172
MinimumVisualStudioVersion = 10.0.40219.1
Project("{2150E333-8FDC-42A3-9474-1A3956D46DE8}") = "FRONT", "FRONT", "{9BD97A2C-C82E-4BBB-8BF5-E82C5821EDD7}"
EndProject
Project("{2150E333-8FDC-42A3-9474-1A3956D46DE8}") = "API", "API", "{3AAACED3-6089-48BE-A6C1-BD469564C1C1}"
EndProject
Project("{2150E333-8FDC-42A3-9474-1A3956D46DE8}") = "BACK", "BACK", "{F0D48D8E-3A3A-4BFE-BC34-494BFA7FA2F4}"
EndProject
Project("{2150E333-8FDC-42A3-9474-1A3956D46DE8}") = "COMMON", "COMMON", "{389242E5-A435-4EC4-A0F6-A06960EFC8FE}"
EndProject
Project("{2150E333-8FDC-42A3-9474-1A3956D46DE8}") = "SPR", "SPR", "{B8DB1CBE-E8A2-4E92-AA21-7318C29C477B}"
EndProject
Project("{2150E333-8FDC-42A3-9474-1A3956D46DE8}") = "SERVICE", "SERVICE", "{98841562-AF5E-41BB-B3D7-7A18DFC8C593}"
EndProject
Project("{2150E333-8FDC-42A3-9474-1A3956D46DE8}") = "QUERY", "QUERY", "{6A222C0D-6365-4C6D-97E3-72ECC138F4C2}"
	ProjectSection(SolutionItems) = preProject
		..\BS Program\SOURCE\QUERY\HDM00500.sql = ..\BS Program\SOURCE\QUERY\HDM00500.sql
		..\BS Program\SOURCE\QUERY\HDM00600.sql = ..\BS Program\SOURCE\QUERY\HDM00600.sql
	EndProjectSection
EndProject
Project("{2150E333-8FDC-42A3-9474-1A3956D46DE8}") = "GFF_FRONT", "GFF_FRONT", "{798F6C7A-DFC1-4862-B2D4-A0ECE088E700}"
EndProject
Project("{2150E333-8FDC-42A3-9474-1A3956D46DE8}") = "GS_Lookup", "GS_Lookup", "{4004B275-DDC3-4E81-9E39-C050FA454C0F}"
EndProject
Project("{2150E333-8FDC-42A3-9474-1A3956D46DE8}") = "GS_Lookup", "GS_Lookup", "{B69EF8C3-63A6-42F6-AE1A-6844E599C6FC}"
EndProject
Project("{9A19103F-16F7-4668-BE54-9A1E7A4F7556}") = "BIMASAKTI_GS_API", "..\BS Program\SOURCE\API\GS\BIMASAKTI_GS_API\BIMASAKTI_GS_API.csproj", "{2A093F3B-155F-480C-AC45-F2EA18C9D420}"
EndProject
Project("{9A19103F-16F7-4668-BE54-9A1E7A4F7556}") = "GFF00900COMMON", "..\BS Shared Form\SOURCE\BACK\GFF00900COMMON\GFF00900COMMON.csproj", "{8E237260-BD8C-4A17-A6C1-E753C557A756}"
EndProject
Project("{9A19103F-16F7-4668-BE54-9A1E7A4F7556}") = "Lookup_GSCOMMON", "..\BS Shared Form\SOURCE\BACK\Lookup_GSCOMMON\Lookup_GSCOMMON.csproj", "{2843A5CA-605B-403E-A23B-7D36A303B77F}"
EndProject
Project("{2150E333-8FDC-42A3-9474-1A3956D46DE8}") = "GFF -Approval", "GFF -Approval", "{64E7A1AA-DF1B-437B-BB15-55636888B772}"
EndProject
Project("{9A19103F-16F7-4668-BE54-9A1E7A4F7556}") = "GFF00900BACK", "..\BS Shared Form\SOURCE\BACK\GFF00900BACK\GFF00900BACK.csproj", "{F07213B0-6041-402B-88A3-DAEC1F607DB6}"
EndProject
Project("{9A19103F-16F7-4668-BE54-9A1E7A4F7556}") = "Lookup_GSBACK", "..\BS Shared Form\SOURCE\BACK\Lookup_GSBACK\Lookup_GSBACK.csproj", "{EBC1BBE6-F25D-4C40-AAE1-099FF1DC4D9A}"
EndProject
Project("{9A19103F-16F7-4668-BE54-9A1E7A4F7556}") = "GFF00900BackResources", "..\BS Shared Form\SOURCE\BACK\GFF00900BackResources\GFF00900BackResources.csproj", "{DDCFAEC6-8572-4D30-9FA5-CB7CEA563C93}"
EndProject
Project("{9A19103F-16F7-4668-BE54-9A1E7A4F7556}") = "Lookup_GSBackResources", "..\BS Shared Form\SOURCE\BACK\Lookup_GSBackResources\Lookup_GSBackResources.csproj", "{4AB7253C-0E24-4082-9335-703822E83A2C}"
EndProject
Project("{9A19103F-16F7-4668-BE54-9A1E7A4F7556}") = "GFF00900SERVICES", "..\BS Shared Form\SOURCE\SERVICES\GFF00900SERVICES\GFF00900SERVICES.csproj", "{62885A24-88ED-4FD1-9BA7-B40BCFE721CC}"
EndProject
Project("{9A19103F-16F7-4668-BE54-9A1E7A4F7556}") = "Lookup_GSSERVICES", "..\BS Shared Form\SOURCE\SERVICES\Lookup_GSSERVICES\Lookup_GSSERVICES.csproj", "{7BA5CCFC-66DF-4EEC-A8F3-C7BD6F7E3060}"
EndProject
Project("{9A19103F-16F7-4668-BE54-9A1E7A4F7556}") = "GFF00900FRONT", "..\BS Shared Form\SOURCE\FRONT\GFF00900FRONT\GFF00900FRONT.csproj", "{0D0742DD-5EC3-4127-9C65-D63FC96AF31D}"
EndProject
Project("{9A19103F-16F7-4668-BE54-9A1E7A4F7556}") = "GFF00900FrontResources", "..\BS Shared Form\SOURCE\FRONT\GFF00900FrontResources\GFF00900FrontResources.csproj", "{32F74F6F-6DC0-45E0-B228-7F4E2BF84145}"
EndProject
Project("{9A19103F-16F7-4668-BE54-9A1E7A4F7556}") = "GFF00900Model", "..\BS Shared Form\SOURCE\FRONT\GFF00900Model\GFF00900Model.csproj", "{12160B9D-5895-4E41-8D01-CDE0E2D6EA95}"
EndProject
Project("{9A19103F-16F7-4668-BE54-9A1E7A4F7556}") = "Lookup_GSFRONT", "..\BS Shared Form\SOURCE\FRONT\Lookup_GSFRONT\Lookup_GSFRONT.csproj", "{AC3AA49E-D254-48E2-A562-5DEE7DCB6977}"
EndProject
Project("{9A19103F-16F7-4668-BE54-9A1E7A4F7556}") = "Lookup_GSFrontResources", "..\BS Shared Form\SOURCE\FRONT\Lookup_GSFrontResources\Lookup_GSFrontResources.csproj", "{4C86BAC2-2C27-441B-8372-34421190E223}"
EndProject
Project("{9A19103F-16F7-4668-BE54-9A1E7A4F7556}") = "Lookup_GSModel", "..\BS Shared Form\SOURCE\FRONT\Lookup_GSModel\Lookup_GSModel.csproj", "{7D54B6AA-D512-428D-B519-BB76635DFCA9}"
EndProject
Project("{9A19103F-16F7-4668-BE54-9A1E7A4F7556}") = "BlazorMenu", "..\SYSTEM\SOURCE\Menu\BlazorMenu\BlazorMenu.csproj", "{97BD28EB-E918-401E-B3A5-60250B012CC8}"
EndProject
Project("{2150E333-8FDC-42A3-9474-1A3956D46DE8}") = "DESIGN", "DESIGN", "{6A508D70-C636-4BCE-9AD0-808156C6ACCF}"
EndProject
Project("{9A19103F-16F7-4668-BE54-9A1E7A4F7556}") = "DesignFormPM", "..\BS Program\SOURCE\DESIGN\DesignFormPM\DesignFormPM.csproj", "{DAC61FD2-8919-4E17-A2B3-24884206A226}"
EndProject
Project("{FAE04EC0-301F-11D3-BF4B-00C04F79EFBC}") = "BIMASAKTI_HD_API", "..\BS Program\SOURCE\API\HD\BIMASAKTI_HD_API\BIMASAKTI_HD_API.csproj", "{08CB473C-3F58-48B8-9AF3-157E2C21E465}"
EndProject
Project("{2150E333-8FDC-42A3-9474-1A3956D46DE8}") = "HDM00600 - Pricelist Master", "HDM00600 - Pricelist Master", "{76083F5B-749A-4B42-BFA6-04A0C2D00245}"
EndProject
Project("{2150E333-8FDC-42A3-9474-1A3956D46DE8}") = "HDM00600 - Pricelist Master", "HDM00600 - Pricelist Master", "{A00FAD62-0BA1-4B35-AB59-D9EA4923E0F5}"
EndProject
Project("{FAE04EC0-301F-11D3-BF4B-00C04F79EFBC}") = "HDM00600BACK", "..\BS Program\SOURCE\BACK\HD\HDM00600BACK\HDM00600BACK.csproj", "{5B501BD1-648A-4EE8-B076-1192C04FCAD5}"
EndProject
Project("{FAE04EC0-301F-11D3-BF4B-00C04F79EFBC}") = "HDM00600BackResources", "..\BS Program\SOURCE\BACK\HD\HDM00600BackResources\HDM00600BackResources.csproj", "{FA637113-EEAA-4DD9-8F25-9B0B3F6817C5}"
EndProject
Project("{FAE04EC0-301F-11D3-BF4B-00C04F79EFBC}") = "HDM00600COMMON", "..\BS Program\SOURCE\COMMON\HD\HDM00600COMMON\HDM00600COMMON.csproj", "{36A1FF6D-B198-4C45-956F-13348378073C}"
EndProject
Project("{FAE04EC0-301F-11D3-BF4B-00C04F79EFBC}") = "RSP_HD_ADD_PRICELIST_PROCESSResources", "..\BS Program\SOURCE\BACK\HD\HD_SPR\RSP_HD_ADD_PRICELIST_PROCESSResources\RSP_HD_ADD_PRICELIST_PROCESSResources.csproj", "{BA2143A7-E7F4-4630-B7B5-9D5AB412ED17}"
EndProject
Project("{FAE04EC0-301F-11D3-BF4B-00C04F79EFBC}") = "RSP_HD_MAINTAIN_PRICELISTResources", "..\BS Program\SOURCE\BACK\HD\HD_SPR\RSP_HD_MAINTAIN_PRICELISTResources\RSP_HD_MAINTAIN_PRICELISTResources.csproj", "{63380AEB-C921-409E-89FB-75F189F7C5AB}"
EndProject
Project("{FAE04EC0-301F-11D3-BF4B-00C04F79EFBC}") = "RSP_HD_UPLOAD_PRICELIST_PROCESSResources", "..\BS Program\SOURCE\BACK\HD\HD_SPR\RSP_HD_UPLOAD_PRICELIST_PROCESSResources\RSP_HD_UPLOAD_PRICELIST_PROCESSResources.csproj", "{DEB8D475-13DE-48CE-830D-B715D572BE55}"
EndProject
Project("{FAE04EC0-301F-11D3-BF4B-00C04F79EFBC}") = "RSP_HD_INACTIVE_PRICELISTResources", "..\BS Program\SOURCE\BACK\HD\HD_SPR\RSP_HD_INACTIVE_PRICELISTResources\RSP_HD_INACTIVE_PRICELISTResources.csproj", "{36420B79-DF6E-44D4-B3BC-827D6FFC0F4F}"
EndProject
Project("{FAE04EC0-301F-11D3-BF4B-00C04F79EFBC}") = "HDM00600MODEL", "..\BS Program\SOURCE\FRONT\HDM00600MODEL\HDM00600MODEL.csproj", "{72023CFF-DE11-4A3E-982F-789E8853F077}"
EndProject
Project("{FAE04EC0-301F-11D3-BF4B-00C04F79EFBC}") = "HDM00600FrontResources", "..\BS Program\SOURCE\FRONT\HDM00600FrontResources\HDM00600FrontResources.csproj", "{C3108212-95E8-4C0D-8CE2-DBCD0869B412}"
EndProject
Project("{FAE04EC0-301F-11D3-BF4B-00C04F79EFBC}") = "HDM00600FRONT", "..\BS Program\SOURCE\FRONT\HDM00600FRONT\HDM00600FRONT.csproj", "{397F9289-0298-4E6A-B291-2E38FA80D0BF}"
EndProject
Project("{2150E333-8FDC-42A3-9474-1A3956D46DE8}") = "LM_Lookup", "LM_Lookup", "{24DB1234-18FD-4475-8EE5-070EA7945C98}"
EndProject
Project("{FAE04EC0-301F-11D3-BF4B-00C04F79EFBC}") = "Lookup_PMBACK", "..\BS Shared Form\SOURCE\BACK\Lookup_LMBACK\Lookup_PMBACK.csproj", "{C718B04E-DA29-4606-81C6-8919F4FDBC48}"
EndProject
Project("{FAE04EC0-301F-11D3-BF4B-00C04F79EFBC}") = "Lookup_PMBackResources", "..\BS Shared Form\SOURCE\BACK\Lookup_LMBackResources\Lookup_PMBackResources.csproj", "{AD5A02E5-8FFE-49E4-97B8-D526AA860600}"
EndProject
Project("{FAE04EC0-301F-11D3-BF4B-00C04F79EFBC}") = "Lookup_PMCOMMON", "..\BS Shared Form\SOURCE\BACK\Lookup_LMCOMMON\Lookup_PMCOMMON.csproj", "{1264E370-D150-4EDB-A1B7-04F70FDE0FAA}"
EndProject
Project("{2150E333-8FDC-42A3-9474-1A3956D46DE8}") = "HD_Lookup", "HD_Lookup", "{EC067121-A461-42C9-BB05-0EC418CF1A63}"
EndProject
Project("{FAE04EC0-301F-11D3-BF4B-00C04F79EFBC}") = "Lookup_HDBACK", "..\BS Shared Form\SOURCE\BACK\Lookup_HDBACK\Lookup_HDBACK.csproj", "{8CA7DEE9-587E-4F43-84EE-6E444D70F011}"
EndProject
Project("{FAE04EC0-301F-11D3-BF4B-00C04F79EFBC}") = "Lookup_HDCOMMON", "..\BS Shared Form\SOURCE\BACK\Lookup_HDCOMMON\Lookup_HDCOMMON.csproj", "{C7D0E441-02DA-4734-AD95-36923AC91CAB}"
EndProject
Project("{2150E333-8FDC-42A3-9474-1A3956D46DE8}") = "PM_Lookup", "PM_Lookup", "{D943A7DD-C032-44D3-887D-1515FB9E9113}"
EndProject
Project("{FAE04EC0-301F-11D3-BF4B-00C04F79EFBC}") = "Lookup_PMFrontResources", "..\BS Shared Form\SOURCE\FRONT\Lookup_LMFrontResources\Lookup_PMFrontResources.csproj", "{FD151184-9AD4-434D-929B-9C7BE9E699F7}"
EndProject
Project("{FAE04EC0-301F-11D3-BF4B-00C04F79EFBC}") = "Lookup_PMModel", "..\BS Shared Form\SOURCE\FRONT\Lookup_LMModel\Lookup_PMModel.csproj", "{613803E6-D047-4A0F-8E1A-FFD756041150}"
EndProject
Project("{FAE04EC0-301F-11D3-BF4B-00C04F79EFBC}") = "Lookup_PMFRONT", "..\BS Shared Form\SOURCE\FRONT\Lookup_LMFRONT\Lookup_PMFRONT.csproj", "{90E42E29-B1F2-4FC3-B7D3-7A9B51DAC745}"
EndProject
Project("{2150E333-8FDC-42A3-9474-1A3956D46DE8}") = "HD_Lookup", "HD_Lookup", "{54A0BA7A-66FC-4332-B216-DA856B5B5441}"
EndProject
Project("{FAE04EC0-301F-11D3-BF4B-00C04F79EFBC}") = "Lookup_HDFRONT", "..\BS Shared Form\SOURCE\FRONT\Lookup_HDFRONT\Lookup_HDFRONT.csproj", "{A823F4E1-4358-4944-A264-D73BD489D7C3}"
EndProject
Project("{FAE04EC0-301F-11D3-BF4B-00C04F79EFBC}") = "Lookup_HDFrontResources", "..\BS Shared Form\SOURCE\FRONT\Lookup_HDFrontResources\Lookup_HDFrontResources.csproj", "{EDFA7CB6-40A7-4CD1-925B-43F3F690D41D}"
EndProject
Project("{FAE04EC0-301F-11D3-BF4B-00C04F79EFBC}") = "Lookup_HDModel", "..\BS Shared Form\SOURCE\FRONT\Lookup_HDModel\Lookup_HDModel.csproj", "{5BEB6E19-EDE8-4610-9EAF-D3E3DA986492}"
EndProject
Project("{FAE04EC0-301F-11D3-BF4B-00C04F79EFBC}") = "Lookup_HDSERVICES", "..\BS Shared Form\SOURCE\SERVICES\Lookup_HDSERVICES\Lookup_HDSERVICES.csproj", "{1C8A3FEA-6CDD-4F88-9003-F7D311233FE4}"
EndProject
Project("{FAE04EC0-301F-11D3-BF4B-00C04F79EFBC}") = "Lookup_PMSERVICES", "..\BS Shared Form\SOURCE\SERVICES\Lookup_LMSERVICES\Lookup_PMSERVICES.csproj", "{287F0BAD-83B0-4B58-946A-92C38D6EF483}"
EndProject
Project("{FAE04EC0-301F-11D3-BF4B-00C04F79EFBC}") = "BIMASAKTI_PM_API", "..\BS Program\SOURCE\API\LM\BIMASAKTI_LM_API\BIMASAKTI_PM_API.csproj", "{A188BA3F-EF0C-407E-A9E1-3B42396CA1D0}"
EndProject
Project("{FAE04EC0-301F-11D3-BF4B-00C04F79EFBC}") = "HDM00600SERVICE", "..\BS Program\SOURCE\SERVICE\HD\HDM00600SERVICE\HDM00600SERVICE.csproj", "{50FC93A0-B0B1-4992-8AFD-7B24704C3D3D}"
EndProject
Project("{2150E333-8FDC-42A3-9474-1A3956D46DE8}") = "HDM00500 - Task Checklist", "HDM00500 - Task Checklist", "{2AA0F146-F474-4216-885D-F87C8AA9D8A3}"
EndProject
Project("{2150E333-8FDC-42A3-9474-1A3956D46DE8}") = "HDM00500 - Task Checklist", "HDM00500 - Task Checklist", "{97C5A52E-F546-4C55-B9CF-363E1973E7B0}"
EndProject
Project("{FAE04EC0-301F-11D3-BF4B-00C04F79EFBC}") = "HDM00500BackResources", "..\BS Program\SOURCE\BACK\HD\HDM00500BackResources\HDM00500BackResources.csproj", "{9825BF56-D359-4600-88C8-894A98EF0F6A}"
EndProject
Project("{FAE04EC0-301F-11D3-BF4B-00C04F79EFBC}") = "HDM00500BACK", "..\BS Program\SOURCE\BACK\HD\HDM00500BACK\HDM00500BACK.csproj", "{923295D7-3128-4CB8-904A-F5871EFFF760}"
EndProject
Project("{FAE04EC0-301F-11D3-BF4B-00C04F79EFBC}") = "HDM00500FRONT", "..\BS Program\SOURCE\FRONT\HDM00500FRONT\HDM00500FRONT.csproj", "{276AC65C-8AC4-4EC8-A83E-F1D01580EEA9}"
EndProject
Project("{FAE04EC0-301F-11D3-BF4B-00C04F79EFBC}") = "HDM00500MODEL", "..\BS Program\SOURCE\FRONT\HDM00500MODEL\HDM00500MODEL.csproj", "{73B6803F-7F22-41FF-B8FF-F624D0CC9E97}"
EndProject
Project("{FAE04EC0-301F-11D3-BF4B-00C04F79EFBC}") = "HDM00500FrontResources", "..\BS Program\SOURCE\FRONT\HDM00500FrontResources\HDM00500FrontResources.csproj", "{2038B73A-A825-4BED-9026-A3AC5D1EB9CC}"
EndProject
Project("{FAE04EC0-301F-11D3-BF4B-00C04F79EFBC}") = "RSP_HD_MAINTAIN_CHECKLISTResources", "..\BS Program\SOURCE\BACK\HD\HD_SPR\RSP_HD_MAINTAIN_CHECKLISTResources\RSP_HD_MAINTAIN_CHECKLISTResources.csproj", "{499D90FF-C631-42A4-83F4-2546683B067A}"
EndProject
Project("{FAE04EC0-301F-11D3-BF4B-00C04F79EFBC}") = "RSP_HD_MAINTAIN_TASK_CHECKLISTResources", "..\BS Program\SOURCE\BACK\HD\HD_SPR\RSP_HD_MAINTAIN_TASK_CHECKLISTResources\RSP_HD_MAINTAIN_TASK_CHECKLISTResources.csproj", "{92697C09-5AD1-4DD0-97D8-7CBB96E2B261}"
EndProject
Project("{FAE04EC0-301F-11D3-BF4B-00C04F79EFBC}") = "RSP_HD_UPLOAD_CHECKLISTResources", "..\BS Program\SOURCE\BACK\HD\HD_SPR\RSP_HD_UPLOAD_CHECKLISTResources\RSP_HD_UPLOAD_CHECKLISTResources.csproj", "{48FCD4EA-98E7-4661-AA0C-1E1B099EAB10}"
EndProject
Project("{FAE04EC0-301F-11D3-BF4B-00C04F79EFBC}") = "RSP_HD_UPLOAD_TASK_CHECKLISTResources", "..\BS Program\SOURCE\BACK\HD\HD_SPR\RSP_HD_UPLOAD_TASK_CHECKLISTResources\RSP_HD_UPLOAD_TASK_CHECKLISTResources.csproj", "{F87692D9-D4D6-4A51-A3EB-1F8AA9E722DD}"
EndProject
Project("{FAE04EC0-301F-11D3-BF4B-00C04F79EFBC}") = "HDM00500SERVICE", "..\BS Program\SOURCE\SERVICE\HD\HDM00500SERVICE\HDM00500SERVICE.csproj", "{8AF47C37-1020-49F6-972E-3BD6B06809DB}"
EndProject
Project("{FAE04EC0-301F-11D3-BF4B-00C04F79EFBC}") = "HDM00500COMMON", "..\BS Program\SOURCE\COMMON\HD\HDM00500COMMON\HDM00500COMMON.csproj", "{1820B53D-88A7-4F47-9833-949348999E25}"
EndProject
Global
	GlobalSection(SolutionConfigurationPlatforms) = preSolution
		Debug|Any CPU = Debug|Any CPU
		Release|Any CPU = Release|Any CPU
		Report|Any CPU = Report|Any CPU
		X|Any CPU = X|Any CPU
	EndGlobalSection
	GlobalSection(ProjectConfigurationPlatforms) = postSolution
		{2A093F3B-155F-480C-AC45-F2EA18C9D420}.Debug|Any CPU.ActiveCfg = Debug|Any CPU
		{2A093F3B-155F-480C-AC45-F2EA18C9D420}.Debug|Any CPU.Build.0 = Debug|Any CPU
		{2A093F3B-155F-480C-AC45-F2EA18C9D420}.Release|Any CPU.ActiveCfg = Release|Any CPU
		{2A093F3B-155F-480C-AC45-F2EA18C9D420}.Release|Any CPU.Build.0 = Release|Any CPU
		{2A093F3B-155F-480C-AC45-F2EA18C9D420}.Report|Any CPU.ActiveCfg = Release|Any CPU
		{2A093F3B-155F-480C-AC45-F2EA18C9D420}.Report|Any CPU.Build.0 = Release|Any CPU
		{2A093F3B-155F-480C-AC45-F2EA18C9D420}.X|Any CPU.ActiveCfg = Debug|Any CPU
		{2A093F3B-155F-480C-AC45-F2EA18C9D420}.X|Any CPU.Build.0 = Debug|Any CPU
		{8E237260-BD8C-4A17-A6C1-E753C557A756}.Debug|Any CPU.ActiveCfg = Debug|Any CPU
		{8E237260-BD8C-4A17-A6C1-E753C557A756}.Debug|Any CPU.Build.0 = Debug|Any CPU
		{8E237260-BD8C-4A17-A6C1-E753C557A756}.Release|Any CPU.ActiveCfg = Release|Any CPU
		{8E237260-BD8C-4A17-A6C1-E753C557A756}.Release|Any CPU.Build.0 = Release|Any CPU
		{8E237260-BD8C-4A17-A6C1-E753C557A756}.Report|Any CPU.ActiveCfg = Release|Any CPU
		{8E237260-BD8C-4A17-A6C1-E753C557A756}.Report|Any CPU.Build.0 = Release|Any CPU
		{8E237260-BD8C-4A17-A6C1-E753C557A756}.X|Any CPU.ActiveCfg = Debug|Any CPU
		{8E237260-BD8C-4A17-A6C1-E753C557A756}.X|Any CPU.Build.0 = Debug|Any CPU
		{2843A5CA-605B-403E-A23B-7D36A303B77F}.Debug|Any CPU.ActiveCfg = Debug|Any CPU
		{2843A5CA-605B-403E-A23B-7D36A303B77F}.Debug|Any CPU.Build.0 = Debug|Any CPU
		{2843A5CA-605B-403E-A23B-7D36A303B77F}.Release|Any CPU.ActiveCfg = Release|Any CPU
		{2843A5CA-605B-403E-A23B-7D36A303B77F}.Release|Any CPU.Build.0 = Release|Any CPU
		{2843A5CA-605B-403E-A23B-7D36A303B77F}.Report|Any CPU.ActiveCfg = Release|Any CPU
		{2843A5CA-605B-403E-A23B-7D36A303B77F}.Report|Any CPU.Build.0 = Release|Any CPU
		{2843A5CA-605B-403E-A23B-7D36A303B77F}.X|Any CPU.ActiveCfg = Debug|Any CPU
		{2843A5CA-605B-403E-A23B-7D36A303B77F}.X|Any CPU.Build.0 = Debug|Any CPU
		{F07213B0-6041-402B-88A3-DAEC1F607DB6}.Debug|Any CPU.ActiveCfg = Debug|Any CPU
		{F07213B0-6041-402B-88A3-DAEC1F607DB6}.Debug|Any CPU.Build.0 = Debug|Any CPU
		{F07213B0-6041-402B-88A3-DAEC1F607DB6}.Release|Any CPU.ActiveCfg = Release|Any CPU
		{F07213B0-6041-402B-88A3-DAEC1F607DB6}.Release|Any CPU.Build.0 = Release|Any CPU
		{F07213B0-6041-402B-88A3-DAEC1F607DB6}.Report|Any CPU.ActiveCfg = Release|Any CPU
		{F07213B0-6041-402B-88A3-DAEC1F607DB6}.Report|Any CPU.Build.0 = Release|Any CPU
		{F07213B0-6041-402B-88A3-DAEC1F607DB6}.X|Any CPU.ActiveCfg = Debug|Any CPU
		{F07213B0-6041-402B-88A3-DAEC1F607DB6}.X|Any CPU.Build.0 = Debug|Any CPU
		{EBC1BBE6-F25D-4C40-AAE1-099FF1DC4D9A}.Debug|Any CPU.ActiveCfg = Debug|Any CPU
		{EBC1BBE6-F25D-4C40-AAE1-099FF1DC4D9A}.Debug|Any CPU.Build.0 = Debug|Any CPU
		{EBC1BBE6-F25D-4C40-AAE1-099FF1DC4D9A}.Release|Any CPU.ActiveCfg = Release|Any CPU
		{EBC1BBE6-F25D-4C40-AAE1-099FF1DC4D9A}.Release|Any CPU.Build.0 = Release|Any CPU
		{EBC1BBE6-F25D-4C40-AAE1-099FF1DC4D9A}.Report|Any CPU.ActiveCfg = Release|Any CPU
		{EBC1BBE6-F25D-4C40-AAE1-099FF1DC4D9A}.Report|Any CPU.Build.0 = Release|Any CPU
		{EBC1BBE6-F25D-4C40-AAE1-099FF1DC4D9A}.X|Any CPU.ActiveCfg = Debug|Any CPU
		{EBC1BBE6-F25D-4C40-AAE1-099FF1DC4D9A}.X|Any CPU.Build.0 = Debug|Any CPU
		{DDCFAEC6-8572-4D30-9FA5-CB7CEA563C93}.Debug|Any CPU.ActiveCfg = Debug|Any CPU
		{DDCFAEC6-8572-4D30-9FA5-CB7CEA563C93}.Debug|Any CPU.Build.0 = Debug|Any CPU
		{DDCFAEC6-8572-4D30-9FA5-CB7CEA563C93}.Release|Any CPU.ActiveCfg = Release|Any CPU
		{DDCFAEC6-8572-4D30-9FA5-CB7CEA563C93}.Release|Any CPU.Build.0 = Release|Any CPU
		{DDCFAEC6-8572-4D30-9FA5-CB7CEA563C93}.Report|Any CPU.ActiveCfg = Release|Any CPU
		{DDCFAEC6-8572-4D30-9FA5-CB7CEA563C93}.Report|Any CPU.Build.0 = Release|Any CPU
		{DDCFAEC6-8572-4D30-9FA5-CB7CEA563C93}.X|Any CPU.ActiveCfg = Debug|Any CPU
		{DDCFAEC6-8572-4D30-9FA5-CB7CEA563C93}.X|Any CPU.Build.0 = Debug|Any CPU
		{4AB7253C-0E24-4082-9335-703822E83A2C}.Debug|Any CPU.ActiveCfg = Debug|Any CPU
		{4AB7253C-0E24-4082-9335-703822E83A2C}.Debug|Any CPU.Build.0 = Debug|Any CPU
		{4AB7253C-0E24-4082-9335-703822E83A2C}.Release|Any CPU.ActiveCfg = Release|Any CPU
		{4AB7253C-0E24-4082-9335-703822E83A2C}.Release|Any CPU.Build.0 = Release|Any CPU
		{4AB7253C-0E24-4082-9335-703822E83A2C}.Report|Any CPU.ActiveCfg = Release|Any CPU
		{4AB7253C-0E24-4082-9335-703822E83A2C}.Report|Any CPU.Build.0 = Release|Any CPU
		{4AB7253C-0E24-4082-9335-703822E83A2C}.X|Any CPU.ActiveCfg = Debug|Any CPU
		{4AB7253C-0E24-4082-9335-703822E83A2C}.X|Any CPU.Build.0 = Debug|Any CPU
		{62885A24-88ED-4FD1-9BA7-B40BCFE721CC}.Debug|Any CPU.ActiveCfg = Debug|Any CPU
		{62885A24-88ED-4FD1-9BA7-B40BCFE721CC}.Debug|Any CPU.Build.0 = Debug|Any CPU
		{62885A24-88ED-4FD1-9BA7-B40BCFE721CC}.Release|Any CPU.ActiveCfg = Release|Any CPU
		{62885A24-88ED-4FD1-9BA7-B40BCFE721CC}.Release|Any CPU.Build.0 = Release|Any CPU
		{62885A24-88ED-4FD1-9BA7-B40BCFE721CC}.Report|Any CPU.ActiveCfg = Release|Any CPU
		{62885A24-88ED-4FD1-9BA7-B40BCFE721CC}.Report|Any CPU.Build.0 = Release|Any CPU
		{62885A24-88ED-4FD1-9BA7-B40BCFE721CC}.X|Any CPU.ActiveCfg = Debug|Any CPU
		{62885A24-88ED-4FD1-9BA7-B40BCFE721CC}.X|Any CPU.Build.0 = Debug|Any CPU
		{7BA5CCFC-66DF-4EEC-A8F3-C7BD6F7E3060}.Debug|Any CPU.ActiveCfg = Debug|Any CPU
		{7BA5CCFC-66DF-4EEC-A8F3-C7BD6F7E3060}.Debug|Any CPU.Build.0 = Debug|Any CPU
		{7BA5CCFC-66DF-4EEC-A8F3-C7BD6F7E3060}.Release|Any CPU.ActiveCfg = Release|Any CPU
		{7BA5CCFC-66DF-4EEC-A8F3-C7BD6F7E3060}.Release|Any CPU.Build.0 = Release|Any CPU
		{7BA5CCFC-66DF-4EEC-A8F3-C7BD6F7E3060}.Report|Any CPU.ActiveCfg = Release|Any CPU
		{7BA5CCFC-66DF-4EEC-A8F3-C7BD6F7E3060}.Report|Any CPU.Build.0 = Release|Any CPU
		{7BA5CCFC-66DF-4EEC-A8F3-C7BD6F7E3060}.X|Any CPU.ActiveCfg = Debug|Any CPU
		{7BA5CCFC-66DF-4EEC-A8F3-C7BD6F7E3060}.X|Any CPU.Build.0 = Debug|Any CPU
		{0D0742DD-5EC3-4127-9C65-D63FC96AF31D}.Debug|Any CPU.ActiveCfg = Debug|Any CPU
		{0D0742DD-5EC3-4127-9C65-D63FC96AF31D}.Debug|Any CPU.Build.0 = Debug|Any CPU
		{0D0742DD-5EC3-4127-9C65-D63FC96AF31D}.Release|Any CPU.ActiveCfg = Release|Any CPU
		{0D0742DD-5EC3-4127-9C65-D63FC96AF31D}.Release|Any CPU.Build.0 = Release|Any CPU
		{0D0742DD-5EC3-4127-9C65-D63FC96AF31D}.Report|Any CPU.ActiveCfg = Release|Any CPU
		{0D0742DD-5EC3-4127-9C65-D63FC96AF31D}.Report|Any CPU.Build.0 = Release|Any CPU
		{0D0742DD-5EC3-4127-9C65-D63FC96AF31D}.X|Any CPU.ActiveCfg = Debug|Any CPU
		{0D0742DD-5EC3-4127-9C65-D63FC96AF31D}.X|Any CPU.Build.0 = Debug|Any CPU
		{32F74F6F-6DC0-45E0-B228-7F4E2BF84145}.Debug|Any CPU.ActiveCfg = Debug|Any CPU
		{32F74F6F-6DC0-45E0-B228-7F4E2BF84145}.Debug|Any CPU.Build.0 = Debug|Any CPU
		{32F74F6F-6DC0-45E0-B228-7F4E2BF84145}.Release|Any CPU.ActiveCfg = Release|Any CPU
		{32F74F6F-6DC0-45E0-B228-7F4E2BF84145}.Release|Any CPU.Build.0 = Release|Any CPU
		{32F74F6F-6DC0-45E0-B228-7F4E2BF84145}.Report|Any CPU.ActiveCfg = Release|Any CPU
		{32F74F6F-6DC0-45E0-B228-7F4E2BF84145}.Report|Any CPU.Build.0 = Release|Any CPU
		{32F74F6F-6DC0-45E0-B228-7F4E2BF84145}.X|Any CPU.ActiveCfg = Debug|Any CPU
		{32F74F6F-6DC0-45E0-B228-7F4E2BF84145}.X|Any CPU.Build.0 = Debug|Any CPU
		{12160B9D-5895-4E41-8D01-CDE0E2D6EA95}.Debug|Any CPU.ActiveCfg = Debug|Any CPU
		{12160B9D-5895-4E41-8D01-CDE0E2D6EA95}.Debug|Any CPU.Build.0 = Debug|Any CPU
		{12160B9D-5895-4E41-8D01-CDE0E2D6EA95}.Release|Any CPU.ActiveCfg = Release|Any CPU
		{12160B9D-5895-4E41-8D01-CDE0E2D6EA95}.Release|Any CPU.Build.0 = Release|Any CPU
		{12160B9D-5895-4E41-8D01-CDE0E2D6EA95}.Report|Any CPU.ActiveCfg = Release|Any CPU
		{12160B9D-5895-4E41-8D01-CDE0E2D6EA95}.Report|Any CPU.Build.0 = Release|Any CPU
		{12160B9D-5895-4E41-8D01-CDE0E2D6EA95}.X|Any CPU.ActiveCfg = Debug|Any CPU
		{12160B9D-5895-4E41-8D01-CDE0E2D6EA95}.X|Any CPU.Build.0 = Debug|Any CPU
		{AC3AA49E-D254-48E2-A562-5DEE7DCB6977}.Debug|Any CPU.ActiveCfg = Debug|Any CPU
		{AC3AA49E-D254-48E2-A562-5DEE7DCB6977}.Debug|Any CPU.Build.0 = Debug|Any CPU
		{AC3AA49E-D254-48E2-A562-5DEE7DCB6977}.Release|Any CPU.ActiveCfg = Release|Any CPU
		{AC3AA49E-D254-48E2-A562-5DEE7DCB6977}.Release|Any CPU.Build.0 = Release|Any CPU
		{AC3AA49E-D254-48E2-A562-5DEE7DCB6977}.Report|Any CPU.ActiveCfg = Release|Any CPU
		{AC3AA49E-D254-48E2-A562-5DEE7DCB6977}.Report|Any CPU.Build.0 = Release|Any CPU
		{AC3AA49E-D254-48E2-A562-5DEE7DCB6977}.X|Any CPU.ActiveCfg = Debug|Any CPU
		{AC3AA49E-D254-48E2-A562-5DEE7DCB6977}.X|Any CPU.Build.0 = Debug|Any CPU
		{4C86BAC2-2C27-441B-8372-34421190E223}.Debug|Any CPU.ActiveCfg = Debug|Any CPU
		{4C86BAC2-2C27-441B-8372-34421190E223}.Debug|Any CPU.Build.0 = Debug|Any CPU
		{4C86BAC2-2C27-441B-8372-34421190E223}.Release|Any CPU.ActiveCfg = Release|Any CPU
		{4C86BAC2-2C27-441B-8372-34421190E223}.Release|Any CPU.Build.0 = Release|Any CPU
		{4C86BAC2-2C27-441B-8372-34421190E223}.Report|Any CPU.ActiveCfg = Release|Any CPU
		{4C86BAC2-2C27-441B-8372-34421190E223}.Report|Any CPU.Build.0 = Release|Any CPU
		{4C86BAC2-2C27-441B-8372-34421190E223}.X|Any CPU.ActiveCfg = Debug|Any CPU
		{4C86BAC2-2C27-441B-8372-34421190E223}.X|Any CPU.Build.0 = Debug|Any CPU
		{7D54B6AA-D512-428D-B519-BB76635DFCA9}.Debug|Any CPU.ActiveCfg = Debug|Any CPU
		{7D54B6AA-D512-428D-B519-BB76635DFCA9}.Debug|Any CPU.Build.0 = Debug|Any CPU
		{7D54B6AA-D512-428D-B519-BB76635DFCA9}.Release|Any CPU.ActiveCfg = Release|Any CPU
		{7D54B6AA-D512-428D-B519-BB76635DFCA9}.Release|Any CPU.Build.0 = Release|Any CPU
		{7D54B6AA-D512-428D-B519-BB76635DFCA9}.Report|Any CPU.ActiveCfg = Release|Any CPU
		{7D54B6AA-D512-428D-B519-BB76635DFCA9}.Report|Any CPU.Build.0 = Release|Any CPU
		{7D54B6AA-D512-428D-B519-BB76635DFCA9}.X|Any CPU.ActiveCfg = Debug|Any CPU
		{7D54B6AA-D512-428D-B519-BB76635DFCA9}.X|Any CPU.Build.0 = Debug|Any CPU
		{97BD28EB-E918-401E-B3A5-60250B012CC8}.Debug|Any CPU.ActiveCfg = Debug|Any CPU
		{97BD28EB-E918-401E-B3A5-60250B012CC8}.Debug|Any CPU.Build.0 = Debug|Any CPU
		{97BD28EB-E918-401E-B3A5-60250B012CC8}.Release|Any CPU.ActiveCfg = Release|Any CPU
		{97BD28EB-E918-401E-B3A5-60250B012CC8}.Release|Any CPU.Build.0 = Release|Any CPU
		{97BD28EB-E918-401E-B3A5-60250B012CC8}.Report|Any CPU.ActiveCfg = Release|Any CPU
		{97BD28EB-E918-401E-B3A5-60250B012CC8}.Report|Any CPU.Build.0 = Release|Any CPU
		{97BD28EB-E918-401E-B3A5-60250B012CC8}.X|Any CPU.ActiveCfg = Debug|Any CPU
		{97BD28EB-E918-401E-B3A5-60250B012CC8}.X|Any CPU.Build.0 = Debug|Any CPU
		{DAC61FD2-8919-4E17-A2B3-24884206A226}.Debug|Any CPU.ActiveCfg = Debug|Any CPU
		{DAC61FD2-8919-4E17-A2B3-24884206A226}.Debug|Any CPU.Build.0 = Debug|Any CPU
		{DAC61FD2-8919-4E17-A2B3-24884206A226}.Release|Any CPU.ActiveCfg = Release|Any CPU
		{DAC61FD2-8919-4E17-A2B3-24884206A226}.Release|Any CPU.Build.0 = Release|Any CPU
		{DAC61FD2-8919-4E17-A2B3-24884206A226}.Report|Any CPU.ActiveCfg = Release|Any CPU
		{DAC61FD2-8919-4E17-A2B3-24884206A226}.Report|Any CPU.Build.0 = Release|Any CPU
		{DAC61FD2-8919-4E17-A2B3-24884206A226}.X|Any CPU.ActiveCfg = Debug|Any CPU
		{DAC61FD2-8919-4E17-A2B3-24884206A226}.X|Any CPU.Build.0 = Debug|Any CPU
		{08CB473C-3F58-48B8-9AF3-157E2C21E465}.Debug|Any CPU.ActiveCfg = Debug|Any CPU
		{08CB473C-3F58-48B8-9AF3-157E2C21E465}.Debug|Any CPU.Build.0 = Debug|Any CPU
		{08CB473C-3F58-48B8-9AF3-157E2C21E465}.Release|Any CPU.ActiveCfg = Release|Any CPU
		{08CB473C-3F58-48B8-9AF3-157E2C21E465}.Release|Any CPU.Build.0 = Release|Any CPU
		{08CB473C-3F58-48B8-9AF3-157E2C21E465}.Report|Any CPU.ActiveCfg = Release|Any CPU
		{08CB473C-3F58-48B8-9AF3-157E2C21E465}.Report|Any CPU.Build.0 = Release|Any CPU
		{08CB473C-3F58-48B8-9AF3-157E2C21E465}.X|Any CPU.ActiveCfg = Debug|Any CPU
		{08CB473C-3F58-48B8-9AF3-157E2C21E465}.X|Any CPU.Build.0 = Debug|Any CPU
		{5B501BD1-648A-4EE8-B076-1192C04FCAD5}.Debug|Any CPU.ActiveCfg = Debug|Any CPU
		{5B501BD1-648A-4EE8-B076-1192C04FCAD5}.Debug|Any CPU.Build.0 = Debug|Any CPU
		{5B501BD1-648A-4EE8-B076-1192C04FCAD5}.Release|Any CPU.ActiveCfg = Release|Any CPU
		{5B501BD1-648A-4EE8-B076-1192C04FCAD5}.Release|Any CPU.Build.0 = Release|Any CPU
		{5B501BD1-648A-4EE8-B076-1192C04FCAD5}.Report|Any CPU.ActiveCfg = Release|Any CPU
		{5B501BD1-648A-4EE8-B076-1192C04FCAD5}.Report|Any CPU.Build.0 = Release|Any CPU
		{5B501BD1-648A-4EE8-B076-1192C04FCAD5}.X|Any CPU.ActiveCfg = Debug|Any CPU
		{5B501BD1-648A-4EE8-B076-1192C04FCAD5}.X|Any CPU.Build.0 = Debug|Any CPU
		{FA637113-EEAA-4DD9-8F25-9B0B3F6817C5}.Debug|Any CPU.ActiveCfg = Debug|Any CPU
		{FA637113-EEAA-4DD9-8F25-9B0B3F6817C5}.Debug|Any CPU.Build.0 = Debug|Any CPU
		{FA637113-EEAA-4DD9-8F25-9B0B3F6817C5}.Release|Any CPU.ActiveCfg = Release|Any CPU
		{FA637113-EEAA-4DD9-8F25-9B0B3F6817C5}.Release|Any CPU.Build.0 = Release|Any CPU
		{FA637113-EEAA-4DD9-8F25-9B0B3F6817C5}.Report|Any CPU.ActiveCfg = Release|Any CPU
		{FA637113-EEAA-4DD9-8F25-9B0B3F6817C5}.Report|Any CPU.Build.0 = Release|Any CPU
		{FA637113-EEAA-4DD9-8F25-9B0B3F6817C5}.X|Any CPU.ActiveCfg = Debug|Any CPU
		{FA637113-EEAA-4DD9-8F25-9B0B3F6817C5}.X|Any CPU.Build.0 = Debug|Any CPU
		{36A1FF6D-B198-4C45-956F-13348378073C}.Debug|Any CPU.ActiveCfg = Debug|Any CPU
		{36A1FF6D-B198-4C45-956F-13348378073C}.Debug|Any CPU.Build.0 = Debug|Any CPU
		{36A1FF6D-B198-4C45-956F-13348378073C}.Release|Any CPU.ActiveCfg = Release|Any CPU
		{36A1FF6D-B198-4C45-956F-13348378073C}.Release|Any CPU.Build.0 = Release|Any CPU
		{36A1FF6D-B198-4C45-956F-13348378073C}.Report|Any CPU.ActiveCfg = Release|Any CPU
		{36A1FF6D-B198-4C45-956F-13348378073C}.Report|Any CPU.Build.0 = Release|Any CPU
		{36A1FF6D-B198-4C45-956F-13348378073C}.X|Any CPU.ActiveCfg = Debug|Any CPU
		{36A1FF6D-B198-4C45-956F-13348378073C}.X|Any CPU.Build.0 = Debug|Any CPU
		{BA2143A7-E7F4-4630-B7B5-9D5AB412ED17}.Debug|Any CPU.ActiveCfg = Debug|Any CPU
		{BA2143A7-E7F4-4630-B7B5-9D5AB412ED17}.Debug|Any CPU.Build.0 = Debug|Any CPU
		{BA2143A7-E7F4-4630-B7B5-9D5AB412ED17}.Release|Any CPU.ActiveCfg = Release|Any CPU
		{BA2143A7-E7F4-4630-B7B5-9D5AB412ED17}.Release|Any CPU.Build.0 = Release|Any CPU
		{BA2143A7-E7F4-4630-B7B5-9D5AB412ED17}.Report|Any CPU.ActiveCfg = Release|Any CPU
		{BA2143A7-E7F4-4630-B7B5-9D5AB412ED17}.Report|Any CPU.Build.0 = Release|Any CPU
		{BA2143A7-E7F4-4630-B7B5-9D5AB412ED17}.X|Any CPU.ActiveCfg = Debug|Any CPU
		{BA2143A7-E7F4-4630-B7B5-9D5AB412ED17}.X|Any CPU.Build.0 = Debug|Any CPU
		{63380AEB-C921-409E-89FB-75F189F7C5AB}.Debug|Any CPU.ActiveCfg = Debug|Any CPU
		{63380AEB-C921-409E-89FB-75F189F7C5AB}.Debug|Any CPU.Build.0 = Debug|Any CPU
		{63380AEB-C921-409E-89FB-75F189F7C5AB}.Release|Any CPU.ActiveCfg = Release|Any CPU
		{63380AEB-C921-409E-89FB-75F189F7C5AB}.Release|Any CPU.Build.0 = Release|Any CPU
		{63380AEB-C921-409E-89FB-75F189F7C5AB}.Report|Any CPU.ActiveCfg = Release|Any CPU
		{63380AEB-C921-409E-89FB-75F189F7C5AB}.Report|Any CPU.Build.0 = Release|Any CPU
		{63380AEB-C921-409E-89FB-75F189F7C5AB}.X|Any CPU.ActiveCfg = Debug|Any CPU
		{63380AEB-C921-409E-89FB-75F189F7C5AB}.X|Any CPU.Build.0 = Debug|Any CPU
		{DEB8D475-13DE-48CE-830D-B715D572BE55}.Debug|Any CPU.ActiveCfg = Debug|Any CPU
		{DEB8D475-13DE-48CE-830D-B715D572BE55}.Debug|Any CPU.Build.0 = Debug|Any CPU
		{DEB8D475-13DE-48CE-830D-B715D572BE55}.Release|Any CPU.ActiveCfg = Release|Any CPU
		{DEB8D475-13DE-48CE-830D-B715D572BE55}.Release|Any CPU.Build.0 = Release|Any CPU
		{DEB8D475-13DE-48CE-830D-B715D572BE55}.Report|Any CPU.ActiveCfg = Release|Any CPU
		{DEB8D475-13DE-48CE-830D-B715D572BE55}.Report|Any CPU.Build.0 = Release|Any CPU
		{DEB8D475-13DE-48CE-830D-B715D572BE55}.X|Any CPU.ActiveCfg = Debug|Any CPU
		{DEB8D475-13DE-48CE-830D-B715D572BE55}.X|Any CPU.Build.0 = Debug|Any CPU
		{36420B79-DF6E-44D4-B3BC-827D6FFC0F4F}.Debug|Any CPU.ActiveCfg = Debug|Any CPU
		{36420B79-DF6E-44D4-B3BC-827D6FFC0F4F}.Debug|Any CPU.Build.0 = Debug|Any CPU
		{36420B79-DF6E-44D4-B3BC-827D6FFC0F4F}.Release|Any CPU.ActiveCfg = Release|Any CPU
		{36420B79-DF6E-44D4-B3BC-827D6FFC0F4F}.Release|Any CPU.Build.0 = Release|Any CPU
		{36420B79-DF6E-44D4-B3BC-827D6FFC0F4F}.Report|Any CPU.ActiveCfg = Release|Any CPU
		{36420B79-DF6E-44D4-B3BC-827D6FFC0F4F}.Report|Any CPU.Build.0 = Release|Any CPU
		{36420B79-DF6E-44D4-B3BC-827D6FFC0F4F}.X|Any CPU.ActiveCfg = Debug|Any CPU
		{36420B79-DF6E-44D4-B3BC-827D6FFC0F4F}.X|Any CPU.Build.0 = Debug|Any CPU
		{72023CFF-DE11-4A3E-982F-789E8853F077}.Debug|Any CPU.ActiveCfg = Debug|Any CPU
		{72023CFF-DE11-4A3E-982F-789E8853F077}.Debug|Any CPU.Build.0 = Debug|Any CPU
		{72023CFF-DE11-4A3E-982F-789E8853F077}.Release|Any CPU.ActiveCfg = Release|Any CPU
		{72023CFF-DE11-4A3E-982F-789E8853F077}.Release|Any CPU.Build.0 = Release|Any CPU
		{72023CFF-DE11-4A3E-982F-789E8853F077}.Report|Any CPU.ActiveCfg = Release|Any CPU
		{72023CFF-DE11-4A3E-982F-789E8853F077}.Report|Any CPU.Build.0 = Release|Any CPU
		{72023CFF-DE11-4A3E-982F-789E8853F077}.X|Any CPU.ActiveCfg = Debug|Any CPU
		{72023CFF-DE11-4A3E-982F-789E8853F077}.X|Any CPU.Build.0 = Debug|Any CPU
		{C3108212-95E8-4C0D-8CE2-DBCD0869B412}.Debug|Any CPU.ActiveCfg = Debug|Any CPU
		{C3108212-95E8-4C0D-8CE2-DBCD0869B412}.Debug|Any CPU.Build.0 = Debug|Any CPU
		{C3108212-95E8-4C0D-8CE2-DBCD0869B412}.Release|Any CPU.ActiveCfg = Release|Any CPU
		{C3108212-95E8-4C0D-8CE2-DBCD0869B412}.Release|Any CPU.Build.0 = Release|Any CPU
		{C3108212-95E8-4C0D-8CE2-DBCD0869B412}.Report|Any CPU.ActiveCfg = Release|Any CPU
		{C3108212-95E8-4C0D-8CE2-DBCD0869B412}.Report|Any CPU.Build.0 = Release|Any CPU
		{C3108212-95E8-4C0D-8CE2-DBCD0869B412}.X|Any CPU.ActiveCfg = Debug|Any CPU
		{C3108212-95E8-4C0D-8CE2-DBCD0869B412}.X|Any CPU.Build.0 = Debug|Any CPU
		{397F9289-0298-4E6A-B291-2E38FA80D0BF}.Debug|Any CPU.ActiveCfg = Debug|Any CPU
		{397F9289-0298-4E6A-B291-2E38FA80D0BF}.Debug|Any CPU.Build.0 = Debug|Any CPU
		{397F9289-0298-4E6A-B291-2E38FA80D0BF}.Release|Any CPU.ActiveCfg = Release|Any CPU
		{397F9289-0298-4E6A-B291-2E38FA80D0BF}.Release|Any CPU.Build.0 = Release|Any CPU
		{397F9289-0298-4E6A-B291-2E38FA80D0BF}.Report|Any CPU.ActiveCfg = Release|Any CPU
		{397F9289-0298-4E6A-B291-2E38FA80D0BF}.Report|Any CPU.Build.0 = Release|Any CPU
		{397F9289-0298-4E6A-B291-2E38FA80D0BF}.X|Any CPU.ActiveCfg = Debug|Any CPU
		{397F9289-0298-4E6A-B291-2E38FA80D0BF}.X|Any CPU.Build.0 = Debug|Any CPU
		{C718B04E-DA29-4606-81C6-8919F4FDBC48}.Debug|Any CPU.ActiveCfg = Debug|Any CPU
		{C718B04E-DA29-4606-81C6-8919F4FDBC48}.Debug|Any CPU.Build.0 = Debug|Any CPU
		{C718B04E-DA29-4606-81C6-8919F4FDBC48}.Release|Any CPU.ActiveCfg = Release|Any CPU
		{C718B04E-DA29-4606-81C6-8919F4FDBC48}.Release|Any CPU.Build.0 = Release|Any CPU
		{C718B04E-DA29-4606-81C6-8919F4FDBC48}.Report|Any CPU.ActiveCfg = Release|Any CPU
		{C718B04E-DA29-4606-81C6-8919F4FDBC48}.Report|Any CPU.Build.0 = Release|Any CPU
		{C718B04E-DA29-4606-81C6-8919F4FDBC48}.X|Any CPU.ActiveCfg = Debug|Any CPU
		{C718B04E-DA29-4606-81C6-8919F4FDBC48}.X|Any CPU.Build.0 = Debug|Any CPU
		{AD5A02E5-8FFE-49E4-97B8-D526AA860600}.Debug|Any CPU.ActiveCfg = Debug|Any CPU
		{AD5A02E5-8FFE-49E4-97B8-D526AA860600}.Debug|Any CPU.Build.0 = Debug|Any CPU
		{AD5A02E5-8FFE-49E4-97B8-D526AA860600}.Release|Any CPU.ActiveCfg = Release|Any CPU
		{AD5A02E5-8FFE-49E4-97B8-D526AA860600}.Release|Any CPU.Build.0 = Release|Any CPU
		{AD5A02E5-8FFE-49E4-97B8-D526AA860600}.Report|Any CPU.ActiveCfg = Release|Any CPU
		{AD5A02E5-8FFE-49E4-97B8-D526AA860600}.Report|Any CPU.Build.0 = Release|Any CPU
		{AD5A02E5-8FFE-49E4-97B8-D526AA860600}.X|Any CPU.ActiveCfg = Debug|Any CPU
		{AD5A02E5-8FFE-49E4-97B8-D526AA860600}.X|Any CPU.Build.0 = Debug|Any CPU
		{1264E370-D150-4EDB-A1B7-04F70FDE0FAA}.Debug|Any CPU.ActiveCfg = Debug|Any CPU
		{1264E370-D150-4EDB-A1B7-04F70FDE0FAA}.Debug|Any CPU.Build.0 = Debug|Any CPU
		{1264E370-D150-4EDB-A1B7-04F70FDE0FAA}.Release|Any CPU.ActiveCfg = Release|Any CPU
		{1264E370-D150-4EDB-A1B7-04F70FDE0FAA}.Release|Any CPU.Build.0 = Release|Any CPU
		{1264E370-D150-4EDB-A1B7-04F70FDE0FAA}.Report|Any CPU.ActiveCfg = Release|Any CPU
		{1264E370-D150-4EDB-A1B7-04F70FDE0FAA}.Report|Any CPU.Build.0 = Release|Any CPU
		{1264E370-D150-4EDB-A1B7-04F70FDE0FAA}.X|Any CPU.ActiveCfg = Debug|Any CPU
		{1264E370-D150-4EDB-A1B7-04F70FDE0FAA}.X|Any CPU.Build.0 = Debug|Any CPU
		{8CA7DEE9-587E-4F43-84EE-6E444D70F011}.Debug|Any CPU.ActiveCfg = Debug|Any CPU
		{8CA7DEE9-587E-4F43-84EE-6E444D70F011}.Debug|Any CPU.Build.0 = Debug|Any CPU
		{8CA7DEE9-587E-4F43-84EE-6E444D70F011}.Release|Any CPU.ActiveCfg = Release|Any CPU
		{8CA7DEE9-587E-4F43-84EE-6E444D70F011}.Release|Any CPU.Build.0 = Release|Any CPU
		{8CA7DEE9-587E-4F43-84EE-6E444D70F011}.Report|Any CPU.ActiveCfg = Release|Any CPU
		{8CA7DEE9-587E-4F43-84EE-6E444D70F011}.Report|Any CPU.Build.0 = Release|Any CPU
		{8CA7DEE9-587E-4F43-84EE-6E444D70F011}.X|Any CPU.ActiveCfg = Debug|Any CPU
		{8CA7DEE9-587E-4F43-84EE-6E444D70F011}.X|Any CPU.Build.0 = Debug|Any CPU
		{C7D0E441-02DA-4734-AD95-36923AC91CAB}.Debug|Any CPU.ActiveCfg = Debug|Any CPU
		{C7D0E441-02DA-4734-AD95-36923AC91CAB}.Debug|Any CPU.Build.0 = Debug|Any CPU
		{C7D0E441-02DA-4734-AD95-36923AC91CAB}.Release|Any CPU.ActiveCfg = Release|Any CPU
		{C7D0E441-02DA-4734-AD95-36923AC91CAB}.Release|Any CPU.Build.0 = Release|Any CPU
		{C7D0E441-02DA-4734-AD95-36923AC91CAB}.Report|Any CPU.ActiveCfg = Release|Any CPU
		{C7D0E441-02DA-4734-AD95-36923AC91CAB}.Report|Any CPU.Build.0 = Release|Any CPU
		{C7D0E441-02DA-4734-AD95-36923AC91CAB}.X|Any CPU.ActiveCfg = Debug|Any CPU
		{C7D0E441-02DA-4734-AD95-36923AC91CAB}.X|Any CPU.Build.0 = Debug|Any CPU
		{FD151184-9AD4-434D-929B-9C7BE9E699F7}.Debug|Any CPU.ActiveCfg = Debug|Any CPU
		{FD151184-9AD4-434D-929B-9C7BE9E699F7}.Debug|Any CPU.Build.0 = Debug|Any CPU
		{FD151184-9AD4-434D-929B-9C7BE9E699F7}.Release|Any CPU.ActiveCfg = Release|Any CPU
		{FD151184-9AD4-434D-929B-9C7BE9E699F7}.Release|Any CPU.Build.0 = Release|Any CPU
		{FD151184-9AD4-434D-929B-9C7BE9E699F7}.Report|Any CPU.ActiveCfg = Release|Any CPU
		{FD151184-9AD4-434D-929B-9C7BE9E699F7}.Report|Any CPU.Build.0 = Release|Any CPU
		{FD151184-9AD4-434D-929B-9C7BE9E699F7}.X|Any CPU.ActiveCfg = Debug|Any CPU
		{FD151184-9AD4-434D-929B-9C7BE9E699F7}.X|Any CPU.Build.0 = Debug|Any CPU
		{613803E6-D047-4A0F-8E1A-FFD756041150}.Debug|Any CPU.ActiveCfg = Debug|Any CPU
		{613803E6-D047-4A0F-8E1A-FFD756041150}.Debug|Any CPU.Build.0 = Debug|Any CPU
		{613803E6-D047-4A0F-8E1A-FFD756041150}.Release|Any CPU.ActiveCfg = Release|Any CPU
		{613803E6-D047-4A0F-8E1A-FFD756041150}.Release|Any CPU.Build.0 = Release|Any CPU
		{613803E6-D047-4A0F-8E1A-FFD756041150}.Report|Any CPU.ActiveCfg = Release|Any CPU
		{613803E6-D047-4A0F-8E1A-FFD756041150}.Report|Any CPU.Build.0 = Release|Any CPU
		{613803E6-D047-4A0F-8E1A-FFD756041150}.X|Any CPU.ActiveCfg = Debug|Any CPU
		{613803E6-D047-4A0F-8E1A-FFD756041150}.X|Any CPU.Build.0 = Debug|Any CPU
		{90E42E29-B1F2-4FC3-B7D3-7A9B51DAC745}.Debug|Any CPU.ActiveCfg = Debug|Any CPU
		{90E42E29-B1F2-4FC3-B7D3-7A9B51DAC745}.Debug|Any CPU.Build.0 = Debug|Any CPU
		{90E42E29-B1F2-4FC3-B7D3-7A9B51DAC745}.Release|Any CPU.ActiveCfg = Release|Any CPU
		{90E42E29-B1F2-4FC3-B7D3-7A9B51DAC745}.Release|Any CPU.Build.0 = Release|Any CPU
		{90E42E29-B1F2-4FC3-B7D3-7A9B51DAC745}.Report|Any CPU.ActiveCfg = Release|Any CPU
		{90E42E29-B1F2-4FC3-B7D3-7A9B51DAC745}.Report|Any CPU.Build.0 = Release|Any CPU
		{90E42E29-B1F2-4FC3-B7D3-7A9B51DAC745}.X|Any CPU.ActiveCfg = Debug|Any CPU
		{90E42E29-B1F2-4FC3-B7D3-7A9B51DAC745}.X|Any CPU.Build.0 = Debug|Any CPU
		{A823F4E1-4358-4944-A264-D73BD489D7C3}.Debug|Any CPU.ActiveCfg = Debug|Any CPU
		{A823F4E1-4358-4944-A264-D73BD489D7C3}.Debug|Any CPU.Build.0 = Debug|Any CPU
		{A823F4E1-4358-4944-A264-D73BD489D7C3}.Release|Any CPU.ActiveCfg = Release|Any CPU
		{A823F4E1-4358-4944-A264-D73BD489D7C3}.Release|Any CPU.Build.0 = Release|Any CPU
		{A823F4E1-4358-4944-A264-D73BD489D7C3}.Report|Any CPU.ActiveCfg = Release|Any CPU
		{A823F4E1-4358-4944-A264-D73BD489D7C3}.Report|Any CPU.Build.0 = Release|Any CPU
		{A823F4E1-4358-4944-A264-D73BD489D7C3}.X|Any CPU.ActiveCfg = Debug|Any CPU
		{A823F4E1-4358-4944-A264-D73BD489D7C3}.X|Any CPU.Build.0 = Debug|Any CPU
		{EDFA7CB6-40A7-4CD1-925B-43F3F690D41D}.Debug|Any CPU.ActiveCfg = Debug|Any CPU
		{EDFA7CB6-40A7-4CD1-925B-43F3F690D41D}.Debug|Any CPU.Build.0 = Debug|Any CPU
		{EDFA7CB6-40A7-4CD1-925B-43F3F690D41D}.Release|Any CPU.ActiveCfg = Release|Any CPU
		{EDFA7CB6-40A7-4CD1-925B-43F3F690D41D}.Release|Any CPU.Build.0 = Release|Any CPU
		{EDFA7CB6-40A7-4CD1-925B-43F3F690D41D}.Report|Any CPU.ActiveCfg = Release|Any CPU
		{EDFA7CB6-40A7-4CD1-925B-43F3F690D41D}.Report|Any CPU.Build.0 = Release|Any CPU
		{EDFA7CB6-40A7-4CD1-925B-43F3F690D41D}.X|Any CPU.ActiveCfg = Debug|Any CPU
		{EDFA7CB6-40A7-4CD1-925B-43F3F690D41D}.X|Any CPU.Build.0 = Debug|Any CPU
		{5BEB6E19-EDE8-4610-9EAF-D3E3DA986492}.Debug|Any CPU.ActiveCfg = Debug|Any CPU
		{5BEB6E19-EDE8-4610-9EAF-D3E3DA986492}.Debug|Any CPU.Build.0 = Debug|Any CPU
		{5BEB6E19-EDE8-4610-9EAF-D3E3DA986492}.Release|Any CPU.ActiveCfg = Release|Any CPU
		{5BEB6E19-EDE8-4610-9EAF-D3E3DA986492}.Release|Any CPU.Build.0 = Release|Any CPU
		{5BEB6E19-EDE8-4610-9EAF-D3E3DA986492}.Report|Any CPU.ActiveCfg = Release|Any CPU
		{5BEB6E19-EDE8-4610-9EAF-D3E3DA986492}.Report|Any CPU.Build.0 = Release|Any CPU
		{5BEB6E19-EDE8-4610-9EAF-D3E3DA986492}.X|Any CPU.ActiveCfg = Debug|Any CPU
		{5BEB6E19-EDE8-4610-9EAF-D3E3DA986492}.X|Any CPU.Build.0 = Debug|Any CPU
		{1C8A3FEA-6CDD-4F88-9003-F7D311233FE4}.Debug|Any CPU.ActiveCfg = Debug|Any CPU
		{1C8A3FEA-6CDD-4F88-9003-F7D311233FE4}.Debug|Any CPU.Build.0 = Debug|Any CPU
		{1C8A3FEA-6CDD-4F88-9003-F7D311233FE4}.Release|Any CPU.ActiveCfg = Release|Any CPU
		{1C8A3FEA-6CDD-4F88-9003-F7D311233FE4}.Release|Any CPU.Build.0 = Release|Any CPU
		{1C8A3FEA-6CDD-4F88-9003-F7D311233FE4}.Report|Any CPU.ActiveCfg = Release|Any CPU
		{1C8A3FEA-6CDD-4F88-9003-F7D311233FE4}.Report|Any CPU.Build.0 = Release|Any CPU
		{1C8A3FEA-6CDD-4F88-9003-F7D311233FE4}.X|Any CPU.ActiveCfg = Debug|Any CPU
		{1C8A3FEA-6CDD-4F88-9003-F7D311233FE4}.X|Any CPU.Build.0 = Debug|Any CPU
		{287F0BAD-83B0-4B58-946A-92C38D6EF483}.Debug|Any CPU.ActiveCfg = Debug|Any CPU
		{287F0BAD-83B0-4B58-946A-92C38D6EF483}.Debug|Any CPU.Build.0 = Debug|Any CPU
		{287F0BAD-83B0-4B58-946A-92C38D6EF483}.Release|Any CPU.ActiveCfg = Release|Any CPU
		{287F0BAD-83B0-4B58-946A-92C38D6EF483}.Release|Any CPU.Build.0 = Release|Any CPU
		{287F0BAD-83B0-4B58-946A-92C38D6EF483}.Report|Any CPU.ActiveCfg = Release|Any CPU
		{287F0BAD-83B0-4B58-946A-92C38D6EF483}.Report|Any CPU.Build.0 = Release|Any CPU
		{287F0BAD-83B0-4B58-946A-92C38D6EF483}.X|Any CPU.ActiveCfg = Debug|Any CPU
		{287F0BAD-83B0-4B58-946A-92C38D6EF483}.X|Any CPU.Build.0 = Debug|Any CPU
		{A188BA3F-EF0C-407E-A9E1-3B42396CA1D0}.Debug|Any CPU.ActiveCfg = Debug|Any CPU
		{A188BA3F-EF0C-407E-A9E1-3B42396CA1D0}.Debug|Any CPU.Build.0 = Debug|Any CPU
		{A188BA3F-EF0C-407E-A9E1-3B42396CA1D0}.Release|Any CPU.ActiveCfg = Release|Any CPU
		{A188BA3F-EF0C-407E-A9E1-3B42396CA1D0}.Release|Any CPU.Build.0 = Release|Any CPU
		{A188BA3F-EF0C-407E-A9E1-3B42396CA1D0}.Report|Any CPU.ActiveCfg = Release|Any CPU
		{A188BA3F-EF0C-407E-A9E1-3B42396CA1D0}.Report|Any CPU.Build.0 = Release|Any CPU
		{A188BA3F-EF0C-407E-A9E1-3B42396CA1D0}.X|Any CPU.ActiveCfg = Debug|Any CPU
		{A188BA3F-EF0C-407E-A9E1-3B42396CA1D0}.X|Any CPU.Build.0 = Debug|Any CPU
		{50FC93A0-B0B1-4992-8AFD-7B24704C3D3D}.Debug|Any CPU.ActiveCfg = Debug|Any CPU
		{50FC93A0-B0B1-4992-8AFD-7B24704C3D3D}.Debug|Any CPU.Build.0 = Debug|Any CPU
		{50FC93A0-B0B1-4992-8AFD-7B24704C3D3D}.Release|Any CPU.ActiveCfg = Release|Any CPU
		{50FC93A0-B0B1-4992-8AFD-7B24704C3D3D}.Release|Any CPU.Build.0 = Release|Any CPU
		{50FC93A0-B0B1-4992-8AFD-7B24704C3D3D}.Report|Any CPU.ActiveCfg = Release|Any CPU
		{50FC93A0-B0B1-4992-8AFD-7B24704C3D3D}.Report|Any CPU.Build.0 = Release|Any CPU
		{50FC93A0-B0B1-4992-8AFD-7B24704C3D3D}.X|Any CPU.ActiveCfg = Debug|Any CPU
		{50FC93A0-B0B1-4992-8AFD-7B24704C3D3D}.X|Any CPU.Build.0 = Debug|Any CPU
		{9825BF56-D359-4600-88C8-894A98EF0F6A}.Debug|Any CPU.ActiveCfg = Debug|Any CPU
		{9825BF56-D359-4600-88C8-894A98EF0F6A}.Debug|Any CPU.Build.0 = Debug|Any CPU
		{9825BF56-D359-4600-88C8-894A98EF0F6A}.Release|Any CPU.ActiveCfg = Release|Any CPU
		{9825BF56-D359-4600-88C8-894A98EF0F6A}.Release|Any CPU.Build.0 = Release|Any CPU
		{9825BF56-D359-4600-88C8-894A98EF0F6A}.Report|Any CPU.ActiveCfg = Release|Any CPU
		{9825BF56-D359-4600-88C8-894A98EF0F6A}.Report|Any CPU.Build.0 = Release|Any CPU
		{9825BF56-D359-4600-88C8-894A98EF0F6A}.X|Any CPU.ActiveCfg = Debug|Any CPU
		{9825BF56-D359-4600-88C8-894A98EF0F6A}.X|Any CPU.Build.0 = Debug|Any CPU
		{923295D7-3128-4CB8-904A-F5871EFFF760}.Debug|Any CPU.ActiveCfg = Debug|Any CPU
		{923295D7-3128-4CB8-904A-F5871EFFF760}.Debug|Any CPU.Build.0 = Debug|Any CPU
		{923295D7-3128-4CB8-904A-F5871EFFF760}.Release|Any CPU.ActiveCfg = Release|Any CPU
		{923295D7-3128-4CB8-904A-F5871EFFF760}.Release|Any CPU.Build.0 = Release|Any CPU
		{923295D7-3128-4CB8-904A-F5871EFFF760}.Report|Any CPU.ActiveCfg = Release|Any CPU
		{923295D7-3128-4CB8-904A-F5871EFFF760}.Report|Any CPU.Build.0 = Release|Any CPU
		{923295D7-3128-4CB8-904A-F5871EFFF760}.X|Any CPU.ActiveCfg = Debug|Any CPU
		{923295D7-3128-4CB8-904A-F5871EFFF760}.X|Any CPU.Build.0 = Debug|Any CPU
		{276AC65C-8AC4-4EC8-A83E-F1D01580EEA9}.Debug|Any CPU.ActiveCfg = Debug|Any CPU
		{276AC65C-8AC4-4EC8-A83E-F1D01580EEA9}.Debug|Any CPU.Build.0 = Debug|Any CPU
		{276AC65C-8AC4-4EC8-A83E-F1D01580EEA9}.Release|Any CPU.ActiveCfg = Release|Any CPU
		{276AC65C-8AC4-4EC8-A83E-F1D01580EEA9}.Release|Any CPU.Build.0 = Release|Any CPU
		{276AC65C-8AC4-4EC8-A83E-F1D01580EEA9}.Report|Any CPU.ActiveCfg = Release|Any CPU
		{276AC65C-8AC4-4EC8-A83E-F1D01580EEA9}.Report|Any CPU.Build.0 = Release|Any CPU
		{276AC65C-8AC4-4EC8-A83E-F1D01580EEA9}.X|Any CPU.ActiveCfg = Debug|Any CPU
		{276AC65C-8AC4-4EC8-A83E-F1D01580EEA9}.X|Any CPU.Build.0 = Debug|Any CPU
		{73B6803F-7F22-41FF-B8FF-F624D0CC9E97}.Debug|Any CPU.ActiveCfg = Debug|Any CPU
		{73B6803F-7F22-41FF-B8FF-F624D0CC9E97}.Debug|Any CPU.Build.0 = Debug|Any CPU
		{73B6803F-7F22-41FF-B8FF-F624D0CC9E97}.Release|Any CPU.ActiveCfg = Release|Any CPU
		{73B6803F-7F22-41FF-B8FF-F624D0CC9E97}.Release|Any CPU.Build.0 = Release|Any CPU
		{73B6803F-7F22-41FF-B8FF-F624D0CC9E97}.Report|Any CPU.ActiveCfg = Release|Any CPU
		{73B6803F-7F22-41FF-B8FF-F624D0CC9E97}.Report|Any CPU.Build.0 = Release|Any CPU
		{73B6803F-7F22-41FF-B8FF-F624D0CC9E97}.X|Any CPU.ActiveCfg = Debug|Any CPU
		{73B6803F-7F22-41FF-B8FF-F624D0CC9E97}.X|Any CPU.Build.0 = Debug|Any CPU
		{2038B73A-A825-4BED-9026-A3AC5D1EB9CC}.Debug|Any CPU.ActiveCfg = Debug|Any CPU
		{2038B73A-A825-4BED-9026-A3AC5D1EB9CC}.Debug|Any CPU.Build.0 = Debug|Any CPU
		{2038B73A-A825-4BED-9026-A3AC5D1EB9CC}.Release|Any CPU.ActiveCfg = Release|Any CPU
		{2038B73A-A825-4BED-9026-A3AC5D1EB9CC}.Release|Any CPU.Build.0 = Release|Any CPU
		{2038B73A-A825-4BED-9026-A3AC5D1EB9CC}.Report|Any CPU.ActiveCfg = Release|Any CPU
		{2038B73A-A825-4BED-9026-A3AC5D1EB9CC}.Report|Any CPU.Build.0 = Release|Any CPU
		{2038B73A-A825-4BED-9026-A3AC5D1EB9CC}.X|Any CPU.ActiveCfg = Debug|Any CPU
		{2038B73A-A825-4BED-9026-A3AC5D1EB9CC}.X|Any CPU.Build.0 = Debug|Any CPU
		{499D90FF-C631-42A4-83F4-2546683B067A}.Debug|Any CPU.ActiveCfg = Debug|Any CPU
		{499D90FF-C631-42A4-83F4-2546683B067A}.Debug|Any CPU.Build.0 = Debug|Any CPU
		{499D90FF-C631-42A4-83F4-2546683B067A}.Release|Any CPU.ActiveCfg = Release|Any CPU
		{499D90FF-C631-42A4-83F4-2546683B067A}.Release|Any CPU.Build.0 = Release|Any CPU
		{499D90FF-C631-42A4-83F4-2546683B067A}.Report|Any CPU.ActiveCfg = Release|Any CPU
		{499D90FF-C631-42A4-83F4-2546683B067A}.Report|Any CPU.Build.0 = Release|Any CPU
		{499D90FF-C631-42A4-83F4-2546683B067A}.X|Any CPU.ActiveCfg = Debug|Any CPU
		{499D90FF-C631-42A4-83F4-2546683B067A}.X|Any CPU.Build.0 = Debug|Any CPU
		{92697C09-5AD1-4DD0-97D8-7CBB96E2B261}.Debug|Any CPU.ActiveCfg = Debug|Any CPU
		{92697C09-5AD1-4DD0-97D8-7CBB96E2B261}.Debug|Any CPU.Build.0 = Debug|Any CPU
		{92697C09-5AD1-4DD0-97D8-7CBB96E2B261}.Release|Any CPU.ActiveCfg = Release|Any CPU
		{92697C09-5AD1-4DD0-97D8-7CBB96E2B261}.Release|Any CPU.Build.0 = Release|Any CPU
		{92697C09-5AD1-4DD0-97D8-7CBB96E2B261}.Report|Any CPU.ActiveCfg = Release|Any CPU
		{92697C09-5AD1-4DD0-97D8-7CBB96E2B261}.Report|Any CPU.Build.0 = Release|Any CPU
		{92697C09-5AD1-4DD0-97D8-7CBB96E2B261}.X|Any CPU.ActiveCfg = Debug|Any CPU
		{92697C09-5AD1-4DD0-97D8-7CBB96E2B261}.X|Any CPU.Build.0 = Debug|Any CPU
		{48FCD4EA-98E7-4661-AA0C-1E1B099EAB10}.Debug|Any CPU.ActiveCfg = Debug|Any CPU
		{48FCD4EA-98E7-4661-AA0C-1E1B099EAB10}.Debug|Any CPU.Build.0 = Debug|Any CPU
		{48FCD4EA-98E7-4661-AA0C-1E1B099EAB10}.Release|Any CPU.ActiveCfg = Release|Any CPU
		{48FCD4EA-98E7-4661-AA0C-1E1B099EAB10}.Release|Any CPU.Build.0 = Release|Any CPU
		{48FCD4EA-98E7-4661-AA0C-1E1B099EAB10}.Report|Any CPU.ActiveCfg = Release|Any CPU
		{48FCD4EA-98E7-4661-AA0C-1E1B099EAB10}.Report|Any CPU.Build.0 = Release|Any CPU
		{48FCD4EA-98E7-4661-AA0C-1E1B099EAB10}.X|Any CPU.ActiveCfg = Debug|Any CPU
		{48FCD4EA-98E7-4661-AA0C-1E1B099EAB10}.X|Any CPU.Build.0 = Debug|Any CPU
		{F87692D9-D4D6-4A51-A3EB-1F8AA9E722DD}.Debug|Any CPU.ActiveCfg = Debug|Any CPU
		{F87692D9-D4D6-4A51-A3EB-1F8AA9E722DD}.Debug|Any CPU.Build.0 = Debug|Any CPU
		{F87692D9-D4D6-4A51-A3EB-1F8AA9E722DD}.Release|Any CPU.ActiveCfg = Release|Any CPU
		{F87692D9-D4D6-4A51-A3EB-1F8AA9E722DD}.Release|Any CPU.Build.0 = Release|Any CPU
		{F87692D9-D4D6-4A51-A3EB-1F8AA9E722DD}.Report|Any CPU.ActiveCfg = Release|Any CPU
		{F87692D9-D4D6-4A51-A3EB-1F8AA9E722DD}.Report|Any CPU.Build.0 = Release|Any CPU
		{F87692D9-D4D6-4A51-A3EB-1F8AA9E722DD}.X|Any CPU.ActiveCfg = Debug|Any CPU
		{F87692D9-D4D6-4A51-A3EB-1F8AA9E722DD}.X|Any CPU.Build.0 = Debug|Any CPU
		{8AF47C37-1020-49F6-972E-3BD6B06809DB}.Debug|Any CPU.ActiveCfg = Debug|Any CPU
		{8AF47C37-1020-49F6-972E-3BD6B06809DB}.Debug|Any CPU.Build.0 = Debug|Any CPU
		{8AF47C37-1020-49F6-972E-3BD6B06809DB}.Release|Any CPU.ActiveCfg = Release|Any CPU
		{8AF47C37-1020-49F6-972E-3BD6B06809DB}.Release|Any CPU.Build.0 = Release|Any CPU
		{8AF47C37-1020-49F6-972E-3BD6B06809DB}.Report|Any CPU.ActiveCfg = Release|Any CPU
		{8AF47C37-1020-49F6-972E-3BD6B06809DB}.Report|Any CPU.Build.0 = Release|Any CPU
		{8AF47C37-1020-49F6-972E-3BD6B06809DB}.X|Any CPU.ActiveCfg = Debug|Any CPU
		{8AF47C37-1020-49F6-972E-3BD6B06809DB}.X|Any CPU.Build.0 = Debug|Any CPU
		{1820B53D-88A7-4F47-9833-949348999E25}.Debug|Any CPU.ActiveCfg = Debug|Any CPU
		{1820B53D-88A7-4F47-9833-949348999E25}.Debug|Any CPU.Build.0 = Debug|Any CPU
		{1820B53D-88A7-4F47-9833-949348999E25}.Release|Any CPU.ActiveCfg = Release|Any CPU
		{1820B53D-88A7-4F47-9833-949348999E25}.Release|Any CPU.Build.0 = Release|Any CPU
		{1820B53D-88A7-4F47-9833-949348999E25}.Report|Any CPU.ActiveCfg = Release|Any CPU
		{1820B53D-88A7-4F47-9833-949348999E25}.Report|Any CPU.Build.0 = Release|Any CPU
		{1820B53D-88A7-4F47-9833-949348999E25}.X|Any CPU.ActiveCfg = Debug|Any CPU
		{1820B53D-88A7-4F47-9833-949348999E25}.X|Any CPU.Build.0 = Debug|Any CPU
	EndGlobalSection
	GlobalSection(SolutionProperties) = preSolution
		HideSolutionNode = FALSE
	EndGlobalSection
	GlobalSection(NestedProjects) = preSolution
		{798F6C7A-DFC1-4862-B2D4-A0ECE088E700} = {9BD97A2C-C82E-4BBB-8BF5-E82C5821EDD7}
		{4004B275-DDC3-4E81-9E39-C050FA454C0F} = {F0D48D8E-3A3A-4BFE-BC34-494BFA7FA2F4}
		{B69EF8C3-63A6-42F6-AE1A-6844E599C6FC} = {9BD97A2C-C82E-4BBB-8BF5-E82C5821EDD7}
		{2A093F3B-155F-480C-AC45-F2EA18C9D420} = {3AAACED3-6089-48BE-A6C1-BD469564C1C1}
		{8E237260-BD8C-4A17-A6C1-E753C557A756} = {389242E5-A435-4EC4-A0F6-A06960EFC8FE}
		{2843A5CA-605B-403E-A23B-7D36A303B77F} = {389242E5-A435-4EC4-A0F6-A06960EFC8FE}
		{64E7A1AA-DF1B-437B-BB15-55636888B772} = {F0D48D8E-3A3A-4BFE-BC34-494BFA7FA2F4}
		{F07213B0-6041-402B-88A3-DAEC1F607DB6} = {64E7A1AA-DF1B-437B-BB15-55636888B772}
		{EBC1BBE6-F25D-4C40-AAE1-099FF1DC4D9A} = {4004B275-DDC3-4E81-9E39-C050FA454C0F}
		{DDCFAEC6-8572-4D30-9FA5-CB7CEA563C93} = {64E7A1AA-DF1B-437B-BB15-55636888B772}
		{4AB7253C-0E24-4082-9335-703822E83A2C} = {4004B275-DDC3-4E81-9E39-C050FA454C0F}
		{62885A24-88ED-4FD1-9BA7-B40BCFE721CC} = {98841562-AF5E-41BB-B3D7-7A18DFC8C593}
		{7BA5CCFC-66DF-4EEC-A8F3-C7BD6F7E3060} = {98841562-AF5E-41BB-B3D7-7A18DFC8C593}
		{0D0742DD-5EC3-4127-9C65-D63FC96AF31D} = {798F6C7A-DFC1-4862-B2D4-A0ECE088E700}
		{32F74F6F-6DC0-45E0-B228-7F4E2BF84145} = {798F6C7A-DFC1-4862-B2D4-A0ECE088E700}
		{12160B9D-5895-4E41-8D01-CDE0E2D6EA95} = {798F6C7A-DFC1-4862-B2D4-A0ECE088E700}
		{AC3AA49E-D254-48E2-A562-5DEE7DCB6977} = {B69EF8C3-63A6-42F6-AE1A-6844E599C6FC}
		{4C86BAC2-2C27-441B-8372-34421190E223} = {B69EF8C3-63A6-42F6-AE1A-6844E599C6FC}
		{7D54B6AA-D512-428D-B519-BB76635DFCA9} = {B69EF8C3-63A6-42F6-AE1A-6844E599C6FC}
		{DAC61FD2-8919-4E17-A2B3-24884206A226} = {6A508D70-C636-4BCE-9AD0-808156C6ACCF}
		{08CB473C-3F58-48B8-9AF3-157E2C21E465} = {3AAACED3-6089-48BE-A6C1-BD469564C1C1}
		{76083F5B-749A-4B42-BFA6-04A0C2D00245} = {F0D48D8E-3A3A-4BFE-BC34-494BFA7FA2F4}
		{A00FAD62-0BA1-4B35-AB59-D9EA4923E0F5} = {9BD97A2C-C82E-4BBB-8BF5-E82C5821EDD7}
		{5B501BD1-648A-4EE8-B076-1192C04FCAD5} = {76083F5B-749A-4B42-BFA6-04A0C2D00245}
		{FA637113-EEAA-4DD9-8F25-9B0B3F6817C5} = {76083F5B-749A-4B42-BFA6-04A0C2D00245}
		{36A1FF6D-B198-4C45-956F-13348378073C} = {389242E5-A435-4EC4-A0F6-A06960EFC8FE}
		{BA2143A7-E7F4-4630-B7B5-9D5AB412ED17} = {B8DB1CBE-E8A2-4E92-AA21-7318C29C477B}
		{63380AEB-C921-409E-89FB-75F189F7C5AB} = {B8DB1CBE-E8A2-4E92-AA21-7318C29C477B}
		{DEB8D475-13DE-48CE-830D-B715D572BE55} = {B8DB1CBE-E8A2-4E92-AA21-7318C29C477B}
		{36420B79-DF6E-44D4-B3BC-827D6FFC0F4F} = {B8DB1CBE-E8A2-4E92-AA21-7318C29C477B}
		{72023CFF-DE11-4A3E-982F-789E8853F077} = {A00FAD62-0BA1-4B35-AB59-D9EA4923E0F5}
		{C3108212-95E8-4C0D-8CE2-DBCD0869B412} = {A00FAD62-0BA1-4B35-AB59-D9EA4923E0F5}
		{397F9289-0298-4E6A-B291-2E38FA80D0BF} = {A00FAD62-0BA1-4B35-AB59-D9EA4923E0F5}
		{24DB1234-18FD-4475-8EE5-070EA7945C98} = {F0D48D8E-3A3A-4BFE-BC34-494BFA7FA2F4}
		{C718B04E-DA29-4606-81C6-8919F4FDBC48} = {24DB1234-18FD-4475-8EE5-070EA7945C98}
		{AD5A02E5-8FFE-49E4-97B8-D526AA860600} = {24DB1234-18FD-4475-8EE5-070EA7945C98}
		{1264E370-D150-4EDB-A1B7-04F70FDE0FAA} = {389242E5-A435-4EC4-A0F6-A06960EFC8FE}
		{EC067121-A461-42C9-BB05-0EC418CF1A63} = {F0D48D8E-3A3A-4BFE-BC34-494BFA7FA2F4}
		{8CA7DEE9-587E-4F43-84EE-6E444D70F011} = {EC067121-A461-42C9-BB05-0EC418CF1A63}
		{C7D0E441-02DA-4734-AD95-36923AC91CAB} = {389242E5-A435-4EC4-A0F6-A06960EFC8FE}
		{D943A7DD-C032-44D3-887D-1515FB9E9113} = {9BD97A2C-C82E-4BBB-8BF5-E82C5821EDD7}
		{FD151184-9AD4-434D-929B-9C7BE9E699F7} = {D943A7DD-C032-44D3-887D-1515FB9E9113}
		{613803E6-D047-4A0F-8E1A-FFD756041150} = {D943A7DD-C032-44D3-887D-1515FB9E9113}
		{90E42E29-B1F2-4FC3-B7D3-7A9B51DAC745} = {D943A7DD-C032-44D3-887D-1515FB9E9113}
		{54A0BA7A-66FC-4332-B216-DA856B5B5441} = {9BD97A2C-C82E-4BBB-8BF5-E82C5821EDD7}
		{A823F4E1-4358-4944-A264-D73BD489D7C3} = {54A0BA7A-66FC-4332-B216-DA856B5B5441}
		{EDFA7CB6-40A7-4CD1-925B-43F3F690D41D} = {54A0BA7A-66FC-4332-B216-DA856B5B5441}
		{5BEB6E19-EDE8-4610-9EAF-D3E3DA986492} = {54A0BA7A-66FC-4332-B216-DA856B5B5441}
		{1C8A3FEA-6CDD-4F88-9003-F7D311233FE4} = {98841562-AF5E-41BB-B3D7-7A18DFC8C593}
		{287F0BAD-83B0-4B58-946A-92C38D6EF483} = {98841562-AF5E-41BB-B3D7-7A18DFC8C593}
		{A188BA3F-EF0C-407E-A9E1-3B42396CA1D0} = {3AAACED3-6089-48BE-A6C1-BD469564C1C1}
		{50FC93A0-B0B1-4992-8AFD-7B24704C3D3D} = {98841562-AF5E-41BB-B3D7-7A18DFC8C593}
		{2AA0F146-F474-4216-885D-F87C8AA9D8A3} = {F0D48D8E-3A3A-4BFE-BC34-494BFA7FA2F4}
		{97C5A52E-F546-4C55-B9CF-363E1973E7B0} = {9BD97A2C-C82E-4BBB-8BF5-E82C5821EDD7}
		{9825BF56-D359-4600-88C8-894A98EF0F6A} = {2AA0F146-F474-4216-885D-F87C8AA9D8A3}
		{923295D7-3128-4CB8-904A-F5871EFFF760} = {2AA0F146-F474-4216-885D-F87C8AA9D8A3}
		{276AC65C-8AC4-4EC8-A83E-F1D01580EEA9} = {97C5A52E-F546-4C55-B9CF-363E1973E7B0}
		{73B6803F-7F22-41FF-B8FF-F624D0CC9E97} = {97C5A52E-F546-4C55-B9CF-363E1973E7B0}
		{2038B73A-A825-4BED-9026-A3AC5D1EB9CC} = {97C5A52E-F546-4C55-B9CF-363E1973E7B0}
		{499D90FF-C631-42A4-83F4-2546683B067A} = {B8DB1CBE-E8A2-4E92-AA21-7318C29C477B}
		{92697C09-5AD1-4DD0-97D8-7CBB96E2B261} = {B8DB1CBE-E8A2-4E92-AA21-7318C29C477B}
		{48FCD4EA-98E7-4661-AA0C-1E1B099EAB10} = {B8DB1CBE-E8A2-4E92-AA21-7318C29C477B}
		{F87692D9-D4D6-4A51-A3EB-1F8AA9E722DD} = {B8DB1CBE-E8A2-4E92-AA21-7318C29C477B}
		{8AF47C37-1020-49F6-972E-3BD6B06809DB} = {98841562-AF5E-41BB-B3D7-7A18DFC8C593}
		{1820B53D-88A7-4F47-9833-949348999E25} = {389242E5-A435-4EC4-A0F6-A06960EFC8FE}
	EndGlobalSection
	GlobalSection(ExtensibilityGlobals) = postSolution
		SolutionGuid = {E7B78B5E-8DE2-4C73-8F18-FA540EDE69D7}
	EndGlobalSection
EndGlobal
