
Microsoft Visual Studio Solution File, Format Version 12.00
# Visual Studio Version 17
VisualStudioVersion = 17.5.33530.505
MinimumVisualStudioVersion = 10.0.40219.1
Project("{2150E333-8FDC-42A3-9474-1A3956D46DE8}") = "RSP", "RSP", "{97E15081-0B6B-4D74-B4AE-06D93580E26C}"
EndProject
Project("{2150E333-8FDC-42A3-9474-1A3956D46DE8}") = "1. Generate Report and Save to Storage", "1. Generate Report and Save to Storage", "{18363B40-8F77-4720-846B-CC638C93EA69}"
EndProject
Project("{2150E333-8FDC-42A3-9474-1A3956D46DE8}") = "2. GetReportFromStorage", "2. GetReportFromStorage", "{3D6F29DA-766F-4E41-B549-ABD74A9D5618}"
EndProject
Project("{9A19103F-16F7-4668-BE54-9A1E7A4F7556}") = "RSP_PM_HANDOVER_NOTIFICATIONResources", "RSP_PM_HANDOVER_NOTIFICATIONResources\RSP_PM_HANDOVER_NOTIFICATIONResources.csproj", "{879307B8-48FC-4DC2-AE76-6F30FE6977AC}"
EndProject
Project("{9A19103F-16F7-4668-BE54-9A1E7A4F7556}") = "RSP_PMA00400_SAVE_PDFResources", "RSP_PMA00400_SAVE_PDFResources\RSP_PMA00400_SAVE_PDFResources.csproj", "{A34239F4-2E8E-45E5-BDBA-3FEBFC69917E}"
EndProject
Project("{9A19103F-16F7-4668-BE54-9A1E7A4F7556}") = "PMA00400BackResources", "PMA00400BackResources\PMA00400BackResources.csproj", "{747E8E23-E775-4994-89BB-29DC79388563}"
EndProject
Project("{9A19103F-16F7-4668-BE54-9A1E7A4F7556}") = "PMA00400Back", "PMA00400Back\PMA00400Back.csproj", "{2605E909-59EE-4908-B864-9A467848A485}"
EndProject
Project("{9A19103F-16F7-4668-BE54-9A1E7A4F7556}") = "PMA00400Design", "PMA00400Design\PMA00400Design.csproj", "{31A120E2-2AF3-4339-A3E1-81461C579386}"
EndProject
Project("{9A19103F-16F7-4668-BE54-9A1E7A4F7556}") = "PMA00400Console", "PMA00400Console\PMA00400Console.csproj", "{4FE159C4-32BA-4781-8221-D2A7279322E3}"
EndProject
Project("{9A19103F-16F7-4668-BE54-9A1E7A4F7556}") = "PMA00400HandoverStorageBack", "PMA00400HandoverStorageBack\PMA00400HandoverStorageBack.csproj", "{5E81DF39-3FD8-446D-B5CE-7EB18C4392F3}"
EndProject
Project("{9A19103F-16F7-4668-BE54-9A1E7A4F7556}") = "PMA00400Services", "PMA00400Services\PMA00400Services.csproj", "{248EE97F-1163-4D74-827E-609E27D3E11E}"
EndProject
Project("{9A19103F-16F7-4668-BE54-9A1E7A4F7556}") = "PMA00400Common", "PMA00400Common\PMA00400Common.csproj", "{0D4CE301-96C7-4F6D-9B09-E70FA129018E}"
EndProject
Project("{9A19103F-16F7-4668-BE54-9A1E7A4F7556}") = "GENERAL_API", "..\..\..\..\..\BS Program\SOURCE\API\GENERAL\BIMASAKTI_GENERAL_API\GENERAL_API.csproj", "{B12433E9-27C0-4E66-89BC-11904899C71D}"
EndProject
Project("{2150E333-8FDC-42A3-9474-1A3956D46DE8}") = "API", "API", "{1BD1D635-AF50-49AC-9B39-42E376479688}"
EndProject
Project("{2150E333-8FDC-42A3-9474-1A3956D46DE8}") = "PMA00400", "PMA00400", "{0C6DD170-84AF-4744-9DFF-F2D8060CE655}"
EndProject
Global
	GlobalSection(SolutionConfigurationPlatforms) = preSolution
		Debug|Any CPU = Debug|Any CPU
		Release|Any CPU = Release|Any CPU
	EndGlobalSection
	GlobalSection(ProjectConfigurationPlatforms) = postSolution
		{879307B8-48FC-4DC2-AE76-6F30FE6977AC}.Debug|Any CPU.ActiveCfg = Debug|Any CPU
		{879307B8-48FC-4DC2-AE76-6F30FE6977AC}.Debug|Any CPU.Build.0 = Debug|Any CPU
		{879307B8-48FC-4DC2-AE76-6F30FE6977AC}.Release|Any CPU.ActiveCfg = Release|Any CPU
		{879307B8-48FC-4DC2-AE76-6F30FE6977AC}.Release|Any CPU.Build.0 = Release|Any CPU
		{A34239F4-2E8E-45E5-BDBA-3FEBFC69917E}.Debug|Any CPU.ActiveCfg = Debug|Any CPU
		{A34239F4-2E8E-45E5-BDBA-3FEBFC69917E}.Debug|Any CPU.Build.0 = Debug|Any CPU
		{A34239F4-2E8E-45E5-BDBA-3FEBFC69917E}.Release|Any CPU.ActiveCfg = Release|Any CPU
		{A34239F4-2E8E-45E5-BDBA-3FEBFC69917E}.Release|Any CPU.Build.0 = Release|Any CPU
		{747E8E23-E775-4994-89BB-29DC79388563}.Debug|Any CPU.ActiveCfg = Debug|Any CPU
		{747E8E23-E775-4994-89BB-29DC79388563}.Debug|Any CPU.Build.0 = Debug|Any CPU
		{747E8E23-E775-4994-89BB-29DC79388563}.Release|Any CPU.ActiveCfg = Release|Any CPU
		{747E8E23-E775-4994-89BB-29DC79388563}.Release|Any CPU.Build.0 = Release|Any CPU
		{2605E909-59EE-4908-B864-9A467848A485}.Debug|Any CPU.ActiveCfg = Debug|Any CPU
		{2605E909-59EE-4908-B864-9A467848A485}.Debug|Any CPU.Build.0 = Debug|Any CPU
		{2605E909-59EE-4908-B864-9A467848A485}.Release|Any CPU.ActiveCfg = Release|Any CPU
		{2605E909-59EE-4908-B864-9A467848A485}.Release|Any CPU.Build.0 = Release|Any CPU
		{31A120E2-2AF3-4339-A3E1-81461C579386}.Debug|Any CPU.ActiveCfg = Debug|Any CPU
		{31A120E2-2AF3-4339-A3E1-81461C579386}.Debug|Any CPU.Build.0 = Debug|Any CPU
		{31A120E2-2AF3-4339-A3E1-81461C579386}.Release|Any CPU.ActiveCfg = Release|Any CPU
		{31A120E2-2AF3-4339-A3E1-81461C579386}.Release|Any CPU.Build.0 = Release|Any CPU
		{4FE159C4-32BA-4781-8221-D2A7279322E3}.Debug|Any CPU.ActiveCfg = Debug|Any CPU
		{4FE159C4-32BA-4781-8221-D2A7279322E3}.Debug|Any CPU.Build.0 = Debug|Any CPU
		{4FE159C4-32BA-4781-8221-D2A7279322E3}.Release|Any CPU.ActiveCfg = Release|Any CPU
		{4FE159C4-32BA-4781-8221-D2A7279322E3}.Release|Any CPU.Build.0 = Release|Any CPU
		{5E81DF39-3FD8-446D-B5CE-7EB18C4392F3}.Debug|Any CPU.ActiveCfg = Debug|Any CPU
		{5E81DF39-3FD8-446D-B5CE-7EB18C4392F3}.Debug|Any CPU.Build.0 = Debug|Any CPU
		{5E81DF39-3FD8-446D-B5CE-7EB18C4392F3}.Release|Any CPU.ActiveCfg = Release|Any CPU
		{5E81DF39-3FD8-446D-B5CE-7EB18C4392F3}.Release|Any CPU.Build.0 = Release|Any CPU
		{248EE97F-1163-4D74-827E-609E27D3E11E}.Debug|Any CPU.ActiveCfg = Debug|Any CPU
		{248EE97F-1163-4D74-827E-609E27D3E11E}.Debug|Any CPU.Build.0 = Debug|Any CPU
		{248EE97F-1163-4D74-827E-609E27D3E11E}.Release|Any CPU.ActiveCfg = Release|Any CPU
		{248EE97F-1163-4D74-827E-609E27D3E11E}.Release|Any CPU.Build.0 = Release|Any CPU
		{0D4CE301-96C7-4F6D-9B09-E70FA129018E}.Debug|Any CPU.ActiveCfg = Debug|Any CPU
		{0D4CE301-96C7-4F6D-9B09-E70FA129018E}.Debug|Any CPU.Build.0 = Debug|Any CPU
		{0D4CE301-96C7-4F6D-9B09-E70FA129018E}.Release|Any CPU.ActiveCfg = Release|Any CPU
		{0D4CE301-96C7-4F6D-9B09-E70FA129018E}.Release|Any CPU.Build.0 = Release|Any CPU
		{B12433E9-27C0-4E66-89BC-11904899C71D}.Debug|Any CPU.ActiveCfg = Debug|Any CPU
		{B12433E9-27C0-4E66-89BC-11904899C71D}.Debug|Any CPU.Build.0 = Debug|Any CPU
		{B12433E9-27C0-4E66-89BC-11904899C71D}.Release|Any CPU.ActiveCfg = Release|Any CPU
		{B12433E9-27C0-4E66-89BC-11904899C71D}.Release|Any CPU.Build.0 = Release|Any CPU
	EndGlobalSection
	GlobalSection(SolutionProperties) = preSolution
		HideSolutionNode = FALSE
	EndGlobalSection
	GlobalSection(NestedProjects) = preSolution
		{97E15081-0B6B-4D74-B4AE-06D93580E26C} = {0C6DD170-84AF-4744-9DFF-F2D8060CE655}
		{18363B40-8F77-4720-846B-CC638C93EA69} = {0C6DD170-84AF-4744-9DFF-F2D8060CE655}
		{3D6F29DA-766F-4E41-B549-ABD74A9D5618} = {0C6DD170-84AF-4744-9DFF-F2D8060CE655}
		{879307B8-48FC-4DC2-AE76-6F30FE6977AC} = {97E15081-0B6B-4D74-B4AE-06D93580E26C}
		{A34239F4-2E8E-45E5-BDBA-3FEBFC69917E} = {97E15081-0B6B-4D74-B4AE-06D93580E26C}
		{747E8E23-E775-4994-89BB-29DC79388563} = {18363B40-8F77-4720-846B-CC638C93EA69}
		{2605E909-59EE-4908-B864-9A467848A485} = {18363B40-8F77-4720-846B-CC638C93EA69}
		{31A120E2-2AF3-4339-A3E1-81461C579386} = {18363B40-8F77-4720-846B-CC638C93EA69}
		{4FE159C4-32BA-4781-8221-D2A7279322E3} = {18363B40-8F77-4720-846B-CC638C93EA69}
		{5E81DF39-3FD8-446D-B5CE-7EB18C4392F3} = {3D6F29DA-766F-4E41-B549-ABD74A9D5618}
		{248EE97F-1163-4D74-827E-609E27D3E11E} = {3D6F29DA-766F-4E41-B549-ABD74A9D5618}
		{0D4CE301-96C7-4F6D-9B09-E70FA129018E} = {18363B40-8F77-4720-846B-CC638C93EA69}
		{B12433E9-27C0-4E66-89BC-11904899C71D} = {1BD1D635-AF50-49AC-9B39-42E376479688}
	EndGlobalSection
	GlobalSection(ExtensibilityGlobals) = postSolution
		SolutionGuid = {15609418-180F-4A07-8C53-2A10F5ED1669}
	EndGlobalSection
EndGlobal
