Microsoft Visual Studio Solution File, Format Version 12.00
# Visual Studio Version 17
VisualStudioVersion = 17.5.2.0
MinimumVisualStudioVersion = 10.0.40219.1
Project("{FAE04EC0-301F-11D3-BF4B-00C04F79EFBC}") = "RSP_PM_ACTIVE_INACTIVE_PRICINGResources", "RSP_PM_ACTIVE_INACTIVE_PRICINGResources\RSP_PM_ACTIVE_INACTIVE_PRICINGResources.csproj", "{D8D6A6DB-C92C-4CE4-C537-DA29A835010E}"
EndProject
Project("{FAE04EC0-301F-11D3-BF4B-00C04F79EFBC}") = "RSP_PM_ACTIVE_INACTIVE_UNIT_PRICEResources", "RSP_PM_ACTIVE_INACTIVE_UNIT_PRICEResources\RSP_PM_ACTIVE_INACTIVE_UNIT_PRICEResources.csproj", "{CCA056E8-84F1-BBA0-71AE-F2172D99471F}"
EndProject
Project("{FAE04EC0-301F-11D3-BF4B-00C04F79EFBC}") = "RSP_PM_ACTIVE_INACTIVE_UNIT_PROMOTION_PRICEResources", "RSP_PM_ACTIVE_INACTIVE_UNIT_PROMOTION_PRICEResources\RSP_PM_ACTIVE_INACTIVE_UNIT_PROMOTION_PRICEResources.csproj", "{83C93CE2-0918-0E12-C068-DD3C58449B92}"
EndProject
Project("{FAE04EC0-301F-11D3-BF4B-00C04F79EFBC}") = "RSP_PM_AMORTIZATION_PROCESSResources", "RSP_PM_AMORTIZATION_PROCESSResources\RSP_PM_AMORTIZATION_PROCESSResources.csproj", "{6E0E1BBB-EA53-3931-54D5-8AEF0D96064B}"
EndProject
Project("{FAE04EC0-301F-11D3-BF4B-00C04F79EFBC}") = "RSP_PM_ASSIGN_HANDOVER_CHECKLISTResources", "RSP_PM_ASSIGN_HANDOVER_CHECKLISTResources\RSP_PM_ASSIGN_HANDOVER_CHECKLISTResources.csproj", "{240F15A2-7EB4-BC53-DC35-CC1501F65CFB}"
EndProject
Project("{FAE04EC0-301F-11D3-BF4B-00C04F79EFBC}") = "RSP_PM_ASSIGN_PRICELISTResources", "RSP_PM_ASSIGN_PRICELISTResources\RSP_PM_ASSIGN_PRICELISTResources.csproj", "{7E2E9AB2-D5AB-ED6C-D8A4-5FC201370F1D}"
EndProject
Project("{FAE04EC0-301F-11D3-BF4B-00C04F79EFBC}") = "RSP_PM_CANCEL_OFFICIAL_RECEIPTResources", "RSP_PM_CANCEL_OFFICIAL_RECEIPTResources\RSP_PM_CANCEL_OFFICIAL_RECEIPTResources.csproj", "{B955A5AB-F767-74EF-9EC4-67915011B8BB}"
EndProject
Project("{FAE04EC0-301F-11D3-BF4B-00C04F79EFBC}") = "RSP_PM_CREATE_OFFICIAL_RECEIPTResources", "RSP_PM_CREATE_OFFICIAL_RECEIPTResources\RSP_PM_CREATE_OFFICIAL_RECEIPTResources.csproj", "{8AC814E9-CC40-857A-BA10-7888629E1322}"
EndProject
Project("{FAE04EC0-301F-11D3-BF4B-00C04F79EFBC}") = "RSP_PM_DELETE_ALLOCATIONResources", "RSP_PM_DELETE_ALLOCATIONResources\RSP_PM_DELETE_ALLOCATIONResources.csproj", "{C16D80F7-E471-43E2-3961-D5DC22C5C767}"
EndProject
Project("{FAE04EC0-301F-11D3-BF4B-00C04F79EFBC}") = "RSP_PM_DELETE_PAYMENT_CHANNELResources", "RSP_PM_DELETE_PAYMENT_CHANNELResources\RSP_PM_DELETE_PAYMENT_CHANNELResources.csproj", "{32C8B421-FA64-1F40-304D-1774FE2B95A6}"
EndProject
Project("{FAE04EC0-301F-11D3-BF4B-00C04F79EFBC}") = "RSP_PM_DELETE_PAYMENT_CHANNEL_PARAMResources", "RSP_PM_DELETE_PAYMENT_CHANNEL_PARAMResources\RSP_PM_DELETE_PAYMENT_CHANNEL_PARAMResources.csproj", "{B2FA0C53-97BB-4A9E-2FAD-AD4367888A10}"
EndProject
Project("{FAE04EC0-301F-11D3-BF4B-00C04F79EFBC}") = "RSP_PM_DELETE_STAMP_RATEResources", "RSP_PM_DELETE_STAMP_RATEResources\RSP_PM_DELETE_STAMP_RATEResources.csproj", "{1402AAD7-9C4F-1C8B-1368-37CEC877029C}"
EndProject
Project("{FAE04EC0-301F-11D3-BF4B-00C04F79EFBC}") = "RSP_PM_DELETE_STAMP_RATE_AMOUNTResources", "RSP_PM_DELETE_STAMP_RATE_AMOUNTResources\RSP_PM_DELETE_STAMP_RATE_AMOUNTResources.csproj", "{0ACFDD00-AD45-9828-671E-32C2A60500A6}"
EndProject
Project("{FAE04EC0-301F-11D3-BF4B-00C04F79EFBC}") = "RSP_PM_DELETE_STAMP_RATE_DATEResources", "RSP_PM_DELETE_STAMP_RATE_DATEResources\RSP_PM_DELETE_STAMP_RATE_DATEResources.csproj", "{BEEA7ED4-13EA-04C5-4EEB-82AAF53E5AED}"
EndProject
Project("{FAE04EC0-301F-11D3-BF4B-00C04F79EFBC}") = "RSP_PM_DELETE_TRANS_ADDResources", "RSP_PM_DELETE_TRANS_ADDResources\RSP_PM_DELETE_TRANS_ADDResources.csproj", "{6B949F2D-E645-44ED-D4A9-A1C51F4D6D31}"
EndProject
Project("{FAE04EC0-301F-11D3-BF4B-00C04F79EFBC}") = "RSP_PM_DELETE_TRANS_HDResources", "RSP_PM_DELETE_TRANS_HDResources\RSP_PM_DELETE_TRANS_HDResources.csproj", "{393A9086-E287-930F-3FB2-02DABB9C4CEF}"
EndProject
Project("{FAE04EC0-301F-11D3-BF4B-00C04F79EFBC}") = "RSP_PM_DELETE_TRANS_PDResources", "RSP_PM_DELETE_TRANS_PDResources\RSP_PM_DELETE_TRANS_PDResources.csproj", "{21A19A60-039B-B183-DF81-87FDC2B19990}"
EndProject
Project("{FAE04EC0-301F-11D3-BF4B-00C04F79EFBC}") = "RSP_PM_DUPLICATE_HANDOVER_CHECKLIST_DTResources", "RSP_PM_DUPLICATE_HANDOVER_CHECKLIST_DTResources\RSP_PM_DUPLICATE_HANDOVER_CHECKLIST_DTResources.csproj", "{D534AB26-83B1-9BFF-DCD6-E8FEA4745448}"
EndProject
Project("{FAE04EC0-301F-11D3-BF4B-00C04F79EFBC}") = "RSP_PM_GENERATE_DRAFT_TENANT_BILLING_LISTResources", "RSP_PM_GENERATE_DRAFT_TENANT_BILLING_LISTResources\RSP_PM_GENERATE_DRAFT_TENANT_BILLING_LISTResources.csproj", "{891226EE-F5D6-0F37-E611-92BD87F27D8C}"
EndProject
Project("{FAE04EC0-301F-11D3-BF4B-00C04F79EFBC}") = "RSP_PM_GENERATE_INVOICE_FROM_PFIResources", "RSP_PM_GENERATE_INVOICE_FROM_PFIResources\RSP_PM_GENERATE_INVOICE_FROM_PFIResources.csproj", "{5F9DF8AB-FA0E-81BF-3B99-0F13631C41C2}"
EndProject
Project("{FAE04EC0-301F-11D3-BF4B-00C04F79EFBC}") = "RSP_PM_GENERATE_PENALTY_INVOICEResources", "RSP_PM_GENERATE_PENALTY_INVOICEResources\RSP_PM_GENERATE_PENALTY_INVOICEResources.csproj", "{947F70F2-26F3-44F6-3898-CF810175A21B}"
EndProject
Project("{FAE04EC0-301F-11D3-BF4B-00C04F79EFBC}") = "RSP_PM_GENERATE_REMINDERResources", "RSP_PM_GENERATE_REMINDERResources\RSP_PM_GENERATE_REMINDERResources.csproj", "{091F67C3-114C-6D9A-BF4B-332386E2335A}"
EndProject
Project("{FAE04EC0-301F-11D3-BF4B-00C04F79EFBC}") = "RSP_PM_GENERATE_WH_TAX_DEDUCTIONResources", "RSP_PM_GENERATE_WH_TAX_DEDUCTIONResources\RSP_PM_GENERATE_WH_TAX_DEDUCTIONResources.csproj", "{C7984C0C-9D8B-5B2D-5958-73D064AFFA84}"
EndProject
Project("{FAE04EC0-301F-11D3-BF4B-00C04F79EFBC}") = "RSP_PM_HANDOVER_ASSIGN_EMPLOYEEResources", "RSP_PM_HANDOVER_ASSIGN_EMPLOYEEResources\RSP_PM_HANDOVER_ASSIGN_EMPLOYEEResources.csproj", "{BE6AE0DA-D375-71AC-845A-C99C30200C66}"
EndProject
Project("{FAE04EC0-301F-11D3-BF4B-00C04F79EFBC}") = "RSP_PM_HANDOVER_CONFIRM_SCHEDULEResources", "RSP_PM_HANDOVER_CONFIRM_SCHEDULEResources\RSP_PM_HANDOVER_CONFIRM_SCHEDULEResources.csproj", "{4BA5B817-3848-EF8C-8508-0BD23C096068}"
EndProject
Project("{FAE04EC0-301F-11D3-BF4B-00C04F79EFBC}") = "RSP_PM_HANDOVER_INVITEResources", "RSP_PM_HANDOVER_INVITEResources\RSP_PM_HANDOVER_INVITEResources.csproj", "{B23A262B-6FCE-17EF-E0D0-D5C309291F59}"
EndProject
Project("{FAE04EC0-301F-11D3-BF4B-00C04F79EFBC}") = "RSP_PM_HANDOVER_PROCESSResources", "RSP_PM_HANDOVER_PROCESSResources\RSP_PM_HANDOVER_PROCESSResources.csproj", "{C661199D-C60F-2255-1179-939FB6945934}"
EndProject
Project("{FAE04EC0-301F-11D3-BF4B-00C04F79EFBC}") = "RSP_PM_HANDOVER_REINVITEResources", "RSP_PM_HANDOVER_REINVITEResources\RSP_PM_HANDOVER_REINVITEResources.csproj", "{25585B8E-4B8C-9A2C-FC6F-B9C78B5708EB}"
EndProject
Project("{FAE04EC0-301F-11D3-BF4B-00C04F79EFBC}") = "RSP_PM_HANDOVER_RESCHEDULEResources", "RSP_PM_HANDOVER_RESCHEDULEResources\RSP_PM_HANDOVER_RESCHEDULEResources.csproj", "{3A6150C2-81FF-25E0-BB4E-8A8AC84EB1D0}"
EndProject
Project("{FAE04EC0-301F-11D3-BF4B-00C04F79EFBC}") = "RSP_PM_HANDOVER_SCHEDULE_PROCESSResources", "RSP_PM_HANDOVER_SCHEDULE_PROCESSResources\RSP_PM_HANDOVER_SCHEDULE_PROCESSResources.csproj", "{20035A3A-372D-BB51-E68D-76AC988CF3CC}"
EndProject
Project("{FAE04EC0-301F-11D3-BF4B-00C04F79EFBC}") = "RSP_PM_INVOICE_UPLOADResources", "RSP_PM_INVOICE_UPLOADResources\RSP_PM_INVOICE_UPLOADResources.csproj", "{DD2AA0F4-B7E7-CAF7-78FE-56E069DFE475}"
EndProject
Project("{FAE04EC0-301F-11D3-BF4B-00C04F79EFBC}") = "RSP_PM_MAINTAIN_AGREEMENTResources", "RSP_PM_MAINTAIN_AGREEMENTResources\RSP_PM_MAINTAIN_AGREEMENTResources.csproj", "{F4BC1444-6273-4849-CAF7-3E9C2996EF62}"
EndProject
Project("{FAE04EC0-301F-11D3-BF4B-00C04F79EFBC}") = "RSP_PM_MAINTAIN_AGREEMENT_CHARGESResources", "RSP_PM_MAINTAIN_AGREEMENT_CHARGESResources\RSP_PM_MAINTAIN_AGREEMENT_CHARGESResources.csproj", "{3D6DF8EC-6977-4DA1-F571-9623EE75E281}"
EndProject
Project("{FAE04EC0-301F-11D3-BF4B-00C04F79EFBC}") = "RSP_PM_MAINTAIN_AGREEMENT_CHARGES_REVENUEResources", "RSP_PM_MAINTAIN_AGREEMENT_CHARGES_REVENUEResources\RSP_PM_MAINTAIN_AGREEMENT_CHARGES_REVENUEResources.csproj", "{C22FE4B9-4A4F-CD28-D522-253C77A4E60F}"
EndProject
Project("{FAE04EC0-301F-11D3-BF4B-00C04F79EFBC}") = "RSP_PM_MAINTAIN_AGREEMENT_CHARGES_REVENUE_HDResources", "RSP_PM_MAINTAIN_AGREEMENT_CHARGES_REVENUE_HDResources\RSP_PM_MAINTAIN_AGREEMENT_CHARGES_REVENUE_HDResources.csproj", "{9DBB139B-31B1-D4B3-5236-8C33390A2976}"
EndProject
Project("{FAE04EC0-301F-11D3-BF4B-00C04F79EFBC}") = "RSP_PM_MAINTAIN_AGREEMENT_DEPOSITResources", "RSP_PM_MAINTAIN_AGREEMENT_DEPOSITResources\RSP_PM_MAINTAIN_AGREEMENT_DEPOSITResources.csproj", "{1E1EDB66-5D0D-AF95-12B7-CADA27B53D55}"
EndProject
Project("{FAE04EC0-301F-11D3-BF4B-00C04F79EFBC}") = "RSP_PM_MAINTAIN_AGREEMENT_DOCResources", "RSP_PM_MAINTAIN_AGREEMENT_DOCResources\RSP_PM_MAINTAIN_AGREEMENT_DOCResources.csproj", "{5AE6BD6D-7077-2700-0D3C-8EFCE290C8B4}"
EndProject
Project("{FAE04EC0-301F-11D3-BF4B-00C04F79EFBC}") = "RSP_PM_MAINTAIN_AGREEMENT_UNITResources", "RSP_PM_MAINTAIN_AGREEMENT_UNITResources\RSP_PM_MAINTAIN_AGREEMENT_UNITResources.csproj", "{2A277D3E-2A16-6C8D-14C3-446846643288}"
EndProject
Project("{FAE04EC0-301F-11D3-BF4B-00C04F79EFBC}") = "RSP_PM_MAINTAIN_AGREEMENT_UTILITIESResources", "RSP_PM_MAINTAIN_AGREEMENT_UTILITIESResources\RSP_PM_MAINTAIN_AGREEMENT_UTILITIESResources.csproj", "{D6642EF2-978A-AE4F-5178-32F1C6B6D074}"
EndProject
Project("{FAE04EC0-301F-11D3-BF4B-00C04F79EFBC}") = "RSP_PM_MAINTAIN_BILLING_PARAMETERResources", "RSP_PM_MAINTAIN_BILLING_PARAMETERResources\RSP_PM_MAINTAIN_BILLING_PARAMETERResources.csproj", "{8FD5C7C4-215C-C638-C558-6FCAF180674F}"
EndProject
Project("{FAE04EC0-301F-11D3-BF4B-00C04F79EFBC}") = "RSP_PM_MAINTAIN_BILLING_RULEResources", "RSP_PM_MAINTAIN_BILLING_RULEResources\RSP_PM_MAINTAIN_BILLING_RULEResources.csproj", "{985B61C3-BC58-D10A-B517-BADB135B37D2}"
EndProject
Project("{FAE04EC0-301F-11D3-BF4B-00C04F79EFBC}") = "RSP_PM_MAINTAIN_BUILDING_UTILITIESResources", "RSP_PM_MAINTAIN_BUILDING_UTILITIESResources\RSP_PM_MAINTAIN_BUILDING_UTILITIESResources.csproj", "{B44A0BBC-5FF5-D317-0675-70BE83532EC3}"
EndProject
Project("{FAE04EC0-301F-11D3-BF4B-00C04F79EFBC}") = "RSP_PM_MAINTAIN_DISCOUNTResources", "RSP_PM_MAINTAIN_DISCOUNTResources\RSP_PM_MAINTAIN_DISCOUNTResources.csproj", "{2332C6C3-AFB4-A274-56D1-6FD2BE52C982}"
EndProject
Project("{FAE04EC0-301F-11D3-BF4B-00C04F79EFBC}") = "RSP_PM_MAINTAIN_GUEST_MESSAGEResources", "RSP_PM_MAINTAIN_GUEST_MESSAGEResources\RSP_PM_MAINTAIN_GUEST_MESSAGEResources.csproj", "{6EA72721-2CA5-5786-7BA2-327BEC6FBC75}"
EndProject
Project("{FAE04EC0-301F-11D3-BF4B-00C04F79EFBC}") = "RSP_PM_MAINTAIN_HANDOVERResources", "RSP_PM_MAINTAIN_HANDOVERResources\RSP_PM_MAINTAIN_HANDOVERResources.csproj", "{83B27C6A-CBBA-708E-8943-B4B22B5F121F}"
EndProject
Project("{FAE04EC0-301F-11D3-BF4B-00C04F79EFBC}") = "RSP_PM_MAINTAIN_HANDOVER_CHECKLIST_DTResources", "RSP_PM_MAINTAIN_HANDOVER_CHECKLIST_DTResources\RSP_PM_MAINTAIN_HANDOVER_CHECKLIST_DTResources.csproj", "{CA80C8D2-9444-CB10-49C8-C8B4C2AF5D47}"
EndProject
Project("{FAE04EC0-301F-11D3-BF4B-00C04F79EFBC}") = "RSP_PM_MAINTAIN_HANDOVER_CHECKLIST_HDResources", "RSP_PM_MAINTAIN_HANDOVER_CHECKLIST_HDResources\RSP_PM_MAINTAIN_HANDOVER_CHECKLIST_HDResources.csproj", "{9290861B-4B35-472F-4945-F98A56A5E332}"
EndProject
Project("{FAE04EC0-301F-11D3-BF4B-00C04F79EFBC}") = "RSP_PM_MAINTAIN_INVGRP_BANK_ACC_DEPTResources", "RSP_PM_MAINTAIN_INVGRP_BANK_ACC_DEPTResources\RSP_PM_MAINTAIN_INVGRP_BANK_ACC_DEPTResources.csproj", "{E2355864-9C1E-D31B-4D09-A63D609661C6}"
EndProject
Project("{FAE04EC0-301F-11D3-BF4B-00C04F79EFBC}") = "RSP_PM_MAINTAIN_INVGRP_CHARGESResources", "RSP_PM_MAINTAIN_INVGRP_CHARGESResources\RSP_PM_MAINTAIN_INVGRP_CHARGESResources.csproj", "{11822A60-1CCA-AB33-8914-202F63092F89}"
EndProject
Project("{FAE04EC0-301F-11D3-BF4B-00C04F79EFBC}") = "RSP_PM_MAINTAIN_INVGRP_PENALTYResources", "RSP_PM_MAINTAIN_INVGRP_PENALTYResources\RSP_PM_MAINTAIN_INVGRP_PENALTYResources.csproj", "{01F80D8D-6D2A-B42B-DEFC-3AA1DC9A15A2}"
EndProject
Project("{FAE04EC0-301F-11D3-BF4B-00C04F79EFBC}") = "RSP_PM_MAINTAIN_INVOICE_GRPResources", "RSP_PM_MAINTAIN_INVOICE_GRPResources\RSP_PM_MAINTAIN_INVOICE_GRPResources.csproj", "{9E9204C2-F9A0-D015-224F-001E16CB592E}"
EndProject
Project("{FAE04EC0-301F-11D3-BF4B-00C04F79EFBC}") = "RSP_PM_MAINTAIN_OVT_INVOICEResources", "RSP_PM_MAINTAIN_OVT_INVOICEResources\RSP_PM_MAINTAIN_OVT_INVOICEResources.csproj", "{037AD22C-BBAD-D248-9E79-7AADFCBC15CE}"
EndProject
Project("{FAE04EC0-301F-11D3-BF4B-00C04F79EFBC}") = "RSP_PM_MAINTAIN_PRICINGResources", "RSP_PM_MAINTAIN_PRICINGResources\RSP_PM_MAINTAIN_PRICINGResources.csproj", "{4516DFEB-1706-F666-43B6-0F53F614A206}"
EndProject
Project("{FAE04EC0-301F-11D3-BF4B-00C04F79EFBC}") = "RSP_PM_MAINTAIN_PRICING_RATEResources", "RSP_PM_MAINTAIN_PRICING_RATEResources\RSP_PM_MAINTAIN_PRICING_RATEResources.csproj", "{675F279C-F122-26DD-8C98-45D8996F12BA}"
EndProject
Project("{FAE04EC0-301F-11D3-BF4B-00C04F79EFBC}") = "RSP_PM_MAINTAIN_RATE_ECResources", "RSP_PM_MAINTAIN_RATE_ECResources\RSP_PM_MAINTAIN_RATE_ECResources.csproj", "{FFD8DD05-D18F-8E51-D377-F85A45B43BEA}"
EndProject
Project("{FAE04EC0-301F-11D3-BF4B-00C04F79EFBC}") = "RSP_PM_MAINTAIN_RATE_OTResources", "RSP_PM_MAINTAIN_RATE_OTResources\RSP_PM_MAINTAIN_RATE_OTResources.csproj", "{35D17D2B-4F30-8CA0-2185-89FCAD2512D2}"
EndProject
Project("{FAE04EC0-301F-11D3-BF4B-00C04F79EFBC}") = "RSP_PM_MAINTAIN_RATE_WGResources", "RSP_PM_MAINTAIN_RATE_WGResources\RSP_PM_MAINTAIN_RATE_WGResources.csproj", "{F6324C0E-BA87-17C1-1D41-3599C090247D}"
EndProject
Project("{FAE04EC0-301F-11D3-BF4B-00C04F79EFBC}") = "RSP_PM_MAINTAIN_REMINDERResources", "RSP_PM_MAINTAIN_REMINDERResources\RSP_PM_MAINTAIN_REMINDERResources.csproj", "{318890C9-10BC-5C8C-9FB4-C8D5ABF44021}"
EndProject
Project("{FAE04EC0-301F-11D3-BF4B-00C04F79EFBC}") = "RSP_PM_MAINTAIN_SALESMANResources", "RSP_PM_MAINTAIN_SALESMANResources\RSP_PM_MAINTAIN_SALESMANResources.csproj", "{003BD3D7-E3FB-8903-EA8C-B44E479556A5}"
EndProject
Project("{FAE04EC0-301F-11D3-BF4B-00C04F79EFBC}") = "RSP_PM_MAINTAIN_SLA_CALL_TYPEResources", "RSP_PM_MAINTAIN_SLA_CALL_TYPEResources_msgrsc\RSP_PM_MAINTAIN_SLA_CALL_TYPEResources.csproj", "{58E6E251-DEA9-19D6-C8CF-336D7F4C8CE0}"
EndProject
Project("{FAE04EC0-301F-11D3-BF4B-00C04F79EFBC}") = "RSP_PM_MAINTAIN_SLA_CATEGORYResources", "RSP_PM_MAINTAIN_SLA_CATEGORYResources\RSP_PM_MAINTAIN_SLA_CATEGORYResources.csproj", "{44591BA5-A72E-485B-5BDA-1224C2A71954}"
EndProject
Project("{FAE04EC0-301F-11D3-BF4B-00C04F79EFBC}") = "RSP_PM_MAINTAIN_STAFFResources", "RSP_PM_MAINTAIN_STAFFResources\RSP_PM_MAINTAIN_STAFFResources.csproj", "{18E5F18A-4EFE-4B63-8516-0A2F54C53520}"
EndProject
Project("{FAE04EC0-301F-11D3-BF4B-00C04F79EFBC}") = "RSP_PM_MAINTAIN_STAMP_RATEResources", "RSP_PM_MAINTAIN_STAMP_RATEResources\RSP_PM_MAINTAIN_STAMP_RATEResources.csproj", "{EDAE76C7-EFC4-6F67-B133-8AD12653729C}"
EndProject
Project("{FAE04EC0-301F-11D3-BF4B-00C04F79EFBC}") = "RSP_PM_MAINTAIN_STRATA_BILLING_RULEResources", "RSP_PM_MAINTAIN_STRATA_BILLING_RULEResources\RSP_PM_MAINTAIN_STRATA_BILLING_RULEResources.csproj", "{A1AD1552-8057-89E6-DD0D-0DC63D166120}"
EndProject
Project("{FAE04EC0-301F-11D3-BF4B-00C04F79EFBC}") = "RSP_PM_MAINTAIN_SYSTEM_PARAMETERResources", "RSP_PM_MAINTAIN_SYSTEM_PARAMETERResources\RSP_PM_MAINTAIN_SYSTEM_PARAMETERResources.csproj", "{CD1484D9-60A8-18B3-EF9B-AF795EF6480F}"
EndProject
Project("{FAE04EC0-301F-11D3-BF4B-00C04F79EFBC}") = "RSP_PM_MAINTAIN_TCResources - Backup", "RSP_PM_MAINTAIN_TCResources\RSP_PM_MAINTAIN_TCResources - Backup.csproj", "{FB2D2995-1C55-7A95-BE73-CCA84B0B2C0B}"
EndProject
Project("{FAE04EC0-301F-11D3-BF4B-00C04F79EFBC}") = "RSP_PM_MAINTAIN_TCResources", "RSP_PM_MAINTAIN_TCResources\RSP_PM_MAINTAIN_TCResources.csproj", "{EFAEB28A-E31A-0BC5-CFDA-EC34D0EF96E4}"
EndProject
Project("{FAE04EC0-301F-11D3-BF4B-00C04F79EFBC}") = "RSP_PM_MAINTAIN_TENANTResources", "RSP_PM_MAINTAIN_TENANTResources\RSP_PM_MAINTAIN_TENANTResources.csproj", "{9918F367-579C-EF23-CB68-D71A590FAD42}"
EndProject
Project("{FAE04EC0-301F-11D3-BF4B-00C04F79EFBC}") = "RSP_PM_MAINTAIN_TENANT_CLASSResources", "RSP_PM_MAINTAIN_TENANT_CLASSResources\RSP_PM_MAINTAIN_TENANT_CLASSResources.csproj", "{6D236D3D-0B60-D4AE-AAFC-8883F9EB1ABD}"
EndProject
Project("{FAE04EC0-301F-11D3-BF4B-00C04F79EFBC}") = "RSP_PM_MAINTAIN_TENANT_CLASS_GRPResources", "RSP_PM_MAINTAIN_TENANT_CLASS_GRPResources\RSP_PM_MAINTAIN_TENANT_CLASS_GRPResources.csproj", "{2442E12A-4B42-0AB1-B44F-C98A9B1EF28C}"
EndProject
Project("{FAE04EC0-301F-11D3-BF4B-00C04F79EFBC}") = "RSP_PM_MAINTAIN_TENANT_CTGResources", "RSP_PM_MAINTAIN_TENANT_CTGResources\RSP_PM_MAINTAIN_TENANT_CTGResources.csproj", "{2821F5FD-F143-F39B-5100-42E7961390F8}"
EndProject
Project("{FAE04EC0-301F-11D3-BF4B-00C04F79EFBC}") = "RSP_PM_MAINTAIN_TENANT_GRPResources", "RSP_PM_MAINTAIN_TENANT_GRPResources\RSP_PM_MAINTAIN_TENANT_GRPResources.csproj", "{ABA67BC8-8860-06E8-F33F-B88E899DDB58}"
EndProject
Project("{FAE04EC0-301F-11D3-BF4B-00C04F79EFBC}") = "RSP_PM_MAINTAIN_TENANT_UNIT_FACILITYResources", "RSP_PM_MAINTAIN_TENANT_UNIT_FACILITYResources\RSP_PM_MAINTAIN_TENANT_UNIT_FACILITYResources.csproj", "{EFD16217-9156-6767-6571-F0ED36E11B80}"
EndProject
Project("{FAE04EC0-301F-11D3-BF4B-00C04F79EFBC}") = "RSP_PM_MAINTAIN_UNIT_CHARGESResources", "RSP_PM_MAINTAIN_UNIT_CHARGESResources\RSP_PM_MAINTAIN_UNIT_CHARGESResources.csproj", "{0800F177-74E1-D946-34B7-B76AB47D56F7}"
EndProject
Project("{FAE04EC0-301F-11D3-BF4B-00C04F79EFBC}") = "RSP_PM_MAINTAIN_UNIT_PROMOTION_PRICEResources", "RSP_PM_MAINTAIN_UNIT_PROMOTION_PRICEResources\RSP_PM_MAINTAIN_UNIT_PROMOTION_PRICEResources.csproj", "{5B891A11-4243-6677-8E77-F1C93F2B882B}"
EndProject
Project("{FAE04EC0-301F-11D3-BF4B-00C04F79EFBC}") = "RSP_PM_MAINTAIN_UNIT_TYPE_BILLING_RULEResources", "RSP_PM_MAINTAIN_UNIT_TYPE_BILLING_RULEResources\RSP_PM_MAINTAIN_UNIT_TYPE_BILLING_RULEResources.csproj", "{68FA968E-1EA9-17CB-9A96-7B63F42E4843}"
EndProject
Project("{FAE04EC0-301F-11D3-BF4B-00C04F79EFBC}") = "RSP_PM_MAINTAIN_UNIT_TYPE_PRICEResources", "RSP_PM_MAINTAIN_UNIT_TYPE_PRICEResources\RSP_PM_MAINTAIN_UNIT_TYPE_PRICEResources.csproj", "{4B6AE74A-F339-F178-DED1-8B1B25E08151}"
EndProject
Project("{FAE04EC0-301F-11D3-BF4B-00C04F79EFBC}") = "RSP_PM_MAINTAIN_USER_PARAMResources", "RSP_PM_MAINTAIN_USER_PARAMResources\RSP_PM_MAINTAIN_USER_PARAMResources.csproj", "{3F4B7F2E-F053-8BF3-2E04-6BD75540BBE5}"
EndProject
Project("{FAE04EC0-301F-11D3-BF4B-00C04F79EFBC}") = "RSP_PM_MAINTAIN_UTILITY_CHARGESResources", "RSP_PM_MAINTAIN_UTILITY_CHARGESResources\RSP_PM_MAINTAIN_UTILITY_CHARGESResources.csproj", "{1A75DB43-031A-EB87-AEE5-DCBEBE51C61B}"
EndProject
Project("{FAE04EC0-301F-11D3-BF4B-00C04F79EFBC}") = "RSP_PM_MOVE_TENANT_CLASSResources", "RSP_PM_MOVE_TENANT_CLASSResources\RSP_PM_MOVE_TENANT_CLASSResources.csproj", "{8E4E4B87-2C8B-D072-6443-FB8425F47F7E}"
EndProject
Project("{FAE04EC0-301F-11D3-BF4B-00C04F79EFBC}") = "RSP_PM_OPENING_PROCESSResources", "RSP_PM_OPENING_PROCESSResources\RSP_PM_OPENING_PROCESSResources.csproj", "{7194946D-AA01-4FFD-A8BF-F85EF0510F19}"
EndProject
Project("{FAE04EC0-301F-11D3-BF4B-00C04F79EFBC}") = "RSP_PM_PROCESS_AGREEMENT_CHARGE_DISCOUNTResources", "RSP_PM_PROCESS_AGREEMENT_CHARGE_DISCOUNTResources\RSP_PM_PROCESS_AGREEMENT_CHARGE_DISCOUNTResources.csproj", "{9CAB7D2B-B74F-238D-E5D6-6D03DE2B15F4}"
EndProject
Project("{FAE04EC0-301F-11D3-BF4B-00C04F79EFBC}") = "RSP_PM_PROCESS_UPDATE_UTILITY_CHARGESResources", "RSP_PM_PROCESS_UPDATE_UTILITY_CHARGESResources\RSP_PM_PROCESS_UPDATE_UTILITY_CHARGESResources.csproj", "{F5AFA5C4-1CDC-9AB7-C390-8EAF6E32BEAA}"
EndProject
Project("{FAE04EC0-301F-11D3-BF4B-00C04F79EFBC}") = "RSP_PM_SAVE_ALLOCATIONResources", "RSP_PM_SAVE_ALLOCATIONResources\RSP_PM_SAVE_ALLOCATIONResources.csproj", "{83A2BEFD-8F68-2FB4-9BA2-2D4737D2CC04}"
EndProject
Project("{FAE04EC0-301F-11D3-BF4B-00C04F79EFBC}") = "RSP_PM_SAVE_CA_WT_CUST_RECEIPTResources", "RSP_PM_SAVE_CA_WT_CUST_RECEIPTResources\RSP_PM_SAVE_CA_WT_CUST_RECEIPTResources.csproj", "{E8164767-EA29-2075-15A7-C47DAD9EF1D1}"
EndProject
Project("{FAE04EC0-301F-11D3-BF4B-00C04F79EFBC}") = "RSP_PM_SAVE_CQ_CUST_RECEIPTResources", "RSP_PM_SAVE_CQ_CUST_RECEIPTResources\RSP_PM_SAVE_CQ_CUST_RECEIPTResources.csproj", "{572BDA6B-C5AA-595C-58B1-E176C3232DC4}"
EndProject
Project("{FAE04EC0-301F-11D3-BF4B-00C04F79EFBC}") = "RSP_PM_SAVE_CUST_RECEIPTResources", "RSP_PM_SAVE_CUST_RECEIPTResources\RSP_PM_SAVE_CUST_RECEIPTResources.csproj", "{947C553F-9965-4D69-0F73-14D897CB5D14}"
EndProject
Project("{FAE04EC0-301F-11D3-BF4B-00C04F79EFBC}") = "RSP_PM_SAVE_INVOICE_MULTI_RECEIPTResources", "RSP_PM_SAVE_INVOICE_MULTI_RECEIPTResources\RSP_PM_SAVE_INVOICE_MULTI_RECEIPTResources.csproj", "{6BF533F2-4BBF-52D0-EE06-72895E413615}"
EndProject
Project("{FAE04EC0-301F-11D3-BF4B-00C04F79EFBC}") = "RSP_PM_SAVE_PAYMENT_CHANNEL", "RSP_PM_SAVE_PAYMENT_CHANNEL\RSP_PM_SAVE_PAYMENT_CHANNEL.csproj", "{DBA406D5-5157-065C-3F4A-EEF6E474BC68}"
EndProject
Project("{FAE04EC0-301F-11D3-BF4B-00C04F79EFBC}") = "RSP_PM_SAVE_PAYMENT_CHANNEL_PARAMResources", "RSP_PM_SAVE_PAYMENT_CHANNEL_PARAMResources\RSP_PM_SAVE_PAYMENT_CHANNEL_PARAMResources.csproj", "{8364B9D2-1FE1-8437-6E0F-03999DC840A4}"
EndProject
Project("{FAE04EC0-301F-11D3-BF4B-00C04F79EFBC}") = "RSP_PM_SAVE_PENALTY_MULTI_RECEIPTResources", "RSP_PM_SAVE_PENALTY_MULTI_RECEIPT\RSP_PM_SAVE_PENALTY_MULTI_RECEIPTResources.csproj", "{981F8F8B-5862-A667-2F55-A52E0BA59838}"
EndProject
Project("{FAE04EC0-301F-11D3-BF4B-00C04F79EFBC}") = "RSP_PM_SAVE_PENALTY_RECEIPTResources", "RSP_PM_SAVE_PENALTY_RECEIPTResources\RSP_PM_SAVE_PENALTY_RECEIPTResources.csproj", "{C2ED7B11-D361-C9DE-A57D-927FFABDD543}"
EndProject
Project("{FAE04EC0-301F-11D3-BF4B-00C04F79EFBC}") = "RSP_PM_SAVE_PENALTY_REDEMPTIONResources", "RSP_PM_SAVE_PENALTY_REDEMPTIONResources\RSP_PM_SAVE_PENALTY_REDEMPTIONResources.csproj", "{375F3B89-698A-FCD9-A32E-133B9F028457}"
EndProject
Project("{FAE04EC0-301F-11D3-BF4B-00C04F79EFBC}") = "RSP_PM_SAVE_SALES_ADJUSTMENTResources", "RSP_PM_SAVE_SALES_ADJUSTMENTResources\RSP_PM_SAVE_SALES_ADJUSTMENTResources.csproj", "{E089A597-06E0-5DD0-19A8-8E30024F2224}"
EndProject
Project("{FAE04EC0-301F-11D3-BF4B-00C04F79EFBC}") = "RSP_PM_SAVE_SALES_ADJUSTMENT_ALLOCResources", "RSP_PM_SAVE_SALES_ADJUSTMENT_ALLOCResources\RSP_PM_SAVE_SALES_ADJUSTMENT_ALLOCResources.csproj", "{9E202BE2-2073-1FF8-A25C-00927F456CB2}"
EndProject
Project("{FAE04EC0-301F-11D3-BF4B-00C04F79EFBC}") = "RSP_PM_SAVE_STAMP_RATEResources", "RSP_PM_SAVE_STAMP_RATEResources\RSP_PM_SAVE_STAMP_RATEResources.csproj", "{2A8B09AC-7B18-71B9-4CB1-A69B46DB1A73}"
EndProject
Project("{FAE04EC0-301F-11D3-BF4B-00C04F79EFBC}") = "RSP_PM_SAVE_STAMP_RATE_AMOUNTResources", "RSP_PM_SAVE_STAMP_RATE_AMOUNTResources\RSP_PM_SAVE_STAMP_RATE_AMOUNTResources.csproj", "{1D70B9C7-8E98-FC3A-8F83-1761574E0B66}"
EndProject
Project("{FAE04EC0-301F-11D3-BF4B-00C04F79EFBC}") = "RSP_PM_SAVE_STAMP_RATE_DATEResources", "RSP_PM_SAVE_STAMP_RATE_DATEResources\RSP_PM_SAVE_STAMP_RATE_DATEResources.csproj", "{D3A2EDA5-C642-BE23-8297-B152B18B0CDD}"
EndProject
Project("{FAE04EC0-301F-11D3-BF4B-00C04F79EFBC}") = "RSP_PM_SAVE_TENANT_SALES_DTResources", "RSP_PM_SAVE_TENANT_SALES_DTResources\RSP_PM_SAVE_TENANT_SALES_DTResources.csproj", "{D7E28966-97DA-52B8-4096-CBEF860D8DF6}"
EndProject
Project("{FAE04EC0-301F-11D3-BF4B-00C04F79EFBC}") = "RSP_PM_SAVE_TENANT_SALES_HDResources", "RSP_PM_SAVE_TENANT_SALES_HDResources\RSP_PM_SAVE_TENANT_SALES_HDResources.csproj", "{CD5EA712-F8FE-B8BB-F652-47686FD4C3A4}"
EndProject
Project("{FAE04EC0-301F-11D3-BF4B-00C04F79EFBC}") = "RSP_PM_SAVE_TRANS_CANCELLATIONResources", "RSP_PM_SAVE_TRANS_CANCELLATIONResources\RSP_PM_SAVE_TRANS_CANCELLATIONResources.csproj", "{8CE0715B-7791-5243-9D97-90A1FA3C64EB}"
EndProject
Project("{FAE04EC0-301F-11D3-BF4B-00C04F79EFBC}") = "RSP_PM_SAVE_TRANS_HDResources", "RSP_PM_SAVE_TRANS_HDResources\RSP_PM_SAVE_TRANS_HDResources.csproj", "{DD9A2930-19C8-5EF8-4F19-893FA86552DC}"
EndProject
Project("{FAE04EC0-301F-11D3-BF4B-00C04F79EFBC}") = "RSP_PM_SAVE_TRANS_HD_SUMMARYResources", "RSP_PM_SAVE_TRANS_HD_SUMMARYResources\RSP_PM_SAVE_TRANS_HD_SUMMARYResources.csproj", "{B92E22A5-6018-738F-983C-0C45797C6845}"
EndProject
Project("{FAE04EC0-301F-11D3-BF4B-00C04F79EFBC}") = "RSP_PM_SAVE_TRANS_PDResources", "RSP_PM_SAVE_TRANS_PDResources\RSP_PM_SAVE_TRANS_PDResources.csproj", "{46F6A16D-53AA-4D21-07EB-9D966B699AC7}"
EndProject
Project("{FAE04EC0-301F-11D3-BF4B-00C04F79EFBC}") = "RSP_PM_SEND_RECEIPTResources", "RSP_PM_SEND_RECEIPTResources\RSP_PM_SEND_RECEIPTResources.csproj", "{43C86B70-7A5D-057B-FFC6-91B6BBFE9AE4}"
EndProject
Project("{FAE04EC0-301F-11D3-BF4B-00C04F79EFBC}") = "RSP_PM_SEND_REMINDERResources", "RSP_PM_SEND_REMINDERResources\RSP_PM_SEND_REMINDERResources.csproj", "{B898BEE0-05AF-C5B5-3311-4EBEA8F64D79}"
EndProject
Project("{FAE04EC0-301F-11D3-BF4B-00C04F79EFBC}") = "RSP_PM_SUBMIT_ALLOCATIONResources", "RSP_PM_SUBMIT_ALLOCATIONResources\RSP_PM_SUBMIT_ALLOCATIONResources.csproj", "{8A0C3FEC-299D-8922-42ED-78A59C168438}"
EndProject
Project("{FAE04EC0-301F-11D3-BF4B-00C04F79EFBC}") = "RSP_PM_SUBMIT_CA_WT_CUST_RECEIPTResources", "RSP_PM_SUBMIT_CA_WT_CUST_RECEIPTResources\RSP_PM_SUBMIT_CA_WT_CUST_RECEIPTResources.csproj", "{4DA1ACA0-0049-F34E-3BBB-DF20D43ACE59}"
EndProject
Project("{FAE04EC0-301F-11D3-BF4B-00C04F79EFBC}") = "RSP_PM_SUBMIT_SALES_ADJUSTMENTResources", "RSP_PM_SUBMIT_SALES_ADJUSTMENTResources\RSP_PM_SUBMIT_SALES_ADJUSTMENTResources.csproj", "{3387F245-4C87-C965-9073-AE710CFE333E}"
EndProject
Project("{FAE04EC0-301F-11D3-BF4B-00C04F79EFBC}") = "RSP_PM_SUBMIT_TENANT_BILLING_LISTResources", "RSP_PM_SUBMIT_TENANT_BILLING_LISTResources\RSP_PM_SUBMIT_TENANT_BILLING_LISTResources.csproj", "{5B215CE8-4FB9-98C0-240D-83F4ED209307}"
EndProject
Project("{FAE04EC0-301F-11D3-BF4B-00C04F79EFBC}") = "RSP_PM_SUBMIT_TENANT_SALES_HDResources", "RSP_PM_SUBMIT_TENANT_SALES_HDResources\RSP_PM_SUBMIT_TENANT_SALES_HDResources.csproj", "{CE486DB4-A461-B3F0-8837-72ABCC21D28B}"
EndProject
Project("{FAE04EC0-301F-11D3-BF4B-00C04F79EFBC}") = "RSP_PM_SUBMIT_TRANS_HDResources", "RSP_PM_SUBMIT_TRANS_HDResources\RSP_PM_SUBMIT_TRANS_HDResources.csproj", "{4A756B98-E1B0-98F8-0E62-409C7FA6FABB}"
EndProject
Project("{FAE04EC0-301F-11D3-BF4B-00C04F79EFBC}") = "RSP_PM_UNASSIGN_PRICELISTResources", "RSP_PM_UNASSIGN_PRICELISTResources\RSP_PM_UNASSIGN_PRICELISTResources.csproj", "{2F971038-BAD9-0D8D-9B7B-936D32FA6224}"
EndProject
Project("{FAE04EC0-301F-11D3-BF4B-00C04F79EFBC}") = "RSP_PM_UPDATE_AGREEMENT_TRANS_STSResources", "RSP_PM_UPDATE_AGREEMENT_TRANS_STSResources\RSP_PM_UPDATE_AGREEMENT_TRANS_STSResources.csproj", "{098861D5-AD2F-D22F-68AA-78F7E568145D}"
EndProject
Project("{FAE04EC0-301F-11D3-BF4B-00C04F79EFBC}") = "RSP_PM_UPDATE_ALLOCATION_STATUSResources", "RSP_PM_UPDATE_ALLOCATION_STATUSResources\RSP_PM_UPDATE_ALLOCATION_STATUSResources.csproj", "{D2DA0D4D-772C-E28A-0E43-9D233709DB7B}"
EndProject
Project("{FAE04EC0-301F-11D3-BF4B-00C04F79EFBC}") = "RSP_PM_UPDATE_TENANT_BILLING_STATUSResources", "RSP_PM_UPDATE_TENANT_BILLING_STATUSResources\RSP_PM_UPDATE_TENANT_BILLING_STATUSResources.csproj", "{94850A54-D5E7-1D7B-3D26-261F47F9435E}"
EndProject
Project("{FAE04EC0-301F-11D3-BF4B-00C04F79EFBC}") = "RSP_PM_UPDATE_TENANT_SALES_HD_STATUSResources", "RSP_PM_UPDATE_TENANT_SALES_HD_STATUSResources\RSP_PM_UPDATE_TENANT_SALES_HD_STATUSResources.csproj", "{AB32DDDD-A907-114F-0787-C9CDEE0CCB51}"
EndProject
Project("{FAE04EC0-301F-11D3-BF4B-00C04F79EFBC}") = "RSP_PM_UPDATE_TRANS_HD_STATUSResources", "RSP_PM_UPDATE_TRANS_HD_STATUSResources\RSP_PM_UPDATE_TRANS_HD_STATUSResources.csproj", "{02675C1C-1525-EB0B-4731-6DD55D68AF6C}"
EndProject
Project("{FAE04EC0-301F-11D3-BF4B-00C04F79EFBC}") = "RSP_PM_UPLOAD_HANDOVERResources", "RSP_PM_UPLOAD_HANDOVERResources\RSP_PM_UPLOAD_HANDOVERResources.csproj", "{DF981C15-86A7-982F-DFB1-7335FCC3383C}"
EndProject
Project("{FAE04EC0-301F-11D3-BF4B-00C04F79EFBC}") = "RSP_PM_UPLOAD_LEASE_AGREEMENTResources", "RSP_PM_UPLOAD_LEASE_AGREEMENTResources\RSP_PM_UPLOAD_LEASE_AGREEMENTResources.csproj", "{422C9AE6-554F-E3C1-43F8-87753D09D659}"
EndProject
Project("{FAE04EC0-301F-11D3-BF4B-00C04F79EFBC}") = "RSP_PM_UPLOAD_SALESMANResources", "RSP_PM_UPLOAD_SALESMANResources\RSP_PM_UPLOAD_SALESMANResources.csproj", "{5ED3686B-19D4-2FE4-303B-FC00348B3B0E}"
EndProject
Project("{FAE04EC0-301F-11D3-BF4B-00C04F79EFBC}") = "RSP_PM_UPLOAD_SLA_PROCESSResources", "RSP_PM_UPLOAD_SLA_PROCESSResources\RSP_PM_UPLOAD_SLA_PROCESSResources.csproj", "{DA6E4ED6-BFEA-802A-2308-C6D70407734F}"
EndProject
Project("{FAE04EC0-301F-11D3-BF4B-00C04F79EFBC}") = "RSP_PM_UPLOAD_STAFFResources", "RSP_PM_UPLOAD_STAFFResources\RSP_PM_UPLOAD_STAFFResources.csproj", "{62001838-8308-B1F5-50C2-C6D0AE9382D4}"
EndProject
Project("{FAE04EC0-301F-11D3-BF4B-00C04F79EFBC}") = "RSP_PM_UPLOAD_STRATA_AGREEMENTResources", "RSP_PM_UPLOAD_STRATA_AGREEMENTResources\RSP_PM_UPLOAD_STRATA_AGREEMENTResources.csproj", "{3D72263D-DB5D-93AF-15F2-D7F30974D90A}"
EndProject
Project("{FAE04EC0-301F-11D3-BF4B-00C04F79EFBC}") = "RSP_PM_UPLOAD_TENANTResources", "RSP_PM_UPLOAD_TENANTResources\RSP_PM_UPLOAD_TENANTResources.csproj", "{8D86B86F-AF4C-241F-D9C8-5E9914F2C10B}"
EndProject
Project("{FAE04EC0-301F-11D3-BF4B-00C04F79EFBC}") = "RSP_PM_UPLOAD_TENANT_BILLINGResources", "RSP_PM_UPLOAD_TENANT_BILLINGResources\RSP_PM_UPLOAD_TENANT_BILLINGResources.csproj", "{CA5B5FCA-4993-A6DA-1F3B-102CC8051ADE}"
EndProject
Project("{FAE04EC0-301F-11D3-BF4B-00C04F79EFBC}") = "RSP_PM_UPLOAD_TENANT_TAXResources", "RSP_PM_UPLOAD_TENANT_TAXResources\RSP_PM_UPLOAD_TENANT_TAXResources.csproj", "{2E861DE3-A750-14CE-10C2-6CDCFE807831}"
EndProject
Project("{FAE04EC0-301F-11D3-BF4B-00C04F79EFBC}") = "RSP_PM_UPLOAD_UTILITY_CUTOFF_ECResources", "RSP_PM_UPLOAD_UTILITY_CUTOFF_ECResources\RSP_PM_UPLOAD_UTILITY_CUTOFF_ECResources.csproj", "{5752B894-222E-D5DA-688B-B612DCDDBB56}"
EndProject
Project("{FAE04EC0-301F-11D3-BF4B-00C04F79EFBC}") = "RSP_PM_UPLOAD_UTILITY_CUTOFF_WGResources", "RSP_PM_UPLOAD_UTILITY_CUTOFF_WGResources\RSP_PM_UPLOAD_UTILITY_CUTOFF_WGResources.csproj", "{23A0725B-BCAC-5C45-DB09-80E975739A5E}"
EndProject
Project("{FAE04EC0-301F-11D3-BF4B-00C04F79EFBC}") = "RSP_PM_UPLOAD_UTILITY_USAGE_ECResources", "RSP_PM_UPLOAD_UTILITY_USAGE_ECResources\RSP_PM_UPLOAD_UTILITY_USAGE_ECResources.csproj", "{CD8C281E-224F-8579-F28D-C08670C3A49F}"
EndProject
Project("{FAE04EC0-301F-11D3-BF4B-00C04F79EFBC}") = "RSP_PM_UPLOAD_UTILITY_USAGE_WGResources", "RSP_PM_UPLOAD_UTILITY_USAGE_WGResources\RSP_PM_UPLOAD_UTILITY_USAGE_WGResources.csproj", "{94FA1D84-1465-6218-77E2-8DD3ED3BC590}"
EndProject
Global
	GlobalSection(SolutionConfigurationPlatforms) = preSolution
		Debug|Any CPU = Debug|Any CPU
		Release|Any CPU = Release|Any CPU
	EndGlobalSection
	GlobalSection(ProjectConfigurationPlatforms) = postSolution
		{D8D6A6DB-C92C-4CE4-C537-DA29A835010E}.Debug|Any CPU.ActiveCfg = Debug|Any CPU
		{D8D6A6DB-C92C-4CE4-C537-DA29A835010E}.Debug|Any CPU.Build.0 = Debug|Any CPU
		{D8D6A6DB-C92C-4CE4-C537-DA29A835010E}.Release|Any CPU.ActiveCfg = Release|Any CPU
		{D8D6A6DB-C92C-4CE4-C537-DA29A835010E}.Release|Any CPU.Build.0 = Release|Any CPU
		{CCA056E8-84F1-BBA0-71AE-F2172D99471F}.Debug|Any CPU.ActiveCfg = Debug|Any CPU
		{CCA056E8-84F1-BBA0-71AE-F2172D99471F}.Debug|Any CPU.Build.0 = Debug|Any CPU
		{CCA056E8-84F1-BBA0-71AE-F2172D99471F}.Release|Any CPU.ActiveCfg = Release|Any CPU
		{CCA056E8-84F1-BBA0-71AE-F2172D99471F}.Release|Any CPU.Build.0 = Release|Any CPU
		{83C93CE2-0918-0E12-C068-DD3C58449B92}.Debug|Any CPU.ActiveCfg = Debug|Any CPU
		{83C93CE2-0918-0E12-C068-DD3C58449B92}.Debug|Any CPU.Build.0 = Debug|Any CPU
		{83C93CE2-0918-0E12-C068-DD3C58449B92}.Release|Any CPU.ActiveCfg = Release|Any CPU
		{83C93CE2-0918-0E12-C068-DD3C58449B92}.Release|Any CPU.Build.0 = Release|Any CPU
		{6E0E1BBB-EA53-3931-54D5-8AEF0D96064B}.Debug|Any CPU.ActiveCfg = Debug|Any CPU
		{6E0E1BBB-EA53-3931-54D5-8AEF0D96064B}.Debug|Any CPU.Build.0 = Debug|Any CPU
		{6E0E1BBB-EA53-3931-54D5-8AEF0D96064B}.Release|Any CPU.ActiveCfg = Release|Any CPU
		{6E0E1BBB-EA53-3931-54D5-8AEF0D96064B}.Release|Any CPU.Build.0 = Release|Any CPU
		{240F15A2-7EB4-BC53-DC35-CC1501F65CFB}.Debug|Any CPU.ActiveCfg = Debug|Any CPU
		{240F15A2-7EB4-BC53-DC35-CC1501F65CFB}.Debug|Any CPU.Build.0 = Debug|Any CPU
		{240F15A2-7EB4-BC53-DC35-CC1501F65CFB}.Release|Any CPU.ActiveCfg = Release|Any CPU
		{240F15A2-7EB4-BC53-DC35-CC1501F65CFB}.Release|Any CPU.Build.0 = Release|Any CPU
		{7E2E9AB2-D5AB-ED6C-D8A4-5FC201370F1D}.Debug|Any CPU.ActiveCfg = Debug|Any CPU
		{7E2E9AB2-D5AB-ED6C-D8A4-5FC201370F1D}.Debug|Any CPU.Build.0 = Debug|Any CPU
		{7E2E9AB2-D5AB-ED6C-D8A4-5FC201370F1D}.Release|Any CPU.ActiveCfg = Release|Any CPU
		{7E2E9AB2-D5AB-ED6C-D8A4-5FC201370F1D}.Release|Any CPU.Build.0 = Release|Any CPU
		{B955A5AB-F767-74EF-9EC4-67915011B8BB}.Debug|Any CPU.ActiveCfg = Debug|Any CPU
		{B955A5AB-F767-74EF-9EC4-67915011B8BB}.Debug|Any CPU.Build.0 = Debug|Any CPU
		{B955A5AB-F767-74EF-9EC4-67915011B8BB}.Release|Any CPU.ActiveCfg = Release|Any CPU
		{B955A5AB-F767-74EF-9EC4-67915011B8BB}.Release|Any CPU.Build.0 = Release|Any CPU
		{8AC814E9-CC40-857A-BA10-7888629E1322}.Debug|Any CPU.ActiveCfg = Debug|Any CPU
		{8AC814E9-CC40-857A-BA10-7888629E1322}.Debug|Any CPU.Build.0 = Debug|Any CPU
		{8AC814E9-CC40-857A-BA10-7888629E1322}.Release|Any CPU.ActiveCfg = Release|Any CPU
		{8AC814E9-CC40-857A-BA10-7888629E1322}.Release|Any CPU.Build.0 = Release|Any CPU
		{C16D80F7-E471-43E2-3961-D5DC22C5C767}.Debug|Any CPU.ActiveCfg = Debug|Any CPU
		{C16D80F7-E471-43E2-3961-D5DC22C5C767}.Debug|Any CPU.Build.0 = Debug|Any CPU
		{C16D80F7-E471-43E2-3961-D5DC22C5C767}.Release|Any CPU.ActiveCfg = Release|Any CPU
		{C16D80F7-E471-43E2-3961-D5DC22C5C767}.Release|Any CPU.Build.0 = Release|Any CPU
		{32C8B421-FA64-1F40-304D-1774FE2B95A6}.Debug|Any CPU.ActiveCfg = Debug|Any CPU
		{32C8B421-FA64-1F40-304D-1774FE2B95A6}.Debug|Any CPU.Build.0 = Debug|Any CPU
		{32C8B421-FA64-1F40-304D-1774FE2B95A6}.Release|Any CPU.ActiveCfg = Release|Any CPU
		{32C8B421-FA64-1F40-304D-1774FE2B95A6}.Release|Any CPU.Build.0 = Release|Any CPU
		{B2FA0C53-97BB-4A9E-2FAD-AD4367888A10}.Debug|Any CPU.ActiveCfg = Debug|Any CPU
		{B2FA0C53-97BB-4A9E-2FAD-AD4367888A10}.Debug|Any CPU.Build.0 = Debug|Any CPU
		{B2FA0C53-97BB-4A9E-2FAD-AD4367888A10}.Release|Any CPU.ActiveCfg = Release|Any CPU
		{B2FA0C53-97BB-4A9E-2FAD-AD4367888A10}.Release|Any CPU.Build.0 = Release|Any CPU
		{1402AAD7-9C4F-1C8B-1368-37CEC877029C}.Debug|Any CPU.ActiveCfg = Debug|Any CPU
		{1402AAD7-9C4F-1C8B-1368-37CEC877029C}.Debug|Any CPU.Build.0 = Debug|Any CPU
		{1402AAD7-9C4F-1C8B-1368-37CEC877029C}.Release|Any CPU.ActiveCfg = Release|Any CPU
		{1402AAD7-9C4F-1C8B-1368-37CEC877029C}.Release|Any CPU.Build.0 = Release|Any CPU
		{0ACFDD00-AD45-9828-671E-32C2A60500A6}.Debug|Any CPU.ActiveCfg = Debug|Any CPU
		{0ACFDD00-AD45-9828-671E-32C2A60500A6}.Debug|Any CPU.Build.0 = Debug|Any CPU
		{0ACFDD00-AD45-9828-671E-32C2A60500A6}.Release|Any CPU.ActiveCfg = Release|Any CPU
		{0ACFDD00-AD45-9828-671E-32C2A60500A6}.Release|Any CPU.Build.0 = Release|Any CPU
		{BEEA7ED4-13EA-04C5-4EEB-82AAF53E5AED}.Debug|Any CPU.ActiveCfg = Debug|Any CPU
		{BEEA7ED4-13EA-04C5-4EEB-82AAF53E5AED}.Debug|Any CPU.Build.0 = Debug|Any CPU
		{BEEA7ED4-13EA-04C5-4EEB-82AAF53E5AED}.Release|Any CPU.ActiveCfg = Release|Any CPU
		{BEEA7ED4-13EA-04C5-4EEB-82AAF53E5AED}.Release|Any CPU.Build.0 = Release|Any CPU
		{6B949F2D-E645-44ED-D4A9-A1C51F4D6D31}.Debug|Any CPU.ActiveCfg = Debug|Any CPU
		{6B949F2D-E645-44ED-D4A9-A1C51F4D6D31}.Debug|Any CPU.Build.0 = Debug|Any CPU
		{6B949F2D-E645-44ED-D4A9-A1C51F4D6D31}.Release|Any CPU.ActiveCfg = Release|Any CPU
		{6B949F2D-E645-44ED-D4A9-A1C51F4D6D31}.Release|Any CPU.Build.0 = Release|Any CPU
		{393A9086-E287-930F-3FB2-02DABB9C4CEF}.Debug|Any CPU.ActiveCfg = Debug|Any CPU
		{393A9086-E287-930F-3FB2-02DABB9C4CEF}.Debug|Any CPU.Build.0 = Debug|Any CPU
		{393A9086-E287-930F-3FB2-02DABB9C4CEF}.Release|Any CPU.ActiveCfg = Release|Any CPU
		{393A9086-E287-930F-3FB2-02DABB9C4CEF}.Release|Any CPU.Build.0 = Release|Any CPU
		{21A19A60-039B-B183-DF81-87FDC2B19990}.Debug|Any CPU.ActiveCfg = Debug|Any CPU
		{21A19A60-039B-B183-DF81-87FDC2B19990}.Debug|Any CPU.Build.0 = Debug|Any CPU
		{21A19A60-039B-B183-DF81-87FDC2B19990}.Release|Any CPU.ActiveCfg = Release|Any CPU
		{21A19A60-039B-B183-DF81-87FDC2B19990}.Release|Any CPU.Build.0 = Release|Any CPU
		{D534AB26-83B1-9BFF-DCD6-E8FEA4745448}.Debug|Any CPU.ActiveCfg = Debug|Any CPU
		{D534AB26-83B1-9BFF-DCD6-E8FEA4745448}.Debug|Any CPU.Build.0 = Debug|Any CPU
		{D534AB26-83B1-9BFF-DCD6-E8FEA4745448}.Release|Any CPU.ActiveCfg = Release|Any CPU
		{D534AB26-83B1-9BFF-DCD6-E8FEA4745448}.Release|Any CPU.Build.0 = Release|Any CPU
		{891226EE-F5D6-0F37-E611-92BD87F27D8C}.Debug|Any CPU.ActiveCfg = Debug|Any CPU
		{891226EE-F5D6-0F37-E611-92BD87F27D8C}.Debug|Any CPU.Build.0 = Debug|Any CPU
		{891226EE-F5D6-0F37-E611-92BD87F27D8C}.Release|Any CPU.ActiveCfg = Release|Any CPU
		{891226EE-F5D6-0F37-E611-92BD87F27D8C}.Release|Any CPU.Build.0 = Release|Any CPU
		{5F9DF8AB-FA0E-81BF-3B99-0F13631C41C2}.Debug|Any CPU.ActiveCfg = Debug|Any CPU
		{5F9DF8AB-FA0E-81BF-3B99-0F13631C41C2}.Debug|Any CPU.Build.0 = Debug|Any CPU
		{5F9DF8AB-FA0E-81BF-3B99-0F13631C41C2}.Release|Any CPU.ActiveCfg = Release|Any CPU
		{5F9DF8AB-FA0E-81BF-3B99-0F13631C41C2}.Release|Any CPU.Build.0 = Release|Any CPU
		{947F70F2-26F3-44F6-3898-CF810175A21B}.Debug|Any CPU.ActiveCfg = Debug|Any CPU
		{947F70F2-26F3-44F6-3898-CF810175A21B}.Debug|Any CPU.Build.0 = Debug|Any CPU
		{947F70F2-26F3-44F6-3898-CF810175A21B}.Release|Any CPU.ActiveCfg = Release|Any CPU
		{947F70F2-26F3-44F6-3898-CF810175A21B}.Release|Any CPU.Build.0 = Release|Any CPU
		{091F67C3-114C-6D9A-BF4B-332386E2335A}.Debug|Any CPU.ActiveCfg = Debug|Any CPU
		{091F67C3-114C-6D9A-BF4B-332386E2335A}.Debug|Any CPU.Build.0 = Debug|Any CPU
		{091F67C3-114C-6D9A-BF4B-332386E2335A}.Release|Any CPU.ActiveCfg = Release|Any CPU
		{091F67C3-114C-6D9A-BF4B-332386E2335A}.Release|Any CPU.Build.0 = Release|Any CPU
		{C7984C0C-9D8B-5B2D-5958-73D064AFFA84}.Debug|Any CPU.ActiveCfg = Debug|Any CPU
		{C7984C0C-9D8B-5B2D-5958-73D064AFFA84}.Debug|Any CPU.Build.0 = Debug|Any CPU
		{C7984C0C-9D8B-5B2D-5958-73D064AFFA84}.Release|Any CPU.ActiveCfg = Release|Any CPU
		{C7984C0C-9D8B-5B2D-5958-73D064AFFA84}.Release|Any CPU.Build.0 = Release|Any CPU
		{BE6AE0DA-D375-71AC-845A-C99C30200C66}.Debug|Any CPU.ActiveCfg = Debug|Any CPU
		{BE6AE0DA-D375-71AC-845A-C99C30200C66}.Debug|Any CPU.Build.0 = Debug|Any CPU
		{BE6AE0DA-D375-71AC-845A-C99C30200C66}.Release|Any CPU.ActiveCfg = Release|Any CPU
		{BE6AE0DA-D375-71AC-845A-C99C30200C66}.Release|Any CPU.Build.0 = Release|Any CPU
		{4BA5B817-3848-EF8C-8508-0BD23C096068}.Debug|Any CPU.ActiveCfg = Debug|Any CPU
		{4BA5B817-3848-EF8C-8508-0BD23C096068}.Debug|Any CPU.Build.0 = Debug|Any CPU
		{4BA5B817-3848-EF8C-8508-0BD23C096068}.Release|Any CPU.ActiveCfg = Release|Any CPU
		{4BA5B817-3848-EF8C-8508-0BD23C096068}.Release|Any CPU.Build.0 = Release|Any CPU
		{B23A262B-6FCE-17EF-E0D0-D5C309291F59}.Debug|Any CPU.ActiveCfg = Debug|Any CPU
		{B23A262B-6FCE-17EF-E0D0-D5C309291F59}.Debug|Any CPU.Build.0 = Debug|Any CPU
		{B23A262B-6FCE-17EF-E0D0-D5C309291F59}.Release|Any CPU.ActiveCfg = Release|Any CPU
		{B23A262B-6FCE-17EF-E0D0-D5C309291F59}.Release|Any CPU.Build.0 = Release|Any CPU
		{C661199D-C60F-2255-1179-939FB6945934}.Debug|Any CPU.ActiveCfg = Debug|Any CPU
		{C661199D-C60F-2255-1179-939FB6945934}.Debug|Any CPU.Build.0 = Debug|Any CPU
		{C661199D-C60F-2255-1179-939FB6945934}.Release|Any CPU.ActiveCfg = Release|Any CPU
		{C661199D-C60F-2255-1179-939FB6945934}.Release|Any CPU.Build.0 = Release|Any CPU
		{25585B8E-4B8C-9A2C-FC6F-B9C78B5708EB}.Debug|Any CPU.ActiveCfg = Debug|Any CPU
		{25585B8E-4B8C-9A2C-FC6F-B9C78B5708EB}.Debug|Any CPU.Build.0 = Debug|Any CPU
		{25585B8E-4B8C-9A2C-FC6F-B9C78B5708EB}.Release|Any CPU.ActiveCfg = Release|Any CPU
		{25585B8E-4B8C-9A2C-FC6F-B9C78B5708EB}.Release|Any CPU.Build.0 = Release|Any CPU
		{3A6150C2-81FF-25E0-BB4E-8A8AC84EB1D0}.Debug|Any CPU.ActiveCfg = Debug|Any CPU
		{3A6150C2-81FF-25E0-BB4E-8A8AC84EB1D0}.Debug|Any CPU.Build.0 = Debug|Any CPU
		{3A6150C2-81FF-25E0-BB4E-8A8AC84EB1D0}.Release|Any CPU.ActiveCfg = Release|Any CPU
		{3A6150C2-81FF-25E0-BB4E-8A8AC84EB1D0}.Release|Any CPU.Build.0 = Release|Any CPU
		{20035A3A-372D-BB51-E68D-76AC988CF3CC}.Debug|Any CPU.ActiveCfg = Debug|Any CPU
		{20035A3A-372D-BB51-E68D-76AC988CF3CC}.Debug|Any CPU.Build.0 = Debug|Any CPU
		{20035A3A-372D-BB51-E68D-76AC988CF3CC}.Release|Any CPU.ActiveCfg = Release|Any CPU
		{20035A3A-372D-BB51-E68D-76AC988CF3CC}.Release|Any CPU.Build.0 = Release|Any CPU
		{DD2AA0F4-B7E7-CAF7-78FE-56E069DFE475}.Debug|Any CPU.ActiveCfg = Debug|Any CPU
		{DD2AA0F4-B7E7-CAF7-78FE-56E069DFE475}.Debug|Any CPU.Build.0 = Debug|Any CPU
		{DD2AA0F4-B7E7-CAF7-78FE-56E069DFE475}.Release|Any CPU.ActiveCfg = Release|Any CPU
		{DD2AA0F4-B7E7-CAF7-78FE-56E069DFE475}.Release|Any CPU.Build.0 = Release|Any CPU
		{F4BC1444-6273-4849-CAF7-3E9C2996EF62}.Debug|Any CPU.ActiveCfg = Debug|Any CPU
		{F4BC1444-6273-4849-CAF7-3E9C2996EF62}.Debug|Any CPU.Build.0 = Debug|Any CPU
		{F4BC1444-6273-4849-CAF7-3E9C2996EF62}.Release|Any CPU.ActiveCfg = Release|Any CPU
		{F4BC1444-6273-4849-CAF7-3E9C2996EF62}.Release|Any CPU.Build.0 = Release|Any CPU
		{3D6DF8EC-6977-4DA1-F571-9623EE75E281}.Debug|Any CPU.ActiveCfg = Debug|Any CPU
		{3D6DF8EC-6977-4DA1-F571-9623EE75E281}.Debug|Any CPU.Build.0 = Debug|Any CPU
		{3D6DF8EC-6977-4DA1-F571-9623EE75E281}.Release|Any CPU.ActiveCfg = Release|Any CPU
		{3D6DF8EC-6977-4DA1-F571-9623EE75E281}.Release|Any CPU.Build.0 = Release|Any CPU
		{C22FE4B9-4A4F-CD28-D522-253C77A4E60F}.Debug|Any CPU.ActiveCfg = Debug|Any CPU
		{C22FE4B9-4A4F-CD28-D522-253C77A4E60F}.Debug|Any CPU.Build.0 = Debug|Any CPU
		{C22FE4B9-4A4F-CD28-D522-253C77A4E60F}.Release|Any CPU.ActiveCfg = Release|Any CPU
		{C22FE4B9-4A4F-CD28-D522-253C77A4E60F}.Release|Any CPU.Build.0 = Release|Any CPU
		{9DBB139B-31B1-D4B3-5236-8C33390A2976}.Debug|Any CPU.ActiveCfg = Debug|Any CPU
		{9DBB139B-31B1-D4B3-5236-8C33390A2976}.Debug|Any CPU.Build.0 = Debug|Any CPU
		{9DBB139B-31B1-D4B3-5236-8C33390A2976}.Release|Any CPU.ActiveCfg = Release|Any CPU
		{9DBB139B-31B1-D4B3-5236-8C33390A2976}.Release|Any CPU.Build.0 = Release|Any CPU
		{1E1EDB66-5D0D-AF95-12B7-CADA27B53D55}.Debug|Any CPU.ActiveCfg = Debug|Any CPU
		{1E1EDB66-5D0D-AF95-12B7-CADA27B53D55}.Debug|Any CPU.Build.0 = Debug|Any CPU
		{1E1EDB66-5D0D-AF95-12B7-CADA27B53D55}.Release|Any CPU.ActiveCfg = Release|Any CPU
		{1E1EDB66-5D0D-AF95-12B7-CADA27B53D55}.Release|Any CPU.Build.0 = Release|Any CPU
		{5AE6BD6D-7077-2700-0D3C-8EFCE290C8B4}.Debug|Any CPU.ActiveCfg = Debug|Any CPU
		{5AE6BD6D-7077-2700-0D3C-8EFCE290C8B4}.Debug|Any CPU.Build.0 = Debug|Any CPU
		{5AE6BD6D-7077-2700-0D3C-8EFCE290C8B4}.Release|Any CPU.ActiveCfg = Release|Any CPU
		{5AE6BD6D-7077-2700-0D3C-8EFCE290C8B4}.Release|Any CPU.Build.0 = Release|Any CPU
		{2A277D3E-2A16-6C8D-14C3-446846643288}.Debug|Any CPU.ActiveCfg = Debug|Any CPU
		{2A277D3E-2A16-6C8D-14C3-446846643288}.Debug|Any CPU.Build.0 = Debug|Any CPU
		{2A277D3E-2A16-6C8D-14C3-446846643288}.Release|Any CPU.ActiveCfg = Release|Any CPU
		{2A277D3E-2A16-6C8D-14C3-446846643288}.Release|Any CPU.Build.0 = Release|Any CPU
		{D6642EF2-978A-AE4F-5178-32F1C6B6D074}.Debug|Any CPU.ActiveCfg = Debug|Any CPU
		{D6642EF2-978A-AE4F-5178-32F1C6B6D074}.Debug|Any CPU.Build.0 = Debug|Any CPU
		{D6642EF2-978A-AE4F-5178-32F1C6B6D074}.Release|Any CPU.ActiveCfg = Release|Any CPU
		{D6642EF2-978A-AE4F-5178-32F1C6B6D074}.Release|Any CPU.Build.0 = Release|Any CPU
		{8FD5C7C4-215C-C638-C558-6FCAF180674F}.Debug|Any CPU.ActiveCfg = Debug|Any CPU
		{8FD5C7C4-215C-C638-C558-6FCAF180674F}.Debug|Any CPU.Build.0 = Debug|Any CPU
		{8FD5C7C4-215C-C638-C558-6FCAF180674F}.Release|Any CPU.ActiveCfg = Release|Any CPU
		{8FD5C7C4-215C-C638-C558-6FCAF180674F}.Release|Any CPU.Build.0 = Release|Any CPU
		{985B61C3-BC58-D10A-B517-BADB135B37D2}.Debug|Any CPU.ActiveCfg = Debug|Any CPU
		{985B61C3-BC58-D10A-B517-BADB135B37D2}.Debug|Any CPU.Build.0 = Debug|Any CPU
		{985B61C3-BC58-D10A-B517-BADB135B37D2}.Release|Any CPU.ActiveCfg = Release|Any CPU
		{985B61C3-BC58-D10A-B517-BADB135B37D2}.Release|Any CPU.Build.0 = Release|Any CPU
		{B44A0BBC-5FF5-D317-0675-70BE83532EC3}.Debug|Any CPU.ActiveCfg = Debug|Any CPU
		{B44A0BBC-5FF5-D317-0675-70BE83532EC3}.Debug|Any CPU.Build.0 = Debug|Any CPU
		{B44A0BBC-5FF5-D317-0675-70BE83532EC3}.Release|Any CPU.ActiveCfg = Release|Any CPU
		{B44A0BBC-5FF5-D317-0675-70BE83532EC3}.Release|Any CPU.Build.0 = Release|Any CPU
		{2332C6C3-AFB4-A274-56D1-6FD2BE52C982}.Debug|Any CPU.ActiveCfg = Debug|Any CPU
		{2332C6C3-AFB4-A274-56D1-6FD2BE52C982}.Debug|Any CPU.Build.0 = Debug|Any CPU
		{2332C6C3-AFB4-A274-56D1-6FD2BE52C982}.Release|Any CPU.ActiveCfg = Release|Any CPU
		{2332C6C3-AFB4-A274-56D1-6FD2BE52C982}.Release|Any CPU.Build.0 = Release|Any CPU
		{6EA72721-2CA5-5786-7BA2-327BEC6FBC75}.Debug|Any CPU.ActiveCfg = Debug|Any CPU
		{6EA72721-2CA5-5786-7BA2-327BEC6FBC75}.Debug|Any CPU.Build.0 = Debug|Any CPU
		{6EA72721-2CA5-5786-7BA2-327BEC6FBC75}.Release|Any CPU.ActiveCfg = Release|Any CPU
		{6EA72721-2CA5-5786-7BA2-327BEC6FBC75}.Release|Any CPU.Build.0 = Release|Any CPU
		{83B27C6A-CBBA-708E-8943-B4B22B5F121F}.Debug|Any CPU.ActiveCfg = Debug|Any CPU
		{83B27C6A-CBBA-708E-8943-B4B22B5F121F}.Debug|Any CPU.Build.0 = Debug|Any CPU
		{83B27C6A-CBBA-708E-8943-B4B22B5F121F}.Release|Any CPU.ActiveCfg = Release|Any CPU
		{83B27C6A-CBBA-708E-8943-B4B22B5F121F}.Release|Any CPU.Build.0 = Release|Any CPU
		{CA80C8D2-9444-CB10-49C8-C8B4C2AF5D47}.Debug|Any CPU.ActiveCfg = Debug|Any CPU
		{CA80C8D2-9444-CB10-49C8-C8B4C2AF5D47}.Debug|Any CPU.Build.0 = Debug|Any CPU
		{CA80C8D2-9444-CB10-49C8-C8B4C2AF5D47}.Release|Any CPU.ActiveCfg = Release|Any CPU
		{CA80C8D2-9444-CB10-49C8-C8B4C2AF5D47}.Release|Any CPU.Build.0 = Release|Any CPU
		{9290861B-4B35-472F-4945-F98A56A5E332}.Debug|Any CPU.ActiveCfg = Debug|Any CPU
		{9290861B-4B35-472F-4945-F98A56A5E332}.Debug|Any CPU.Build.0 = Debug|Any CPU
		{9290861B-4B35-472F-4945-F98A56A5E332}.Release|Any CPU.ActiveCfg = Release|Any CPU
		{9290861B-4B35-472F-4945-F98A56A5E332}.Release|Any CPU.Build.0 = Release|Any CPU
		{E2355864-9C1E-D31B-4D09-A63D609661C6}.Debug|Any CPU.ActiveCfg = Debug|Any CPU
		{E2355864-9C1E-D31B-4D09-A63D609661C6}.Debug|Any CPU.Build.0 = Debug|Any CPU
		{E2355864-9C1E-D31B-4D09-A63D609661C6}.Release|Any CPU.ActiveCfg = Release|Any CPU
		{E2355864-9C1E-D31B-4D09-A63D609661C6}.Release|Any CPU.Build.0 = Release|Any CPU
		{11822A60-1CCA-AB33-8914-202F63092F89}.Debug|Any CPU.ActiveCfg = Debug|Any CPU
		{11822A60-1CCA-AB33-8914-202F63092F89}.Debug|Any CPU.Build.0 = Debug|Any CPU
		{11822A60-1CCA-AB33-8914-202F63092F89}.Release|Any CPU.ActiveCfg = Release|Any CPU
		{11822A60-1CCA-AB33-8914-202F63092F89}.Release|Any CPU.Build.0 = Release|Any CPU
		{01F80D8D-6D2A-B42B-DEFC-3AA1DC9A15A2}.Debug|Any CPU.ActiveCfg = Debug|Any CPU
		{01F80D8D-6D2A-B42B-DEFC-3AA1DC9A15A2}.Debug|Any CPU.Build.0 = Debug|Any CPU
		{01F80D8D-6D2A-B42B-DEFC-3AA1DC9A15A2}.Release|Any CPU.ActiveCfg = Release|Any CPU
		{01F80D8D-6D2A-B42B-DEFC-3AA1DC9A15A2}.Release|Any CPU.Build.0 = Release|Any CPU
		{9E9204C2-F9A0-D015-224F-001E16CB592E}.Debug|Any CPU.ActiveCfg = Debug|Any CPU
		{9E9204C2-F9A0-D015-224F-001E16CB592E}.Debug|Any CPU.Build.0 = Debug|Any CPU
		{9E9204C2-F9A0-D015-224F-001E16CB592E}.Release|Any CPU.ActiveCfg = Release|Any CPU
		{9E9204C2-F9A0-D015-224F-001E16CB592E}.Release|Any CPU.Build.0 = Release|Any CPU
		{037AD22C-BBAD-D248-9E79-7AADFCBC15CE}.Debug|Any CPU.ActiveCfg = Debug|Any CPU
		{037AD22C-BBAD-D248-9E79-7AADFCBC15CE}.Debug|Any CPU.Build.0 = Debug|Any CPU
		{037AD22C-BBAD-D248-9E79-7AADFCBC15CE}.Release|Any CPU.ActiveCfg = Release|Any CPU
		{037AD22C-BBAD-D248-9E79-7AADFCBC15CE}.Release|Any CPU.Build.0 = Release|Any CPU
		{4516DFEB-1706-F666-43B6-0F53F614A206}.Debug|Any CPU.ActiveCfg = Debug|Any CPU
		{4516DFEB-1706-F666-43B6-0F53F614A206}.Debug|Any CPU.Build.0 = Debug|Any CPU
		{4516DFEB-1706-F666-43B6-0F53F614A206}.Release|Any CPU.ActiveCfg = Release|Any CPU
		{4516DFEB-1706-F666-43B6-0F53F614A206}.Release|Any CPU.Build.0 = Release|Any CPU
		{675F279C-F122-26DD-8C98-45D8996F12BA}.Debug|Any CPU.ActiveCfg = Debug|Any CPU
		{675F279C-F122-26DD-8C98-45D8996F12BA}.Debug|Any CPU.Build.0 = Debug|Any CPU
		{675F279C-F122-26DD-8C98-45D8996F12BA}.Release|Any CPU.ActiveCfg = Release|Any CPU
		{675F279C-F122-26DD-8C98-45D8996F12BA}.Release|Any CPU.Build.0 = Release|Any CPU
		{FFD8DD05-D18F-8E51-D377-F85A45B43BEA}.Debug|Any CPU.ActiveCfg = Debug|Any CPU
		{FFD8DD05-D18F-8E51-D377-F85A45B43BEA}.Debug|Any CPU.Build.0 = Debug|Any CPU
		{FFD8DD05-D18F-8E51-D377-F85A45B43BEA}.Release|Any CPU.ActiveCfg = Release|Any CPU
		{FFD8DD05-D18F-8E51-D377-F85A45B43BEA}.Release|Any CPU.Build.0 = Release|Any CPU
		{35D17D2B-4F30-8CA0-2185-89FCAD2512D2}.Debug|Any CPU.ActiveCfg = Debug|Any CPU
		{35D17D2B-4F30-8CA0-2185-89FCAD2512D2}.Debug|Any CPU.Build.0 = Debug|Any CPU
		{35D17D2B-4F30-8CA0-2185-89FCAD2512D2}.Release|Any CPU.ActiveCfg = Release|Any CPU
		{35D17D2B-4F30-8CA0-2185-89FCAD2512D2}.Release|Any CPU.Build.0 = Release|Any CPU
		{F6324C0E-BA87-17C1-1D41-3599C090247D}.Debug|Any CPU.ActiveCfg = Debug|Any CPU
		{F6324C0E-BA87-17C1-1D41-3599C090247D}.Debug|Any CPU.Build.0 = Debug|Any CPU
		{F6324C0E-BA87-17C1-1D41-3599C090247D}.Release|Any CPU.ActiveCfg = Release|Any CPU
		{F6324C0E-BA87-17C1-1D41-3599C090247D}.Release|Any CPU.Build.0 = Release|Any CPU
		{318890C9-10BC-5C8C-9FB4-C8D5ABF44021}.Debug|Any CPU.ActiveCfg = Debug|Any CPU
		{318890C9-10BC-5C8C-9FB4-C8D5ABF44021}.Debug|Any CPU.Build.0 = Debug|Any CPU
		{318890C9-10BC-5C8C-9FB4-C8D5ABF44021}.Release|Any CPU.ActiveCfg = Release|Any CPU
		{318890C9-10BC-5C8C-9FB4-C8D5ABF44021}.Release|Any CPU.Build.0 = Release|Any CPU
		{003BD3D7-E3FB-8903-EA8C-B44E479556A5}.Debug|Any CPU.ActiveCfg = Debug|Any CPU
		{003BD3D7-E3FB-8903-EA8C-B44E479556A5}.Debug|Any CPU.Build.0 = Debug|Any CPU
		{003BD3D7-E3FB-8903-EA8C-B44E479556A5}.Release|Any CPU.ActiveCfg = Release|Any CPU
		{003BD3D7-E3FB-8903-EA8C-B44E479556A5}.Release|Any CPU.Build.0 = Release|Any CPU
		{58E6E251-DEA9-19D6-C8CF-336D7F4C8CE0}.Debug|Any CPU.ActiveCfg = Debug|Any CPU
		{58E6E251-DEA9-19D6-C8CF-336D7F4C8CE0}.Debug|Any CPU.Build.0 = Debug|Any CPU
		{58E6E251-DEA9-19D6-C8CF-336D7F4C8CE0}.Release|Any CPU.ActiveCfg = Release|Any CPU
		{58E6E251-DEA9-19D6-C8CF-336D7F4C8CE0}.Release|Any CPU.Build.0 = Release|Any CPU
		{44591BA5-A72E-485B-5BDA-1224C2A71954}.Debug|Any CPU.ActiveCfg = Debug|Any CPU
		{44591BA5-A72E-485B-5BDA-1224C2A71954}.Debug|Any CPU.Build.0 = Debug|Any CPU
		{44591BA5-A72E-485B-5BDA-1224C2A71954}.Release|Any CPU.ActiveCfg = Release|Any CPU
		{44591BA5-A72E-485B-5BDA-1224C2A71954}.Release|Any CPU.Build.0 = Release|Any CPU
		{18E5F18A-4EFE-4B63-8516-0A2F54C53520}.Debug|Any CPU.ActiveCfg = Debug|Any CPU
		{18E5F18A-4EFE-4B63-8516-0A2F54C53520}.Debug|Any CPU.Build.0 = Debug|Any CPU
		{18E5F18A-4EFE-4B63-8516-0A2F54C53520}.Release|Any CPU.ActiveCfg = Release|Any CPU
		{18E5F18A-4EFE-4B63-8516-0A2F54C53520}.Release|Any CPU.Build.0 = Release|Any CPU
		{EDAE76C7-EFC4-6F67-B133-8AD12653729C}.Debug|Any CPU.ActiveCfg = Debug|Any CPU
		{EDAE76C7-EFC4-6F67-B133-8AD12653729C}.Debug|Any CPU.Build.0 = Debug|Any CPU
		{EDAE76C7-EFC4-6F67-B133-8AD12653729C}.Release|Any CPU.ActiveCfg = Release|Any CPU
		{EDAE76C7-EFC4-6F67-B133-8AD12653729C}.Release|Any CPU.Build.0 = Release|Any CPU
		{A1AD1552-8057-89E6-DD0D-0DC63D166120}.Debug|Any CPU.ActiveCfg = Debug|Any CPU
		{A1AD1552-8057-89E6-DD0D-0DC63D166120}.Debug|Any CPU.Build.0 = Debug|Any CPU
		{A1AD1552-8057-89E6-DD0D-0DC63D166120}.Release|Any CPU.ActiveCfg = Release|Any CPU
		{A1AD1552-8057-89E6-DD0D-0DC63D166120}.Release|Any CPU.Build.0 = Release|Any CPU
		{CD1484D9-60A8-18B3-EF9B-AF795EF6480F}.Debug|Any CPU.ActiveCfg = Debug|Any CPU
		{CD1484D9-60A8-18B3-EF9B-AF795EF6480F}.Debug|Any CPU.Build.0 = Debug|Any CPU
		{CD1484D9-60A8-18B3-EF9B-AF795EF6480F}.Release|Any CPU.ActiveCfg = Release|Any CPU
		{CD1484D9-60A8-18B3-EF9B-AF795EF6480F}.Release|Any CPU.Build.0 = Release|Any CPU
		{FB2D2995-1C55-7A95-BE73-CCA84B0B2C0B}.Debug|Any CPU.ActiveCfg = Debug|Any CPU
		{FB2D2995-1C55-7A95-BE73-CCA84B0B2C0B}.Debug|Any CPU.Build.0 = Debug|Any CPU
		{FB2D2995-1C55-7A95-BE73-CCA84B0B2C0B}.Release|Any CPU.ActiveCfg = Release|Any CPU
		{FB2D2995-1C55-7A95-BE73-CCA84B0B2C0B}.Release|Any CPU.Build.0 = Release|Any CPU
		{EFAEB28A-E31A-0BC5-CFDA-EC34D0EF96E4}.Debug|Any CPU.ActiveCfg = Debug|Any CPU
		{EFAEB28A-E31A-0BC5-CFDA-EC34D0EF96E4}.Debug|Any CPU.Build.0 = Debug|Any CPU
		{EFAEB28A-E31A-0BC5-CFDA-EC34D0EF96E4}.Release|Any CPU.ActiveCfg = Release|Any CPU
		{EFAEB28A-E31A-0BC5-CFDA-EC34D0EF96E4}.Release|Any CPU.Build.0 = Release|Any CPU
		{9918F367-579C-EF23-CB68-D71A590FAD42}.Debug|Any CPU.ActiveCfg = Debug|Any CPU
		{9918F367-579C-EF23-CB68-D71A590FAD42}.Debug|Any CPU.Build.0 = Debug|Any CPU
		{9918F367-579C-EF23-CB68-D71A590FAD42}.Release|Any CPU.ActiveCfg = Release|Any CPU
		{9918F367-579C-EF23-CB68-D71A590FAD42}.Release|Any CPU.Build.0 = Release|Any CPU
		{6D236D3D-0B60-D4AE-AAFC-8883F9EB1ABD}.Debug|Any CPU.ActiveCfg = Debug|Any CPU
		{6D236D3D-0B60-D4AE-AAFC-8883F9EB1ABD}.Debug|Any CPU.Build.0 = Debug|Any CPU
		{6D236D3D-0B60-D4AE-AAFC-8883F9EB1ABD}.Release|Any CPU.ActiveCfg = Release|Any CPU
		{6D236D3D-0B60-D4AE-AAFC-8883F9EB1ABD}.Release|Any CPU.Build.0 = Release|Any CPU
		{2442E12A-4B42-0AB1-B44F-C98A9B1EF28C}.Debug|Any CPU.ActiveCfg = Debug|Any CPU
		{2442E12A-4B42-0AB1-B44F-C98A9B1EF28C}.Debug|Any CPU.Build.0 = Debug|Any CPU
		{2442E12A-4B42-0AB1-B44F-C98A9B1EF28C}.Release|Any CPU.ActiveCfg = Release|Any CPU
		{2442E12A-4B42-0AB1-B44F-C98A9B1EF28C}.Release|Any CPU.Build.0 = Release|Any CPU
		{2821F5FD-F143-F39B-5100-42E7961390F8}.Debug|Any CPU.ActiveCfg = Debug|Any CPU
		{2821F5FD-F143-F39B-5100-42E7961390F8}.Debug|Any CPU.Build.0 = Debug|Any CPU
		{2821F5FD-F143-F39B-5100-42E7961390F8}.Release|Any CPU.ActiveCfg = Release|Any CPU
		{2821F5FD-F143-F39B-5100-42E7961390F8}.Release|Any CPU.Build.0 = Release|Any CPU
		{ABA67BC8-8860-06E8-F33F-B88E899DDB58}.Debug|Any CPU.ActiveCfg = Debug|Any CPU
		{ABA67BC8-8860-06E8-F33F-B88E899DDB58}.Debug|Any CPU.Build.0 = Debug|Any CPU
		{ABA67BC8-8860-06E8-F33F-B88E899DDB58}.Release|Any CPU.ActiveCfg = Release|Any CPU
		{ABA67BC8-8860-06E8-F33F-B88E899DDB58}.Release|Any CPU.Build.0 = Release|Any CPU
		{EFD16217-9156-6767-6571-F0ED36E11B80}.Debug|Any CPU.ActiveCfg = Debug|Any CPU
		{EFD16217-9156-6767-6571-F0ED36E11B80}.Debug|Any CPU.Build.0 = Debug|Any CPU
		{EFD16217-9156-6767-6571-F0ED36E11B80}.Release|Any CPU.ActiveCfg = Release|Any CPU
		{EFD16217-9156-6767-6571-F0ED36E11B80}.Release|Any CPU.Build.0 = Release|Any CPU
		{0800F177-74E1-D946-34B7-B76AB47D56F7}.Debug|Any CPU.ActiveCfg = Debug|Any CPU
		{0800F177-74E1-D946-34B7-B76AB47D56F7}.Debug|Any CPU.Build.0 = Debug|Any CPU
		{0800F177-74E1-D946-34B7-B76AB47D56F7}.Release|Any CPU.ActiveCfg = Release|Any CPU
		{0800F177-74E1-D946-34B7-B76AB47D56F7}.Release|Any CPU.Build.0 = Release|Any CPU
		{5B891A11-4243-6677-8E77-F1C93F2B882B}.Debug|Any CPU.ActiveCfg = Debug|Any CPU
		{5B891A11-4243-6677-8E77-F1C93F2B882B}.Debug|Any CPU.Build.0 = Debug|Any CPU
		{5B891A11-4243-6677-8E77-F1C93F2B882B}.Release|Any CPU.ActiveCfg = Release|Any CPU
		{5B891A11-4243-6677-8E77-F1C93F2B882B}.Release|Any CPU.Build.0 = Release|Any CPU
		{68FA968E-1EA9-17CB-9A96-7B63F42E4843}.Debug|Any CPU.ActiveCfg = Debug|Any CPU
		{68FA968E-1EA9-17CB-9A96-7B63F42E4843}.Debug|Any CPU.Build.0 = Debug|Any CPU
		{68FA968E-1EA9-17CB-9A96-7B63F42E4843}.Release|Any CPU.ActiveCfg = Release|Any CPU
		{68FA968E-1EA9-17CB-9A96-7B63F42E4843}.Release|Any CPU.Build.0 = Release|Any CPU
		{4B6AE74A-F339-F178-DED1-8B1B25E08151}.Debug|Any CPU.ActiveCfg = Debug|Any CPU
		{4B6AE74A-F339-F178-DED1-8B1B25E08151}.Debug|Any CPU.Build.0 = Debug|Any CPU
		{4B6AE74A-F339-F178-DED1-8B1B25E08151}.Release|Any CPU.ActiveCfg = Release|Any CPU
		{4B6AE74A-F339-F178-DED1-8B1B25E08151}.Release|Any CPU.Build.0 = Release|Any CPU
		{3F4B7F2E-F053-8BF3-2E04-6BD75540BBE5}.Debug|Any CPU.ActiveCfg = Debug|Any CPU
		{3F4B7F2E-F053-8BF3-2E04-6BD75540BBE5}.Debug|Any CPU.Build.0 = Debug|Any CPU
		{3F4B7F2E-F053-8BF3-2E04-6BD75540BBE5}.Release|Any CPU.ActiveCfg = Release|Any CPU
		{3F4B7F2E-F053-8BF3-2E04-6BD75540BBE5}.Release|Any CPU.Build.0 = Release|Any CPU
		{1A75DB43-031A-EB87-AEE5-DCBEBE51C61B}.Debug|Any CPU.ActiveCfg = Debug|Any CPU
		{1A75DB43-031A-EB87-AEE5-DCBEBE51C61B}.Debug|Any CPU.Build.0 = Debug|Any CPU
		{1A75DB43-031A-EB87-AEE5-DCBEBE51C61B}.Release|Any CPU.ActiveCfg = Release|Any CPU
		{1A75DB43-031A-EB87-AEE5-DCBEBE51C61B}.Release|Any CPU.Build.0 = Release|Any CPU
		{8E4E4B87-2C8B-D072-6443-FB8425F47F7E}.Debug|Any CPU.ActiveCfg = Debug|Any CPU
		{8E4E4B87-2C8B-D072-6443-FB8425F47F7E}.Debug|Any CPU.Build.0 = Debug|Any CPU
		{8E4E4B87-2C8B-D072-6443-FB8425F47F7E}.Release|Any CPU.ActiveCfg = Release|Any CPU
		{8E4E4B87-2C8B-D072-6443-FB8425F47F7E}.Release|Any CPU.Build.0 = Release|Any CPU
		{7194946D-AA01-4FFD-A8BF-F85EF0510F19}.Debug|Any CPU.ActiveCfg = Debug|Any CPU
		{7194946D-AA01-4FFD-A8BF-F85EF0510F19}.Debug|Any CPU.Build.0 = Debug|Any CPU
		{7194946D-AA01-4FFD-A8BF-F85EF0510F19}.Release|Any CPU.ActiveCfg = Release|Any CPU
		{7194946D-AA01-4FFD-A8BF-F85EF0510F19}.Release|Any CPU.Build.0 = Release|Any CPU
		{9CAB7D2B-B74F-238D-E5D6-6D03DE2B15F4}.Debug|Any CPU.ActiveCfg = Debug|Any CPU
		{9CAB7D2B-B74F-238D-E5D6-6D03DE2B15F4}.Debug|Any CPU.Build.0 = Debug|Any CPU
		{9CAB7D2B-B74F-238D-E5D6-6D03DE2B15F4}.Release|Any CPU.ActiveCfg = Release|Any CPU
		{9CAB7D2B-B74F-238D-E5D6-6D03DE2B15F4}.Release|Any CPU.Build.0 = Release|Any CPU
		{F5AFA5C4-1CDC-9AB7-C390-8EAF6E32BEAA}.Debug|Any CPU.ActiveCfg = Debug|Any CPU
		{F5AFA5C4-1CDC-9AB7-C390-8EAF6E32BEAA}.Debug|Any CPU.Build.0 = Debug|Any CPU
		{F5AFA5C4-1CDC-9AB7-C390-8EAF6E32BEAA}.Release|Any CPU.ActiveCfg = Release|Any CPU
		{F5AFA5C4-1CDC-9AB7-C390-8EAF6E32BEAA}.Release|Any CPU.Build.0 = Release|Any CPU
		{83A2BEFD-8F68-2FB4-9BA2-2D4737D2CC04}.Debug|Any CPU.ActiveCfg = Debug|Any CPU
		{83A2BEFD-8F68-2FB4-9BA2-2D4737D2CC04}.Debug|Any CPU.Build.0 = Debug|Any CPU
		{83A2BEFD-8F68-2FB4-9BA2-2D4737D2CC04}.Release|Any CPU.ActiveCfg = Release|Any CPU
		{83A2BEFD-8F68-2FB4-9BA2-2D4737D2CC04}.Release|Any CPU.Build.0 = Release|Any CPU
		{E8164767-EA29-2075-15A7-C47DAD9EF1D1}.Debug|Any CPU.ActiveCfg = Debug|Any CPU
		{E8164767-EA29-2075-15A7-C47DAD9EF1D1}.Debug|Any CPU.Build.0 = Debug|Any CPU
		{E8164767-EA29-2075-15A7-C47DAD9EF1D1}.Release|Any CPU.ActiveCfg = Release|Any CPU
		{E8164767-EA29-2075-15A7-C47DAD9EF1D1}.Release|Any CPU.Build.0 = Release|Any CPU
		{572BDA6B-C5AA-595C-58B1-E176C3232DC4}.Debug|Any CPU.ActiveCfg = Debug|Any CPU
		{572BDA6B-C5AA-595C-58B1-E176C3232DC4}.Debug|Any CPU.Build.0 = Debug|Any CPU
		{572BDA6B-C5AA-595C-58B1-E176C3232DC4}.Release|Any CPU.ActiveCfg = Release|Any CPU
		{572BDA6B-C5AA-595C-58B1-E176C3232DC4}.Release|Any CPU.Build.0 = Release|Any CPU
		{947C553F-9965-4D69-0F73-14D897CB5D14}.Debug|Any CPU.ActiveCfg = Debug|Any CPU
		{947C553F-9965-4D69-0F73-14D897CB5D14}.Debug|Any CPU.Build.0 = Debug|Any CPU
		{947C553F-9965-4D69-0F73-14D897CB5D14}.Release|Any CPU.ActiveCfg = Release|Any CPU
		{947C553F-9965-4D69-0F73-14D897CB5D14}.Release|Any CPU.Build.0 = Release|Any CPU
		{6BF533F2-4BBF-52D0-EE06-72895E413615}.Debug|Any CPU.ActiveCfg = Debug|Any CPU
		{6BF533F2-4BBF-52D0-EE06-72895E413615}.Debug|Any CPU.Build.0 = Debug|Any CPU
		{6BF533F2-4BBF-52D0-EE06-72895E413615}.Release|Any CPU.ActiveCfg = Release|Any CPU
		{6BF533F2-4BBF-52D0-EE06-72895E413615}.Release|Any CPU.Build.0 = Release|Any CPU
		{DBA406D5-5157-065C-3F4A-EEF6E474BC68}.Debug|Any CPU.ActiveCfg = Debug|Any CPU
		{DBA406D5-5157-065C-3F4A-EEF6E474BC68}.Debug|Any CPU.Build.0 = Debug|Any CPU
		{DBA406D5-5157-065C-3F4A-EEF6E474BC68}.Release|Any CPU.ActiveCfg = Release|Any CPU
		{DBA406D5-5157-065C-3F4A-EEF6E474BC68}.Release|Any CPU.Build.0 = Release|Any CPU
		{8364B9D2-1FE1-8437-6E0F-03999DC840A4}.Debug|Any CPU.ActiveCfg = Debug|Any CPU
		{8364B9D2-1FE1-8437-6E0F-03999DC840A4}.Debug|Any CPU.Build.0 = Debug|Any CPU
		{8364B9D2-1FE1-8437-6E0F-03999DC840A4}.Release|Any CPU.ActiveCfg = Release|Any CPU
		{8364B9D2-1FE1-8437-6E0F-03999DC840A4}.Release|Any CPU.Build.0 = Release|Any CPU
		{981F8F8B-5862-A667-2F55-A52E0BA59838}.Debug|Any CPU.ActiveCfg = Debug|Any CPU
		{981F8F8B-5862-A667-2F55-A52E0BA59838}.Debug|Any CPU.Build.0 = Debug|Any CPU
		{981F8F8B-5862-A667-2F55-A52E0BA59838}.Release|Any CPU.ActiveCfg = Release|Any CPU
		{981F8F8B-5862-A667-2F55-A52E0BA59838}.Release|Any CPU.Build.0 = Release|Any CPU
		{C2ED7B11-D361-C9DE-A57D-927FFABDD543}.Debug|Any CPU.ActiveCfg = Debug|Any CPU
		{C2ED7B11-D361-C9DE-A57D-927FFABDD543}.Debug|Any CPU.Build.0 = Debug|Any CPU
		{C2ED7B11-D361-C9DE-A57D-927FFABDD543}.Release|Any CPU.ActiveCfg = Release|Any CPU
		{C2ED7B11-D361-C9DE-A57D-927FFABDD543}.Release|Any CPU.Build.0 = Release|Any CPU
		{375F3B89-698A-FCD9-A32E-133B9F028457}.Debug|Any CPU.ActiveCfg = Debug|Any CPU
		{375F3B89-698A-FCD9-A32E-133B9F028457}.Debug|Any CPU.Build.0 = Debug|Any CPU
		{375F3B89-698A-FCD9-A32E-133B9F028457}.Release|Any CPU.ActiveCfg = Release|Any CPU
		{375F3B89-698A-FCD9-A32E-133B9F028457}.Release|Any CPU.Build.0 = Release|Any CPU
		{E089A597-06E0-5DD0-19A8-8E30024F2224}.Debug|Any CPU.ActiveCfg = Debug|Any CPU
		{E089A597-06E0-5DD0-19A8-8E30024F2224}.Debug|Any CPU.Build.0 = Debug|Any CPU
		{E089A597-06E0-5DD0-19A8-8E30024F2224}.Release|Any CPU.ActiveCfg = Release|Any CPU
		{E089A597-06E0-5DD0-19A8-8E30024F2224}.Release|Any CPU.Build.0 = Release|Any CPU
		{9E202BE2-2073-1FF8-A25C-00927F456CB2}.Debug|Any CPU.ActiveCfg = Debug|Any CPU
		{9E202BE2-2073-1FF8-A25C-00927F456CB2}.Debug|Any CPU.Build.0 = Debug|Any CPU
		{9E202BE2-2073-1FF8-A25C-00927F456CB2}.Release|Any CPU.ActiveCfg = Release|Any CPU
		{9E202BE2-2073-1FF8-A25C-00927F456CB2}.Release|Any CPU.Build.0 = Release|Any CPU
		{2A8B09AC-7B18-71B9-4CB1-A69B46DB1A73}.Debug|Any CPU.ActiveCfg = Debug|Any CPU
		{2A8B09AC-7B18-71B9-4CB1-A69B46DB1A73}.Debug|Any CPU.Build.0 = Debug|Any CPU
		{2A8B09AC-7B18-71B9-4CB1-A69B46DB1A73}.Release|Any CPU.ActiveCfg = Release|Any CPU
		{2A8B09AC-7B18-71B9-4CB1-A69B46DB1A73}.Release|Any CPU.Build.0 = Release|Any CPU
		{1D70B9C7-8E98-FC3A-8F83-1761574E0B66}.Debug|Any CPU.ActiveCfg = Debug|Any CPU
		{1D70B9C7-8E98-FC3A-8F83-1761574E0B66}.Debug|Any CPU.Build.0 = Debug|Any CPU
		{1D70B9C7-8E98-FC3A-8F83-1761574E0B66}.Release|Any CPU.ActiveCfg = Release|Any CPU
		{1D70B9C7-8E98-FC3A-8F83-1761574E0B66}.Release|Any CPU.Build.0 = Release|Any CPU
		{D3A2EDA5-C642-BE23-8297-B152B18B0CDD}.Debug|Any CPU.ActiveCfg = Debug|Any CPU
		{D3A2EDA5-C642-BE23-8297-B152B18B0CDD}.Debug|Any CPU.Build.0 = Debug|Any CPU
		{D3A2EDA5-C642-BE23-8297-B152B18B0CDD}.Release|Any CPU.ActiveCfg = Release|Any CPU
		{D3A2EDA5-C642-BE23-8297-B152B18B0CDD}.Release|Any CPU.Build.0 = Release|Any CPU
		{D7E28966-97DA-52B8-4096-CBEF860D8DF6}.Debug|Any CPU.ActiveCfg = Debug|Any CPU
		{D7E28966-97DA-52B8-4096-CBEF860D8DF6}.Debug|Any CPU.Build.0 = Debug|Any CPU
		{D7E28966-97DA-52B8-4096-CBEF860D8DF6}.Release|Any CPU.ActiveCfg = Release|Any CPU
		{D7E28966-97DA-52B8-4096-CBEF860D8DF6}.Release|Any CPU.Build.0 = Release|Any CPU
		{CD5EA712-F8FE-B8BB-F652-47686FD4C3A4}.Debug|Any CPU.ActiveCfg = Debug|Any CPU
		{CD5EA712-F8FE-B8BB-F652-47686FD4C3A4}.Debug|Any CPU.Build.0 = Debug|Any CPU
		{CD5EA712-F8FE-B8BB-F652-47686FD4C3A4}.Release|Any CPU.ActiveCfg = Release|Any CPU
		{CD5EA712-F8FE-B8BB-F652-47686FD4C3A4}.Release|Any CPU.Build.0 = Release|Any CPU
		{8CE0715B-7791-5243-9D97-90A1FA3C64EB}.Debug|Any CPU.ActiveCfg = Debug|Any CPU
		{8CE0715B-7791-5243-9D97-90A1FA3C64EB}.Debug|Any CPU.Build.0 = Debug|Any CPU
		{8CE0715B-7791-5243-9D97-90A1FA3C64EB}.Release|Any CPU.ActiveCfg = Release|Any CPU
		{8CE0715B-7791-5243-9D97-90A1FA3C64EB}.Release|Any CPU.Build.0 = Release|Any CPU
		{DD9A2930-19C8-5EF8-4F19-893FA86552DC}.Debug|Any CPU.ActiveCfg = Debug|Any CPU
		{DD9A2930-19C8-5EF8-4F19-893FA86552DC}.Debug|Any CPU.Build.0 = Debug|Any CPU
		{DD9A2930-19C8-5EF8-4F19-893FA86552DC}.Release|Any CPU.ActiveCfg = Release|Any CPU
		{DD9A2930-19C8-5EF8-4F19-893FA86552DC}.Release|Any CPU.Build.0 = Release|Any CPU
		{B92E22A5-6018-738F-983C-0C45797C6845}.Debug|Any CPU.ActiveCfg = Debug|Any CPU
		{B92E22A5-6018-738F-983C-0C45797C6845}.Debug|Any CPU.Build.0 = Debug|Any CPU
		{B92E22A5-6018-738F-983C-0C45797C6845}.Release|Any CPU.ActiveCfg = Release|Any CPU
		{B92E22A5-6018-738F-983C-0C45797C6845}.Release|Any CPU.Build.0 = Release|Any CPU
		{46F6A16D-53AA-4D21-07EB-9D966B699AC7}.Debug|Any CPU.ActiveCfg = Debug|Any CPU
		{46F6A16D-53AA-4D21-07EB-9D966B699AC7}.Debug|Any CPU.Build.0 = Debug|Any CPU
		{46F6A16D-53AA-4D21-07EB-9D966B699AC7}.Release|Any CPU.ActiveCfg = Release|Any CPU
		{46F6A16D-53AA-4D21-07EB-9D966B699AC7}.Release|Any CPU.Build.0 = Release|Any CPU
		{43C86B70-7A5D-057B-FFC6-91B6BBFE9AE4}.Debug|Any CPU.ActiveCfg = Debug|Any CPU
		{43C86B70-7A5D-057B-FFC6-91B6BBFE9AE4}.Debug|Any CPU.Build.0 = Debug|Any CPU
		{43C86B70-7A5D-057B-FFC6-91B6BBFE9AE4}.Release|Any CPU.ActiveCfg = Release|Any CPU
		{43C86B70-7A5D-057B-FFC6-91B6BBFE9AE4}.Release|Any CPU.Build.0 = Release|Any CPU
		{B898BEE0-05AF-C5B5-3311-4EBEA8F64D79}.Debug|Any CPU.ActiveCfg = Debug|Any CPU
		{B898BEE0-05AF-C5B5-3311-4EBEA8F64D79}.Debug|Any CPU.Build.0 = Debug|Any CPU
		{B898BEE0-05AF-C5B5-3311-4EBEA8F64D79}.Release|Any CPU.ActiveCfg = Release|Any CPU
		{B898BEE0-05AF-C5B5-3311-4EBEA8F64D79}.Release|Any CPU.Build.0 = Release|Any CPU
		{8A0C3FEC-299D-8922-42ED-78A59C168438}.Debug|Any CPU.ActiveCfg = Debug|Any CPU
		{8A0C3FEC-299D-8922-42ED-78A59C168438}.Debug|Any CPU.Build.0 = Debug|Any CPU
		{8A0C3FEC-299D-8922-42ED-78A59C168438}.Release|Any CPU.ActiveCfg = Release|Any CPU
		{8A0C3FEC-299D-8922-42ED-78A59C168438}.Release|Any CPU.Build.0 = Release|Any CPU
		{4DA1ACA0-0049-F34E-3BBB-DF20D43ACE59}.Debug|Any CPU.ActiveCfg = Debug|Any CPU
		{4DA1ACA0-0049-F34E-3BBB-DF20D43ACE59}.Debug|Any CPU.Build.0 = Debug|Any CPU
		{4DA1ACA0-0049-F34E-3BBB-DF20D43ACE59}.Release|Any CPU.ActiveCfg = Release|Any CPU
		{4DA1ACA0-0049-F34E-3BBB-DF20D43ACE59}.Release|Any CPU.Build.0 = Release|Any CPU
		{3387F245-4C87-C965-9073-AE710CFE333E}.Debug|Any CPU.ActiveCfg = Debug|Any CPU
		{3387F245-4C87-C965-9073-AE710CFE333E}.Debug|Any CPU.Build.0 = Debug|Any CPU
		{3387F245-4C87-C965-9073-AE710CFE333E}.Release|Any CPU.ActiveCfg = Release|Any CPU
		{3387F245-4C87-C965-9073-AE710CFE333E}.Release|Any CPU.Build.0 = Release|Any CPU
		{5B215CE8-4FB9-98C0-240D-83F4ED209307}.Debug|Any CPU.ActiveCfg = Debug|Any CPU
		{5B215CE8-4FB9-98C0-240D-83F4ED209307}.Debug|Any CPU.Build.0 = Debug|Any CPU
		{5B215CE8-4FB9-98C0-240D-83F4ED209307}.Release|Any CPU.ActiveCfg = Release|Any CPU
		{5B215CE8-4FB9-98C0-240D-83F4ED209307}.Release|Any CPU.Build.0 = Release|Any CPU
		{CE486DB4-A461-B3F0-8837-72ABCC21D28B}.Debug|Any CPU.ActiveCfg = Debug|Any CPU
		{CE486DB4-A461-B3F0-8837-72ABCC21D28B}.Debug|Any CPU.Build.0 = Debug|Any CPU
		{CE486DB4-A461-B3F0-8837-72ABCC21D28B}.Release|Any CPU.ActiveCfg = Release|Any CPU
		{CE486DB4-A461-B3F0-8837-72ABCC21D28B}.Release|Any CPU.Build.0 = Release|Any CPU
		{4A756B98-E1B0-98F8-0E62-409C7FA6FABB}.Debug|Any CPU.ActiveCfg = Debug|Any CPU
		{4A756B98-E1B0-98F8-0E62-409C7FA6FABB}.Debug|Any CPU.Build.0 = Debug|Any CPU
		{4A756B98-E1B0-98F8-0E62-409C7FA6FABB}.Release|Any CPU.ActiveCfg = Release|Any CPU
		{4A756B98-E1B0-98F8-0E62-409C7FA6FABB}.Release|Any CPU.Build.0 = Release|Any CPU
		{2F971038-BAD9-0D8D-9B7B-936D32FA6224}.Debug|Any CPU.ActiveCfg = Debug|Any CPU
		{2F971038-BAD9-0D8D-9B7B-936D32FA6224}.Debug|Any CPU.Build.0 = Debug|Any CPU
		{2F971038-BAD9-0D8D-9B7B-936D32FA6224}.Release|Any CPU.ActiveCfg = Release|Any CPU
		{2F971038-BAD9-0D8D-9B7B-936D32FA6224}.Release|Any CPU.Build.0 = Release|Any CPU
		{098861D5-AD2F-D22F-68AA-78F7E568145D}.Debug|Any CPU.ActiveCfg = Debug|Any CPU
		{098861D5-AD2F-D22F-68AA-78F7E568145D}.Debug|Any CPU.Build.0 = Debug|Any CPU
		{098861D5-AD2F-D22F-68AA-78F7E568145D}.Release|Any CPU.ActiveCfg = Release|Any CPU
		{098861D5-AD2F-D22F-68AA-78F7E568145D}.Release|Any CPU.Build.0 = Release|Any CPU
		{D2DA0D4D-772C-E28A-0E43-9D233709DB7B}.Debug|Any CPU.ActiveCfg = Debug|Any CPU
		{D2DA0D4D-772C-E28A-0E43-9D233709DB7B}.Debug|Any CPU.Build.0 = Debug|Any CPU
		{D2DA0D4D-772C-E28A-0E43-9D233709DB7B}.Release|Any CPU.ActiveCfg = Release|Any CPU
		{D2DA0D4D-772C-E28A-0E43-9D233709DB7B}.Release|Any CPU.Build.0 = Release|Any CPU
		{94850A54-D5E7-1D7B-3D26-261F47F9435E}.Debug|Any CPU.ActiveCfg = Debug|Any CPU
		{94850A54-D5E7-1D7B-3D26-261F47F9435E}.Debug|Any CPU.Build.0 = Debug|Any CPU
		{94850A54-D5E7-1D7B-3D26-261F47F9435E}.Release|Any CPU.ActiveCfg = Release|Any CPU
		{94850A54-D5E7-1D7B-3D26-261F47F9435E}.Release|Any CPU.Build.0 = Release|Any CPU
		{AB32DDDD-A907-114F-0787-C9CDEE0CCB51}.Debug|Any CPU.ActiveCfg = Debug|Any CPU
		{AB32DDDD-A907-114F-0787-C9CDEE0CCB51}.Debug|Any CPU.Build.0 = Debug|Any CPU
		{AB32DDDD-A907-114F-0787-C9CDEE0CCB51}.Release|Any CPU.ActiveCfg = Release|Any CPU
		{AB32DDDD-A907-114F-0787-C9CDEE0CCB51}.Release|Any CPU.Build.0 = Release|Any CPU
		{02675C1C-1525-EB0B-4731-6DD55D68AF6C}.Debug|Any CPU.ActiveCfg = Debug|Any CPU
		{02675C1C-1525-EB0B-4731-6DD55D68AF6C}.Debug|Any CPU.Build.0 = Debug|Any CPU
		{02675C1C-1525-EB0B-4731-6DD55D68AF6C}.Release|Any CPU.ActiveCfg = Release|Any CPU
		{02675C1C-1525-EB0B-4731-6DD55D68AF6C}.Release|Any CPU.Build.0 = Release|Any CPU
		{DF981C15-86A7-982F-DFB1-7335FCC3383C}.Debug|Any CPU.ActiveCfg = Debug|Any CPU
		{DF981C15-86A7-982F-DFB1-7335FCC3383C}.Debug|Any CPU.Build.0 = Debug|Any CPU
		{DF981C15-86A7-982F-DFB1-7335FCC3383C}.Release|Any CPU.ActiveCfg = Release|Any CPU
		{DF981C15-86A7-982F-DFB1-7335FCC3383C}.Release|Any CPU.Build.0 = Release|Any CPU
		{422C9AE6-554F-E3C1-43F8-87753D09D659}.Debug|Any CPU.ActiveCfg = Debug|Any CPU
		{422C9AE6-554F-E3C1-43F8-87753D09D659}.Debug|Any CPU.Build.0 = Debug|Any CPU
		{422C9AE6-554F-E3C1-43F8-87753D09D659}.Release|Any CPU.ActiveCfg = Release|Any CPU
		{422C9AE6-554F-E3C1-43F8-87753D09D659}.Release|Any CPU.Build.0 = Release|Any CPU
		{5ED3686B-19D4-2FE4-303B-FC00348B3B0E}.Debug|Any CPU.ActiveCfg = Debug|Any CPU
		{5ED3686B-19D4-2FE4-303B-FC00348B3B0E}.Debug|Any CPU.Build.0 = Debug|Any CPU
		{5ED3686B-19D4-2FE4-303B-FC00348B3B0E}.Release|Any CPU.ActiveCfg = Release|Any CPU
		{5ED3686B-19D4-2FE4-303B-FC00348B3B0E}.Release|Any CPU.Build.0 = Release|Any CPU
		{DA6E4ED6-BFEA-802A-2308-C6D70407734F}.Debug|Any CPU.ActiveCfg = Debug|Any CPU
		{DA6E4ED6-BFEA-802A-2308-C6D70407734F}.Debug|Any CPU.Build.0 = Debug|Any CPU
		{DA6E4ED6-BFEA-802A-2308-C6D70407734F}.Release|Any CPU.ActiveCfg = Release|Any CPU
		{DA6E4ED6-BFEA-802A-2308-C6D70407734F}.Release|Any CPU.Build.0 = Release|Any CPU
		{62001838-8308-B1F5-50C2-C6D0AE9382D4}.Debug|Any CPU.ActiveCfg = Debug|Any CPU
		{62001838-8308-B1F5-50C2-C6D0AE9382D4}.Debug|Any CPU.Build.0 = Debug|Any CPU
		{62001838-8308-B1F5-50C2-C6D0AE9382D4}.Release|Any CPU.ActiveCfg = Release|Any CPU
		{62001838-8308-B1F5-50C2-C6D0AE9382D4}.Release|Any CPU.Build.0 = Release|Any CPU
		{3D72263D-DB5D-93AF-15F2-D7F30974D90A}.Debug|Any CPU.ActiveCfg = Debug|Any CPU
		{3D72263D-DB5D-93AF-15F2-D7F30974D90A}.Debug|Any CPU.Build.0 = Debug|Any CPU
		{3D72263D-DB5D-93AF-15F2-D7F30974D90A}.Release|Any CPU.ActiveCfg = Release|Any CPU
		{3D72263D-DB5D-93AF-15F2-D7F30974D90A}.Release|Any CPU.Build.0 = Release|Any CPU
		{8D86B86F-AF4C-241F-D9C8-5E9914F2C10B}.Debug|Any CPU.ActiveCfg = Debug|Any CPU
		{8D86B86F-AF4C-241F-D9C8-5E9914F2C10B}.Debug|Any CPU.Build.0 = Debug|Any CPU
		{8D86B86F-AF4C-241F-D9C8-5E9914F2C10B}.Release|Any CPU.ActiveCfg = Release|Any CPU
		{8D86B86F-AF4C-241F-D9C8-5E9914F2C10B}.Release|Any CPU.Build.0 = Release|Any CPU
		{CA5B5FCA-4993-A6DA-1F3B-102CC8051ADE}.Debug|Any CPU.ActiveCfg = Debug|Any CPU
		{CA5B5FCA-4993-A6DA-1F3B-102CC8051ADE}.Debug|Any CPU.Build.0 = Debug|Any CPU
		{CA5B5FCA-4993-A6DA-1F3B-102CC8051ADE}.Release|Any CPU.ActiveCfg = Release|Any CPU
		{CA5B5FCA-4993-A6DA-1F3B-102CC8051ADE}.Release|Any CPU.Build.0 = Release|Any CPU
		{2E861DE3-A750-14CE-10C2-6CDCFE807831}.Debug|Any CPU.ActiveCfg = Debug|Any CPU
		{2E861DE3-A750-14CE-10C2-6CDCFE807831}.Debug|Any CPU.Build.0 = Debug|Any CPU
		{2E861DE3-A750-14CE-10C2-6CDCFE807831}.Release|Any CPU.ActiveCfg = Release|Any CPU
		{2E861DE3-A750-14CE-10C2-6CDCFE807831}.Release|Any CPU.Build.0 = Release|Any CPU
		{5752B894-222E-D5DA-688B-B612DCDDBB56}.Debug|Any CPU.ActiveCfg = Debug|Any CPU
		{5752B894-222E-D5DA-688B-B612DCDDBB56}.Debug|Any CPU.Build.0 = Debug|Any CPU
		{5752B894-222E-D5DA-688B-B612DCDDBB56}.Release|Any CPU.ActiveCfg = Release|Any CPU
		{5752B894-222E-D5DA-688B-B612DCDDBB56}.Release|Any CPU.Build.0 = Release|Any CPU
		{23A0725B-BCAC-5C45-DB09-80E975739A5E}.Debug|Any CPU.ActiveCfg = Debug|Any CPU
		{23A0725B-BCAC-5C45-DB09-80E975739A5E}.Debug|Any CPU.Build.0 = Debug|Any CPU
		{23A0725B-BCAC-5C45-DB09-80E975739A5E}.Release|Any CPU.ActiveCfg = Release|Any CPU
		{23A0725B-BCAC-5C45-DB09-80E975739A5E}.Release|Any CPU.Build.0 = Release|Any CPU
		{CD8C281E-224F-8579-F28D-C08670C3A49F}.Debug|Any CPU.ActiveCfg = Debug|Any CPU
		{CD8C281E-224F-8579-F28D-C08670C3A49F}.Debug|Any CPU.Build.0 = Debug|Any CPU
		{CD8C281E-224F-8579-F28D-C08670C3A49F}.Release|Any CPU.ActiveCfg = Release|Any CPU
		{CD8C281E-224F-8579-F28D-C08670C3A49F}.Release|Any CPU.Build.0 = Release|Any CPU
		{94FA1D84-1465-6218-77E2-8DD3ED3BC590}.Debug|Any CPU.ActiveCfg = Debug|Any CPU
		{94FA1D84-1465-6218-77E2-8DD3ED3BC590}.Debug|Any CPU.Build.0 = Debug|Any CPU
		{94FA1D84-1465-6218-77E2-8DD3ED3BC590}.Release|Any CPU.ActiveCfg = Release|Any CPU
		{94FA1D84-1465-6218-77E2-8DD3ED3BC590}.Release|Any CPU.Build.0 = Release|Any CPU
	EndGlobalSection
	GlobalSection(SolutionProperties) = preSolution
		HideSolutionNode = FALSE
	EndGlobalSection
	GlobalSection(ExtensibilityGlobals) = postSolution
		SolutionGuid = {272CABA7-ECE2-426E-912A-233C7FE1A558}
	EndGlobalSection
EndGlobal
