
Microsoft Visual Studio Solution File, Format Version 12.00
# Visual Studio Version 17
VisualStudioVersion = 17.5.33530.505
MinimumVisualStudioVersion = 10.0.40219.1
Project("{FAE04EC0-301F-11D3-BF4B-00C04F79EFBC}") = "HDA00100Console", "HDA00100Console\HDA00100Console.csproj", "{A971FBA4-9602-4AB7-9945-EC718CCB0599}"
EndProject
Global
	GlobalSection(SolutionConfigurationPlatforms) = preSolution
		Debug|Any CPU = Debug|Any CPU
		Release|Any CPU = Release|Any CPU
	EndGlobalSection
	GlobalSection(ProjectConfigurationPlatforms) = postSolution
		{A971FBA4-9602-4AB7-9945-EC718CCB0599}.Debug|Any CPU.ActiveCfg = Debug|Any CPU
		{A971FBA4-9602-4AB7-9945-EC718CCB0599}.Debug|Any CPU.Build.0 = Debug|Any CPU
		{A971FBA4-9602-4AB7-9945-EC718CCB0599}.Release|Any CPU.ActiveCfg = Release|Any CPU
		{A971FBA4-9602-4AB7-9945-EC718CCB0599}.Release|Any CPU.Build.0 = Release|Any CPU
	EndGlobalSection
	GlobalSection(SolutionProperties) = preSolution
		HideSolutionNode = FALSE
	EndGlobalSection
	GlobalSection(ExtensibilityGlobals) = postSolution
		SolutionGuid = {381F59EB-B7A2-4512-BB70-B9D4BCB5CACB}
	EndGlobalSection
EndGlobal
